{
  "version": 4,
  "terraform_version": "1.3.7",
  "serial": 1806,
  "lineage": "f05f5a65-c04a-f061-ba96-22f4faaa23b3",
  "outputs": {
    "aws_lb_public_dns": {
      "value": "web-app-lb-963138129.eu-west-2.elb.amazonaws.com",
      "type": "string"
    },
    "instance_ips": {
      "value": [
        "13.40.57.62",
        "3.8.161.193",
        "13.40.142.60"
      ],
      "type": [
        "tuple",
        [
          "string",
          "string",
          "string"
        ]
      ]
    }
  },
  "resources": [
    {
      "mode": "data",
      "type": "aws_ami",
      "name": "debian-11",
      "provider": "provider[\"registry.terraform.io/hashicorp/aws\"]",
      "instances": [
        {
          "schema_version": 0,
          "attributes": {
            "architecture": "x86_64",
            "arn": "arn:aws:ec2:eu-west-2::image/ami-0d93d81bb4899d4cf",
            "block_device_mappings": [
              {
                "device_name": "/dev/xvda",
                "ebs": {
                  "delete_on_termination": "true",
                  "encrypted": "false",
                  "iops": "0",
                  "snapshot_id": "snap-0b30c4cf408b5c959",
                  "throughput": "0",
                  "volume_size": "8",
                  "volume_type": "gp2"
                },
                "no_device": "",
                "virtual_name": ""
              }
            ],
            "boot_mode": "",
            "creation_date": "2023-01-24T17:11:31.000Z",
            "deprecation_time": "2025-01-24T17:11:31.000Z",
            "description": "Debian 11 (20230124-1270)",
            "ena_support": true,
            "executable_users": null,
            "filter": [
              {
                "name": "name",
                "values": [
                  "debian-11-amd64-*"
                ]
              },
              {
                "name": "root-device-type",
                "values": [
                  "ebs"
                ]
              },
              {
                "name": "virtualization-type",
                "values": [
                  "hvm"
                ]
              }
            ],
            "hypervisor": "xen",
            "id": "ami-0d93d81bb4899d4cf",
            "image_id": "ami-0d93d81bb4899d4cf",
            "image_location": "amazon/debian-11-amd64-20230124-1270",
            "image_owner_alias": "amazon",
            "image_type": "machine",
            "imds_support": "",
            "include_deprecated": false,
            "kernel_id": "",
            "most_recent": true,
            "name": "debian-11-amd64-20230124-1270",
            "name_regex": null,
            "owner_id": "136693071363",
            "owners": [
              "136693071363"
            ],
            "platform": "",
            "platform_details": "Linux/UNIX",
            "product_codes": [],
            "public": true,
            "ramdisk_id": "",
            "root_device_name": "/dev/xvda",
            "root_device_type": "ebs",
            "root_snapshot_id": "snap-0b30c4cf408b5c959",
            "sriov_net_support": "simple",
            "state": "available",
            "state_reason": {
              "code": "UNSET",
              "message": "UNSET"
            },
            "tags": {},
            "timeouts": null,
            "tpm_support": "",
            "usage_operation": "RunInstances",
            "virtualization_type": "hvm"
          },
          "sensitive_attributes": []
        }
      ]
    },
    {
      "mode": "data",
      "type": "aws_availability_zones",
      "name": "available",
      "provider": "provider[\"registry.terraform.io/hashicorp/aws\"]",
      "instances": [
        {
          "schema_version": 0,
          "attributes": {
            "all_availability_zones": null,
            "exclude_names": null,
            "exclude_zone_ids": null,
            "filter": null,
            "group_names": [
              "eu-west-2"
            ],
            "id": "eu-west-2",
            "names": [
              "eu-west-2a",
              "eu-west-2b",
              "eu-west-2c"
            ],
            "state": "available",
            "timeouts": null,
            "zone_ids": [
              "euw2-az2",
              "euw2-az3",
              "euw2-az1"
            ]
          },
          "sensitive_attributes": []
        }
      ]
    },
    {
      "mode": "managed",
      "type": "aws_instance",
      "name": "web_server",
      "provider": "provider[\"registry.terraform.io/hashicorp/aws\"]",
      "instances": [
        {
          "index_key": 0,
          "schema_version": 1,
          "attributes": {
            "ami": "ami-0d93d81bb4899d4cf",
            "arn": "arn:aws:ec2:eu-west-2:367182624298:instance/i-04e0f9f0faef5f3bd",
            "associate_public_ip_address": true,
            "availability_zone": "eu-west-2a",
            "capacity_reservation_specification": [
              {
                "capacity_reservation_preference": "open",
                "capacity_reservation_target": []
              }
            ],
            "cpu_core_count": 1,
            "cpu_threads_per_core": 1,
            "credit_specification": [
              {
                "cpu_credits": "standard"
              }
            ],
            "disable_api_stop": false,
            "disable_api_termination": false,
            "ebs_block_device": [],
            "ebs_optimized": false,
            "enclave_options": [
              {
                "enabled": false
              }
            ],
            "ephemeral_block_device": [],
            "get_password_data": false,
            "hibernation": false,
            "host_id": "",
            "host_resource_group_arn": null,
            "iam_instance_profile": "",
            "id": "i-04e0f9f0faef5f3bd",
            "instance_initiated_shutdown_behavior": "stop",
            "instance_state": "running",
            "instance_type": "t2.micro",
            "ipv6_address_count": 0,
            "ipv6_addresses": [],
            "key_name": "aws-key-pair",
            "launch_template": [],
            "maintenance_options": [
              {
                "auto_recovery": "default"
              }
            ],
            "metadata_options": [
              {
                "http_endpoint": "enabled",
                "http_put_response_hop_limit": 1,
                "http_tokens": "optional",
                "instance_metadata_tags": "disabled"
              }
            ],
            "monitoring": false,
            "network_interface": [],
            "outpost_arn": "",
            "password_data": "",
            "placement_group": "",
            "placement_partition_number": 0,
            "primary_network_interface_id": "eni-02da1a0a708c71e39",
            "private_dns": "ip-10-0-0-173.eu-west-2.compute.internal",
            "private_dns_name_options": [
              {
                "enable_resource_name_dns_a_record": false,
                "enable_resource_name_dns_aaaa_record": false,
                "hostname_type": "ip-name"
              }
            ],
            "private_ip": "10.0.0.173",
            "public_dns": "ec2-13-40-57-62.eu-west-2.compute.amazonaws.com",
            "public_ip": "13.40.57.62",
            "root_block_device": [
              {
                "delete_on_termination": true,
                "device_name": "/dev/xvda",
                "encrypted": false,
                "iops": 100,
                "kms_key_id": "",
                "tags": {},
                "throughput": 0,
                "volume_id": "vol-04f47e20eae4b622d",
                "volume_size": 8,
                "volume_type": "gp2"
              }
            ],
            "secondary_private_ips": [],
            "security_groups": [],
            "source_dest_check": true,
            "subnet_id": "subnet-04c00933ccf2fa7c8",
            "tags": {
              "billing_code": "ACT8675309",
              "company": "Philmatrix",
              "project": "Philmatrix-web-app"
            },
            "tags_all": {
              "billing_code": "ACT8675309",
              "company": "Philmatrix",
              "project": "Philmatrix-web-app"
            },
            "tenancy": "default",
            "timeouts": null,
            "user_data": null,
            "user_data_base64": null,
            "user_data_replace_on_change": false,
            "volume_tags": null,
            "vpc_security_group_ids": [
              "sg-0c5354ad3df2919d3"
            ]
          },
          "sensitive_attributes": [],
          "private": "eyJlMmJmYjczMC1lY2FhLTExZTYtOGY4OC0zNDM2M2JjN2M0YzAiOnsiY3JlYXRlIjo2MDAwMDAwMDAwMDAsImRlbGV0ZSI6MTIwMDAwMDAwMDAwMCwidXBkYXRlIjo2MDAwMDAwMDAwMDB9LCJzY2hlbWFfdmVyc2lvbiI6IjEifQ==",
          "dependencies": [
            "aws_key_pair.key_pair",
            "aws_security_group.apache-sg",
            "aws_subnet.subnet",
            "aws_vpc.vpc",
            "data.aws_ami.debian-11",
            "data.aws_availability_zones.available",
            "tls_private_key.key_pair"
          ]
        },
        {
          "index_key": 1,
          "schema_version": 1,
          "attributes": {
            "ami": "ami-0d93d81bb4899d4cf",
            "arn": "arn:aws:ec2:eu-west-2:367182624298:instance/i-0afb6b2ff83f80775",
            "associate_public_ip_address": true,
            "availability_zone": "eu-west-2b",
            "capacity_reservation_specification": [
              {
                "capacity_reservation_preference": "open",
                "capacity_reservation_target": []
              }
            ],
            "cpu_core_count": 1,
            "cpu_threads_per_core": 1,
            "credit_specification": [
              {
                "cpu_credits": "standard"
              }
            ],
            "disable_api_stop": false,
            "disable_api_termination": false,
            "ebs_block_device": [],
            "ebs_optimized": false,
            "enclave_options": [
              {
                "enabled": false
              }
            ],
            "ephemeral_block_device": [],
            "get_password_data": false,
            "hibernation": false,
            "host_id": "",
            "host_resource_group_arn": null,
            "iam_instance_profile": "",
            "id": "i-0afb6b2ff83f80775",
            "instance_initiated_shutdown_behavior": "stop",
            "instance_state": "running",
            "instance_type": "t2.micro",
            "ipv6_address_count": 0,
            "ipv6_addresses": [],
            "key_name": "aws-key-pair",
            "launch_template": [],
            "maintenance_options": [
              {
                "auto_recovery": "default"
              }
            ],
            "metadata_options": [
              {
                "http_endpoint": "enabled",
                "http_put_response_hop_limit": 1,
                "http_tokens": "optional",
                "instance_metadata_tags": "disabled"
              }
            ],
            "monitoring": false,
            "network_interface": [],
            "outpost_arn": "",
            "password_data": "",
            "placement_group": "",
            "placement_partition_number": 0,
            "primary_network_interface_id": "eni-011ed884a75a76863",
            "private_dns": "ip-10-0-1-29.eu-west-2.compute.internal",
            "private_dns_name_options": [
              {
                "enable_resource_name_dns_a_record": false,
                "enable_resource_name_dns_aaaa_record": false,
                "hostname_type": "ip-name"
              }
            ],
            "private_ip": "10.0.1.29",
            "public_dns": "ec2-3-8-161-193.eu-west-2.compute.amazonaws.com",
            "public_ip": "3.8.161.193",
            "root_block_device": [
              {
                "delete_on_termination": true,
                "device_name": "/dev/xvda",
                "encrypted": false,
                "iops": 100,
                "kms_key_id": "",
                "tags": {},
                "throughput": 0,
                "volume_id": "vol-0171884f06298babf",
                "volume_size": 8,
                "volume_type": "gp2"
              }
            ],
            "secondary_private_ips": [],
            "security_groups": [],
            "source_dest_check": true,
            "subnet_id": "subnet-0c64a428e7a0db762",
            "tags": {
              "billing_code": "ACT8675309",
              "company": "Philmatrix",
              "project": "Philmatrix-web-app"
            },
            "tags_all": {
              "billing_code": "ACT8675309",
              "company": "Philmatrix",
              "project": "Philmatrix-web-app"
            },
            "tenancy": "default",
            "timeouts": null,
            "user_data": null,
            "user_data_base64": null,
            "user_data_replace_on_change": false,
            "volume_tags": null,
            "vpc_security_group_ids": [
              "sg-0c5354ad3df2919d3"
            ]
          },
          "sensitive_attributes": [],
          "private": "eyJlMmJmYjczMC1lY2FhLTExZTYtOGY4OC0zNDM2M2JjN2M0YzAiOnsiY3JlYXRlIjo2MDAwMDAwMDAwMDAsImRlbGV0ZSI6MTIwMDAwMDAwMDAwMCwidXBkYXRlIjo2MDAwMDAwMDAwMDB9LCJzY2hlbWFfdmVyc2lvbiI6IjEifQ==",
          "dependencies": [
            "aws_key_pair.key_pair",
            "aws_security_group.apache-sg",
            "aws_subnet.subnet",
            "aws_vpc.vpc",
            "data.aws_ami.debian-11",
            "data.aws_availability_zones.available",
            "tls_private_key.key_pair"
          ]
        },
        {
          "index_key": 2,
          "schema_version": 1,
          "attributes": {
            "ami": "ami-0d93d81bb4899d4cf",
            "arn": "arn:aws:ec2:eu-west-2:367182624298:instance/i-013fd6c4093ed4225",
            "associate_public_ip_address": true,
            "availability_zone": "eu-west-2c",
            "capacity_reservation_specification": [
              {
                "capacity_reservation_preference": "open",
                "capacity_reservation_target": []
              }
            ],
            "cpu_core_count": 1,
            "cpu_threads_per_core": 1,
            "credit_specification": [
              {
                "cpu_credits": "standard"
              }
            ],
            "disable_api_stop": false,
            "disable_api_termination": false,
            "ebs_block_device": [],
            "ebs_optimized": false,
            "enclave_options": [
              {
                "enabled": false
              }
            ],
            "ephemeral_block_device": [],
            "get_password_data": false,
            "hibernation": false,
            "host_id": "",
            "host_resource_group_arn": null,
            "iam_instance_profile": "",
            "id": "i-013fd6c4093ed4225",
            "instance_initiated_shutdown_behavior": "stop",
            "instance_state": "running",
            "instance_type": "t2.micro",
            "ipv6_address_count": 0,
            "ipv6_addresses": [],
            "key_name": "aws-key-pair",
            "launch_template": [],
            "maintenance_options": [
              {
                "auto_recovery": "default"
              }
            ],
            "metadata_options": [
              {
                "http_endpoint": "enabled",
                "http_put_response_hop_limit": 1,
                "http_tokens": "optional",
                "instance_metadata_tags": "disabled"
              }
            ],
            "monitoring": false,
            "network_interface": [],
            "outpost_arn": "",
            "password_data": "",
            "placement_group": "",
            "placement_partition_number": 0,
            "primary_network_interface_id": "eni-00fcce5f9d1b91e31",
            "private_dns": "ip-10-0-2-223.eu-west-2.compute.internal",
            "private_dns_name_options": [
              {
                "enable_resource_name_dns_a_record": false,
                "enable_resource_name_dns_aaaa_record": false,
                "hostname_type": "ip-name"
              }
            ],
            "private_ip": "10.0.2.223",
            "public_dns": "ec2-13-40-142-60.eu-west-2.compute.amazonaws.com",
            "public_ip": "13.40.142.60",
            "root_block_device": [
              {
                "delete_on_termination": true,
                "device_name": "/dev/xvda",
                "encrypted": false,
                "iops": 100,
                "kms_key_id": "",
                "tags": {},
                "throughput": 0,
                "volume_id": "vol-03571924dea2edf8c",
                "volume_size": 8,
                "volume_type": "gp2"
              }
            ],
            "secondary_private_ips": [],
            "security_groups": [],
            "source_dest_check": true,
            "subnet_id": "subnet-0d433ff488d6df2bd",
            "tags": {
              "billing_code": "ACT8675309",
              "company": "Philmatrix",
              "project": "Philmatrix-web-app"
            },
            "tags_all": {
              "billing_code": "ACT8675309",
              "company": "Philmatrix",
              "project": "Philmatrix-web-app"
            },
            "tenancy": "default",
            "timeouts": null,
            "user_data": null,
            "user_data_base64": null,
            "user_data_replace_on_change": false,
            "volume_tags": null,
            "vpc_security_group_ids": [
              "sg-0c5354ad3df2919d3"
            ]
          },
          "sensitive_attributes": [],
          "private": "eyJlMmJmYjczMC1lY2FhLTExZTYtOGY4OC0zNDM2M2JjN2M0YzAiOnsiY3JlYXRlIjo2MDAwMDAwMDAwMDAsImRlbGV0ZSI6MTIwMDAwMDAwMDAwMCwidXBkYXRlIjo2MDAwMDAwMDAwMDB9LCJzY2hlbWFfdmVyc2lvbiI6IjEifQ==",
          "dependencies": [
            "aws_key_pair.key_pair",
            "aws_security_group.apache-sg",
            "aws_subnet.subnet",
            "aws_vpc.vpc",
            "data.aws_ami.debian-11",
            "data.aws_availability_zones.available",
            "tls_private_key.key_pair"
          ]
        }
      ]
    },
    {
      "mode": "managed",
      "type": "aws_internet_gateway",
      "name": "igw",
      "provider": "provider[\"registry.terraform.io/hashicorp/aws\"]",
      "instances": [
        {
          "schema_version": 0,
          "attributes": {
            "arn": "arn:aws:ec2:eu-west-2:367182624298:internet-gateway/igw-05123e7ba570d0319",
            "id": "igw-05123e7ba570d0319",
            "owner_id": "367182624298",
            "tags": {
              "billing_code": "ACT8675309",
              "company": "Philmatrix",
              "project": "Philmatrix-web-app"
            },
            "tags_all": {
              "billing_code": "ACT8675309",
              "company": "Philmatrix",
              "project": "Philmatrix-web-app"
            },
            "timeouts": null,
            "vpc_id": "vpc-0ceb014ceef5b408c"
          },
          "sensitive_attributes": [],
          "private": "eyJlMmJmYjczMC1lY2FhLTExZTYtOGY4OC0zNDM2M2JjN2M0YzAiOnsiY3JlYXRlIjoxMjAwMDAwMDAwMDAwLCJkZWxldGUiOjEyMDAwMDAwMDAwMDAsInVwZGF0ZSI6MTIwMDAwMDAwMDAwMH19",
          "dependencies": [
            "aws_vpc.vpc"
          ]
        }
      ]
    },
    {
      "mode": "managed",
      "type": "aws_key_pair",
      "name": "key_pair",
      "provider": "provider[\"registry.terraform.io/hashicorp/aws\"]",
      "instances": [
        {
          "schema_version": 1,
          "attributes": {
            "arn": "arn:aws:ec2:eu-west-2:367182624298:key-pair/aws-key-pair",
            "fingerprint": "02:e7:2c:90:04:b4:a7:97:84:c5:98:6e:84:c7:03:d0",
            "id": "aws-key-pair",
            "key_name": "aws-key-pair",
            "key_name_prefix": "",
            "key_pair_id": "key-02a045e0d8c611054",
            "key_type": "rsa",
            "public_key": "ssh-rsa AAAAB3NzaC1yc2EAAAADAQABAAACAQDQLk1Ts0vg+Nh+j5stfWLqpu2Ru0WNgM76rJXj+TtVf7h95ROEejuRHk/3IOtORfJ4/1M54ni3uxEpJqvvsGewkL5RBrkl70AH4nxSy271zRhQDGsH26KHFA5TYLgRhJphbOjwahU4+ha5y7DQFjBAHxv+AQAA+zBMRXPELOPol/7+AO7BHtElOoR7uiuQPtC+Xox+gBfqCjX8TraczD8ORt1OW8bJsAppL/A0/+jg39SJS/spMQQV3Ns38FIR7wNCBaP81xas/aY03FnQ51X0GVLx1ouGAeQ2xyqY5+QSogZICSfDF+TUvU92B7vLHw0job3F2ti0JFCdE/RCkan1e9+iI35kPvteTwJBBKHe5SHgdAY4eg9uMXdtAQwIZdb7FkY+d07m6Dg8vl2x8jPgA7J77cjZVlraohNnuXrRPKzeLeE1yGwhIAh297VhvVqyy1l+t9gcvkHwTduu3aImDz/fd3I3vpPqSS3bT9JKrBoROuC8F6SqVXouoERpHdfG5zW4pBCjlEC+ozgO6b4yJvihpNPhLjwjGu57oG9x1LQOVplG3NvuvnGv1dntdD/qPLtDaMRvXBoFLR0hg0OFWVW+7b1tathrJjMQFiZbZZvwUih2EQCThYJNXJ5x/ZFBVlD9Lkc0eS4RFs0GmqPE9N785yia9tRUiyoognS+Kw==",
            "tags": null,
            "tags_all": {}
          },
          "sensitive_attributes": [],
          "private": "eyJzY2hlbWFfdmVyc2lvbiI6IjEifQ==",
          "dependencies": [
            "tls_private_key.key_pair"
          ]
        }
      ]
    },
    {
      "mode": "managed",
      "type": "aws_lb",
      "name": "apache",
      "provider": "provider[\"registry.terraform.io/hashicorp/aws\"]",
      "instances": [
        {
          "schema_version": 0,
          "attributes": {
            "access_logs": [
              {
                "bucket": "",
                "enabled": false,
                "prefix": ""
              }
            ],
            "arn": "arn:aws:elasticloadbalancing:eu-west-2:367182624298:loadbalancer/app/web-app-lb/a4158cb47edf99ac",
            "arn_suffix": "app/web-app-lb/a4158cb47edf99ac",
            "customer_owned_ipv4_pool": "",
            "desync_mitigation_mode": "defensive",
            "dns_name": "web-app-lb-963138129.eu-west-2.elb.amazonaws.com",
            "drop_invalid_header_fields": false,
            "enable_cross_zone_load_balancing": true,
            "enable_deletion_protection": false,
            "enable_http2": true,
            "enable_waf_fail_open": false,
            "id": "arn:aws:elasticloadbalancing:eu-west-2:367182624298:loadbalancer/app/web-app-lb/a4158cb47edf99ac",
            "idle_timeout": 60,
            "internal": false,
            "ip_address_type": "ipv4",
            "load_balancer_type": "application",
            "name": "web-app-lb",
            "name_prefix": null,
            "preserve_host_header": false,
            "security_groups": [
              "sg-0f115b6052092270d"
            ],
            "subnet_mapping": [
              {
                "allocation_id": "",
                "ipv6_address": "",
                "outpost_id": "",
                "private_ipv4_address": "",
                "subnet_id": "subnet-04c00933ccf2fa7c8"
              },
              {
                "allocation_id": "",
                "ipv6_address": "",
                "outpost_id": "",
                "private_ipv4_address": "",
                "subnet_id": "subnet-0c64a428e7a0db762"
              },
              {
                "allocation_id": "",
                "ipv6_address": "",
                "outpost_id": "",
                "private_ipv4_address": "",
                "subnet_id": "subnet-0d433ff488d6df2bd"
              }
            ],
            "subnets": [
              "subnet-04c00933ccf2fa7c8",
              "subnet-0c64a428e7a0db762",
              "subnet-0d433ff488d6df2bd"
            ],
            "tags": {
              "billing_code": "ACT8675309",
              "company": "Philmatrix",
              "project": "Philmatrix-web-app"
            },
            "tags_all": {
              "billing_code": "ACT8675309",
              "company": "Philmatrix",
              "project": "Philmatrix-web-app"
            },
            "timeouts": null,
            "vpc_id": "vpc-0ceb014ceef5b408c",
            "zone_id": "ZHURV8PSTC4K8"
          },
          "sensitive_attributes": [],
          "private": "eyJlMmJmYjczMC1lY2FhLTExZTYtOGY4OC0zNDM2M2JjN2M0YzAiOnsiY3JlYXRlIjo2MDAwMDAwMDAwMDAsImRlbGV0ZSI6NjAwMDAwMDAwMDAwLCJ1cGRhdGUiOjYwMDAwMDAwMDAwMH19",
          "dependencies": [
            "aws_security_group.lb-sg",
            "aws_subnet.subnet",
            "aws_vpc.vpc",
            "data.aws_availability_zones.available"
          ]
        }
      ]
    },
    {
      "mode": "managed",
      "type": "aws_lb_listener",
      "name": "apache_lb_listener",
      "provider": "provider[\"registry.terraform.io/hashicorp/aws\"]",
      "instances": [
        {
          "schema_version": 0,
          "attributes": {
            "alpn_policy": null,
            "arn": "arn:aws:elasticloadbalancing:eu-west-2:367182624298:listener/app/web-app-lb/a4158cb47edf99ac/1320a7a37e8feca7",
            "certificate_arn": null,
            "default_action": [
              {
                "authenticate_cognito": [],
                "authenticate_oidc": [],
                "fixed_response": [],
                "forward": [],
                "order": 1,
                "redirect": [],
                "target_group_arn": "arn:aws:elasticloadbalancing:eu-west-2:367182624298:targetgroup/web-app-lb-tg/b0fca65428f4835b",
                "type": "forward"
              }
            ],
            "id": "arn:aws:elasticloadbalancing:eu-west-2:367182624298:listener/app/web-app-lb/a4158cb47edf99ac/1320a7a37e8feca7",
            "load_balancer_arn": "arn:aws:elasticloadbalancing:eu-west-2:367182624298:loadbalancer/app/web-app-lb/a4158cb47edf99ac",
            "port": 80,
            "protocol": "HTTP",
            "ssl_policy": "",
            "tags": {
              "billing_code": "ACT8675309",
              "company": "Philmatrix",
              "project": "Philmatrix-web-app"
            },
            "tags_all": {
              "billing_code": "ACT8675309",
              "company": "Philmatrix",
              "project": "Philmatrix-web-app"
            },
            "timeouts": null
          },
          "sensitive_attributes": [],
          "private": "eyJlMmJmYjczMC1lY2FhLTExZTYtOGY4OC0zNDM2M2JjN2M0YzAiOnsicmVhZCI6NjAwMDAwMDAwMDAwfX0=",
          "dependencies": [
            "aws_lb.apache",
            "aws_lb_target_group.apache_lb_tg",
            "aws_security_group.lb-sg",
            "aws_subnet.subnet",
            "aws_vpc.vpc",
            "data.aws_availability_zones.available"
          ]
        }
      ]
    },
    {
      "mode": "managed",
      "type": "aws_lb_target_group",
      "name": "apache_lb_tg",
      "provider": "provider[\"registry.terraform.io/hashicorp/aws\"]",
      "instances": [
        {
          "schema_version": 0,
          "attributes": {
            "arn": "arn:aws:elasticloadbalancing:eu-west-2:367182624298:targetgroup/web-app-lb-tg/b0fca65428f4835b",
            "arn_suffix": "targetgroup/web-app-lb-tg/b0fca65428f4835b",
            "connection_termination": false,
            "deregistration_delay": "300",
            "health_check": [
              {
                "enabled": true,
                "healthy_threshold": 5,
                "interval": 30,
                "matcher": "200",
                "path": "/",
                "port": "traffic-port",
                "protocol": "HTTP",
                "timeout": 5,
                "unhealthy_threshold": 2
              }
            ],
            "id": "arn:aws:elasticloadbalancing:eu-west-2:367182624298:targetgroup/web-app-lb-tg/b0fca65428f4835b",
            "ip_address_type": "ipv4",
            "lambda_multi_value_headers_enabled": false,
            "load_balancing_algorithm_type": "round_robin",
            "name": "web-app-lb-tg",
            "name_prefix": null,
            "port": 80,
            "preserve_client_ip": null,
            "protocol": "HTTP",
            "protocol_version": "HTTP1",
            "proxy_protocol_v2": false,
            "slow_start": 0,
            "stickiness": [
              {
                "cookie_duration": 86400,
                "cookie_name": "",
                "enabled": false,
                "type": "lb_cookie"
              }
            ],
            "tags": {
              "billing_code": "ACT8675309",
              "company": "Philmatrix",
              "project": "Philmatrix-web-app"
            },
            "tags_all": {
              "billing_code": "ACT8675309",
              "company": "Philmatrix",
              "project": "Philmatrix-web-app"
            },
            "target_failover": [
              {
                "on_deregistration": null,
                "on_unhealthy": null
              }
            ],
            "target_type": "instance",
            "vpc_id": "vpc-0ceb014ceef5b408c"
          },
          "sensitive_attributes": [],
          "private": "bnVsbA==",
          "dependencies": [
            "aws_vpc.vpc"
          ]
        }
      ]
    },
    {
      "mode": "managed",
      "type": "aws_lb_target_group_attachment",
      "name": "web_server",
      "provider": "provider[\"registry.terraform.io/hashicorp/aws\"]",
      "instances": [
        {
          "index_key": 0,
          "schema_version": 0,
          "attributes": {
            "availability_zone": null,
            "id": "arn:aws:elasticloadbalancing:eu-west-2:367182624298:targetgroup/web-app-lb-tg/b0fca65428f4835b-20230212002620188600000006",
            "port": 80,
            "target_group_arn": "arn:aws:elasticloadbalancing:eu-west-2:367182624298:targetgroup/web-app-lb-tg/b0fca65428f4835b",
            "target_id": "i-04e0f9f0faef5f3bd"
          },
          "sensitive_attributes": [],
          "private": "bnVsbA==",
          "dependencies": [
            "aws_instance.web_server",
            "aws_key_pair.key_pair",
            "aws_lb_target_group.apache_lb_tg",
            "aws_security_group.apache-sg",
            "aws_subnet.subnet",
            "aws_vpc.vpc",
            "data.aws_ami.debian-11",
            "data.aws_availability_zones.available",
            "tls_private_key.key_pair"
          ]
        },
        {
          "index_key": 1,
          "schema_version": 0,
          "attributes": {
            "availability_zone": null,
            "id": "arn:aws:elasticloadbalancing:eu-west-2:367182624298:targetgroup/web-app-lb-tg/b0fca65428f4835b-20230212002619971800000005",
            "port": 80,
            "target_group_arn": "arn:aws:elasticloadbalancing:eu-west-2:367182624298:targetgroup/web-app-lb-tg/b0fca65428f4835b",
            "target_id": "i-0afb6b2ff83f80775"
          },
          "sensitive_attributes": [],
          "private": "bnVsbA==",
          "dependencies": [
            "aws_instance.web_server",
            "aws_key_pair.key_pair",
            "aws_lb_target_group.apache_lb_tg",
            "aws_security_group.apache-sg",
            "aws_subnet.subnet",
            "aws_vpc.vpc",
            "data.aws_ami.debian-11",
            "data.aws_availability_zones.available",
            "tls_private_key.key_pair"
          ]
        },
        {
          "index_key": 2,
          "schema_version": 0,
          "attributes": {
            "availability_zone": null,
            "id": "arn:aws:elasticloadbalancing:eu-west-2:367182624298:targetgroup/web-app-lb-tg/b0fca65428f4835b-20230212002620415700000007",
            "port": 80,
            "target_group_arn": "arn:aws:elasticloadbalancing:eu-west-2:367182624298:targetgroup/web-app-lb-tg/b0fca65428f4835b",
            "target_id": "i-013fd6c4093ed4225"
          },
          "sensitive_attributes": [],
          "private": "bnVsbA==",
          "dependencies": [
            "aws_instance.web_server",
            "aws_key_pair.key_pair",
            "aws_lb_target_group.apache_lb_tg",
            "aws_security_group.apache-sg",
            "aws_subnet.subnet",
            "aws_vpc.vpc",
            "data.aws_ami.debian-11",
            "data.aws_availability_zones.available",
            "tls_private_key.key_pair"
          ]
        }
      ]
    },
    {
      "mode": "managed",
      "type": "aws_route53_record",
      "name": "apache",
      "provider": "provider[\"registry.terraform.io/hashicorp/aws\"]",
      "instances": [
        {
          "schema_version": 2,
          "attributes": {
            "alias": [
              {
                "evaluate_target_health": true,
                "name": "web-app-lb-963138129.eu-west-2.elb.amazonaws.com",
                "zone_id": "ZHURV8PSTC4K8"
              }
            ],
            "allow_overwrite": null,
            "failover_routing_policy": [],
            "fqdn": "philipnwachukwu.ml",
            "geolocation_routing_policy": [],
            "health_check_id": null,
            "id": "Z05342602T219EMMDT10D_philipnwachukwu.ml_A",
            "latency_routing_policy": [],
            "multivalue_answer_routing_policy": null,
            "name": "philipnwachukwu.ml",
            "records": null,
            "set_identifier": null,
            "ttl": null,
            "type": "A",
            "weighted_routing_policy": [],
            "zone_id": "Z05342602T219EMMDT10D"
          },
          "sensitive_attributes": [],
          "private": "eyJzY2hlbWFfdmVyc2lvbiI6IjIifQ==",
          "dependencies": [
            "aws_lb.apache",
            "aws_route53_zone.apache",
            "aws_security_group.lb-sg",
            "aws_subnet.subnet",
            "aws_vpc.vpc",
            "data.aws_availability_zones.available"
          ]
        }
      ]
    },
    {
      "mode": "managed",
      "type": "aws_route53_record",
      "name": "ns",
      "provider": "provider[\"registry.terraform.io/hashicorp/aws\"]",
      "instances": [
        {
          "schema_version": 2,
          "attributes": {
            "alias": [],
            "allow_overwrite": true,
            "failover_routing_policy": [],
            "fqdn": "philipnwachukwu.ml",
            "geolocation_routing_policy": [],
            "health_check_id": null,
            "id": "Z05342602T219EMMDT10D_philipnwachukwu.ml_NS",
            "latency_routing_policy": [],
            "multivalue_answer_routing_policy": null,
            "name": "philipnwachukwu.ml",
            "records": [
              "ns-1034.awsdns-01.org",
              "ns-1698.awsdns-20.co.uk",
              "ns-337.awsdns-42.com",
              "ns-882.awsdns-46.net"
            ],
            "set_identifier": null,
            "ttl": 172800,
            "type": "NS",
            "weighted_routing_policy": [],
            "zone_id": "Z05342602T219EMMDT10D"
          },
          "sensitive_attributes": [],
          "private": "eyJzY2hlbWFfdmVyc2lvbiI6IjIifQ==",
          "dependencies": [
            "aws_route53_zone.apache"
          ]
        }
      ]
    },
    {
      "mode": "managed",
      "type": "aws_route53_record",
      "name": "terraform-test",
      "provider": "provider[\"registry.terraform.io/hashicorp/aws\"]",
      "instances": [
        {
          "schema_version": 2,
          "attributes": {
            "alias": [
              {
                "evaluate_target_health": true,
                "name": "web-app-lb-963138129.eu-west-2.elb.amazonaws.com",
                "zone_id": "ZHURV8PSTC4K8"
              }
            ],
            "allow_overwrite": null,
            "failover_routing_policy": [],
            "fqdn": "terraform-test.philipnwachukwu.ml",
            "geolocation_routing_policy": [],
            "health_check_id": null,
            "id": "Z05342602T219EMMDT10D_terraform-test.philipnwachukwu.ml_A",
            "latency_routing_policy": [],
            "multivalue_answer_routing_policy": null,
            "name": "terraform-test.philipnwachukwu.ml",
            "records": null,
            "set_identifier": null,
            "ttl": null,
            "type": "A",
            "weighted_routing_policy": [],
            "zone_id": "Z05342602T219EMMDT10D"
          },
          "sensitive_attributes": [],
          "private": "eyJzY2hlbWFfdmVyc2lvbiI6IjIifQ==",
          "dependencies": [
            "aws_lb.apache",
            "aws_route53_zone.apache",
            "aws_security_group.lb-sg",
            "aws_subnet.subnet",
            "aws_vpc.vpc",
            "data.aws_availability_zones.available"
          ]
        }
      ]
    },
    {
      "mode": "managed",
      "type": "aws_route53_record",
      "name": "www",
      "provider": "provider[\"registry.terraform.io/hashicorp/aws\"]",
      "instances": [
        {
          "schema_version": 2,
          "attributes": {
            "alias": [],
            "allow_overwrite": null,
            "failover_routing_policy": [],
            "fqdn": "www.philipnwachukwu.ml",
            "geolocation_routing_policy": [],
            "health_check_id": null,
            "id": "Z05342602T219EMMDT10D_www.philipnwachukwu.ml_CNAME",
            "latency_routing_policy": [],
            "multivalue_answer_routing_policy": null,
            "name": "www.philipnwachukwu.ml",
            "records": [
              "web-app-lb-963138129.eu-west-2.elb.amazonaws.com"
            ],
            "set_identifier": null,
            "ttl": 3600,
            "type": "CNAME",
            "weighted_routing_policy": [],
            "zone_id": "Z05342602T219EMMDT10D"
          },
          "sensitive_attributes": [],
          "private": "eyJzY2hlbWFfdmVyc2lvbiI6IjIifQ==",
          "dependencies": [
            "aws_lb.apache",
            "aws_route53_zone.apache",
            "aws_security_group.lb-sg",
            "aws_subnet.subnet",
            "aws_vpc.vpc",
            "data.aws_availability_zones.available"
          ]
        }
      ]
    },
    {
      "mode": "managed",
      "type": "aws_route53_zone",
      "name": "apache",
      "provider": "provider[\"registry.terraform.io/hashicorp/aws\"]",
      "instances": [
        {
          "schema_version": 0,
          "attributes": {
            "arn": "arn:aws:route53:::hostedzone/Z05342602T219EMMDT10D",
            "comment": "Managed by Terraform",
            "delegation_set_id": "",
            "force_destroy": false,
            "id": "Z05342602T219EMMDT10D",
            "name": "philipnwachukwu.ml",
            "name_servers": [
              "ns-1034.awsdns-01.org",
              "ns-1698.awsdns-20.co.uk",
              "ns-337.awsdns-42.com",
              "ns-882.awsdns-46.net"
            ],
            "primary_name_server": "ns-337.awsdns-42.com",
            "tags": null,
            "tags_all": {},
            "vpc": [],
            "zone_id": "Z05342602T219EMMDT10D"
          },
          "sensitive_attributes": [],
          "private": "bnVsbA=="
        }
      ]
    },
    {
      "mode": "managed",
      "type": "aws_route_table",
      "name": "rtb",
      "provider": "provider[\"registry.terraform.io/hashicorp/aws\"]",
      "instances": [
        {
          "schema_version": 0,
          "attributes": {
            "arn": "arn:aws:ec2:eu-west-2:367182624298:route-table/rtb-0b1ce989f70508699",
            "id": "rtb-0b1ce989f70508699",
            "owner_id": "367182624298",
            "propagating_vgws": [],
            "route": [
              {
                "carrier_gateway_id": "",
                "cidr_block": "0.0.0.0/0",
                "core_network_arn": "",
                "destination_prefix_list_id": "",
                "egress_only_gateway_id": "",
                "gateway_id": "igw-05123e7ba570d0319",
                "instance_id": "",
                "ipv6_cidr_block": "",
                "local_gateway_id": "",
                "nat_gateway_id": "",
                "network_interface_id": "",
                "transit_gateway_id": "",
                "vpc_endpoint_id": "",
                "vpc_peering_connection_id": ""
              }
            ],
            "tags": {
              "billing_code": "ACT8675309",
              "company": "Philmatrix",
              "project": "Philmatrix-web-app"
            },
            "tags_all": {
              "billing_code": "ACT8675309",
              "company": "Philmatrix",
              "project": "Philmatrix-web-app"
            },
            "timeouts": null,
            "vpc_id": "vpc-0ceb014ceef5b408c"
          },
          "sensitive_attributes": [],
          "private": "eyJlMmJmYjczMC1lY2FhLTExZTYtOGY4OC0zNDM2M2JjN2M0YzAiOnsiY3JlYXRlIjozMDAwMDAwMDAwMDAsImRlbGV0ZSI6MzAwMDAwMDAwMDAwLCJ1cGRhdGUiOjEyMDAwMDAwMDAwMH19",
          "dependencies": [
            "aws_internet_gateway.igw",
            "aws_vpc.vpc"
          ]
        }
      ]
    },
    {
      "mode": "managed",
      "type": "aws_route_table_association",
      "name": "rta",
      "provider": "provider[\"registry.terraform.io/hashicorp/aws\"]",
      "instances": [
        {
          "index_key": 0,
          "schema_version": 0,
          "attributes": {
            "gateway_id": "",
            "id": "rtbassoc-0c38ec0ce14fafa5f",
            "route_table_id": "rtb-0b1ce989f70508699",
            "subnet_id": "subnet-04c00933ccf2fa7c8"
          },
          "sensitive_attributes": [],
          "private": "bnVsbA==",
          "dependencies": [
            "aws_internet_gateway.igw",
            "aws_route_table.rtb",
            "aws_subnet.subnet",
            "aws_vpc.vpc",
            "data.aws_availability_zones.available"
          ]
        },
        {
          "index_key": 1,
          "schema_version": 0,
          "attributes": {
            "gateway_id": "",
            "id": "rtbassoc-0523769634b721196",
            "route_table_id": "rtb-0b1ce989f70508699",
            "subnet_id": "subnet-0c64a428e7a0db762"
          },
          "sensitive_attributes": [],
          "private": "bnVsbA==",
          "dependencies": [
            "aws_internet_gateway.igw",
            "aws_route_table.rtb",
            "aws_subnet.subnet",
            "aws_vpc.vpc",
            "data.aws_availability_zones.available"
          ]
        },
        {
          "index_key": 2,
          "schema_version": 0,
          "attributes": {
            "gateway_id": "",
            "id": "rtbassoc-0313eeface925ef80",
            "route_table_id": "rtb-0b1ce989f70508699",
            "subnet_id": "subnet-0d433ff488d6df2bd"
          },
          "sensitive_attributes": [],
          "private": "bnVsbA==",
          "dependencies": [
            "aws_internet_gateway.igw",
            "aws_route_table.rtb",
            "aws_subnet.subnet",
            "aws_vpc.vpc",
            "data.aws_availability_zones.available"
          ]
        }
      ]
    },
    {
      "mode": "managed",
      "type": "aws_security_group",
      "name": "apache-sg",
      "provider": "provider[\"registry.terraform.io/hashicorp/aws\"]",
      "instances": [
        {
          "schema_version": 1,
          "attributes": {
            "arn": "arn:aws:ec2:eu-west-2:367182624298:security-group/sg-0c5354ad3df2919d3",
            "description": "Managed by Terraform",
            "egress": [
              {
                "cidr_blocks": [
                  "0.0.0.0/0"
                ],
                "description": "",
                "from_port": 0,
                "ipv6_cidr_blocks": [],
                "prefix_list_ids": [],
                "protocol": "-1",
                "security_groups": [],
                "self": false,
                "to_port": 0
              }
            ],
            "id": "sg-0c5354ad3df2919d3",
            "ingress": [
              {
                "cidr_blocks": [
                  "0.0.0.0/0"
                ],
                "description": "",
                "from_port": 22,
                "ipv6_cidr_blocks": [],
                "prefix_list_ids": [],
                "protocol": "tcp",
                "security_groups": [],
                "self": false,
                "to_port": 22
              },
              {
                "cidr_blocks": [
                  "10.0.0.0/16"
                ],
                "description": "",
                "from_port": 80,
                "ipv6_cidr_blocks": [],
                "prefix_list_ids": [],
                "protocol": "tcp",
                "security_groups": [],
                "self": false,
                "to_port": 80
              }
            ],
            "name": "apache-sg",
            "name_prefix": "",
            "owner_id": "367182624298",
            "revoke_rules_on_delete": false,
            "tags": {
              "billing_code": "ACT8675309",
              "company": "Philmatrix",
              "project": "Philmatrix-web-app"
            },
            "tags_all": {
              "billing_code": "ACT8675309",
              "company": "Philmatrix",
              "project": "Philmatrix-web-app"
            },
            "timeouts": null,
            "vpc_id": "vpc-0ceb014ceef5b408c"
          },
          "sensitive_attributes": [],
          "private": "eyJlMmJmYjczMC1lY2FhLTExZTYtOGY4OC0zNDM2M2JjN2M0YzAiOnsiY3JlYXRlIjo2MDAwMDAwMDAwMDAsImRlbGV0ZSI6OTAwMDAwMDAwMDAwfSwic2NoZW1hX3ZlcnNpb24iOiIxIn0=",
          "dependencies": [
            "aws_vpc.vpc"
          ]
        }
      ]
    },
    {
      "mode": "managed",
      "type": "aws_security_group",
      "name": "lb-sg",
      "provider": "provider[\"registry.terraform.io/hashicorp/aws\"]",
      "instances": [
        {
          "schema_version": 1,
          "attributes": {
            "arn": "arn:aws:ec2:eu-west-2:367182624298:security-group/sg-0f115b6052092270d",
            "description": "Managed by Terraform",
            "egress": [
              {
                "cidr_blocks": [
                  "0.0.0.0/0"
                ],
                "description": "",
                "from_port": 0,
                "ipv6_cidr_blocks": [],
                "prefix_list_ids": [],
                "protocol": "-1",
                "security_groups": [],
                "self": false,
                "to_port": 0
              }
            ],
            "id": "sg-0f115b6052092270d",
            "ingress": [
              {
                "cidr_blocks": [
                  "0.0.0.0/0"
                ],
                "description": "",
                "from_port": 80,
                "ipv6_cidr_blocks": [],
                "prefix_list_ids": [],
                "protocol": "tcp",
                "security_groups": [],
                "self": false,
                "to_port": 80
              }
            ],
            "name": "apache-lb-sh",
            "name_prefix": "",
            "owner_id": "367182624298",
            "revoke_rules_on_delete": false,
            "tags": {
              "billing_code": "ACT8675309",
              "company": "Philmatrix",
              "project": "Philmatrix-web-app"
            },
            "tags_all": {
              "billing_code": "ACT8675309",
              "company": "Philmatrix",
              "project": "Philmatrix-web-app"
            },
            "timeouts": null,
            "vpc_id": "vpc-0ceb014ceef5b408c"
          },
          "sensitive_attributes": [],
          "private": "eyJlMmJmYjczMC1lY2FhLTExZTYtOGY4OC0zNDM2M2JjN2M0YzAiOnsiY3JlYXRlIjo2MDAwMDAwMDAwMDAsImRlbGV0ZSI6OTAwMDAwMDAwMDAwfSwic2NoZW1hX3ZlcnNpb24iOiIxIn0=",
          "dependencies": [
            "aws_vpc.vpc"
          ]
        }
      ]
    },
    {
      "mode": "managed",
      "type": "aws_subnet",
      "name": "subnet",
      "provider": "provider[\"registry.terraform.io/hashicorp/aws\"]",
      "instances": [
        {
          "index_key": 0,
          "schema_version": 1,
          "attributes": {
            "arn": "arn:aws:ec2:eu-west-2:367182624298:subnet/subnet-04c00933ccf2fa7c8",
            "assign_ipv6_address_on_creation": false,
            "availability_zone": "eu-west-2a",
            "availability_zone_id": "euw2-az2",
            "cidr_block": "10.0.0.0/24",
            "customer_owned_ipv4_pool": "",
            "enable_dns64": false,
            "enable_resource_name_dns_a_record_on_launch": false,
            "enable_resource_name_dns_aaaa_record_on_launch": false,
            "id": "subnet-04c00933ccf2fa7c8",
            "ipv6_cidr_block": "",
            "ipv6_cidr_block_association_id": "",
            "ipv6_native": false,
            "map_customer_owned_ip_on_launch": false,
            "map_public_ip_on_launch": true,
            "outpost_arn": "",
            "owner_id": "367182624298",
            "private_dns_hostname_type_on_launch": "ip-name",
            "tags": {
              "billing_code": "ACT8675309",
              "company": "Philmatrix",
              "project": "Philmatrix-web-app"
            },
            "tags_all": {
              "billing_code": "ACT8675309",
              "company": "Philmatrix",
              "project": "Philmatrix-web-app"
            },
            "timeouts": null,
            "vpc_id": "vpc-0ceb014ceef5b408c"
          },
          "sensitive_attributes": [],
          "private": "eyJlMmJmYjczMC1lY2FhLTExZTYtOGY4OC0zNDM2M2JjN2M0YzAiOnsiY3JlYXRlIjo2MDAwMDAwMDAwMDAsImRlbGV0ZSI6MTIwMDAwMDAwMDAwMH0sInNjaGVtYV92ZXJzaW9uIjoiMSJ9",
          "dependencies": [
            "aws_vpc.vpc",
            "data.aws_availability_zones.available"
          ]
        },
        {
          "index_key": 1,
          "schema_version": 1,
          "attributes": {
            "arn": "arn:aws:ec2:eu-west-2:367182624298:subnet/subnet-0c64a428e7a0db762",
            "assign_ipv6_address_on_creation": false,
            "availability_zone": "eu-west-2b",
            "availability_zone_id": "euw2-az3",
            "cidr_block": "10.0.1.0/24",
            "customer_owned_ipv4_pool": "",
            "enable_dns64": false,
            "enable_resource_name_dns_a_record_on_launch": false,
            "enable_resource_name_dns_aaaa_record_on_launch": false,
            "id": "subnet-0c64a428e7a0db762",
            "ipv6_cidr_block": "",
            "ipv6_cidr_block_association_id": "",
            "ipv6_native": false,
            "map_customer_owned_ip_on_launch": false,
            "map_public_ip_on_launch": true,
            "outpost_arn": "",
            "owner_id": "367182624298",
            "private_dns_hostname_type_on_launch": "ip-name",
            "tags": {
              "billing_code": "ACT8675309",
              "company": "Philmatrix",
              "project": "Philmatrix-web-app"
            },
            "tags_all": {
              "billing_code": "ACT8675309",
              "company": "Philmatrix",
              "project": "Philmatrix-web-app"
            },
            "timeouts": null,
            "vpc_id": "vpc-0ceb014ceef5b408c"
          },
          "sensitive_attributes": [],
          "private": "eyJlMmJmYjczMC1lY2FhLTExZTYtOGY4OC0zNDM2M2JjN2M0YzAiOnsiY3JlYXRlIjo2MDAwMDAwMDAwMDAsImRlbGV0ZSI6MTIwMDAwMDAwMDAwMH0sInNjaGVtYV92ZXJzaW9uIjoiMSJ9",
          "dependencies": [
            "aws_vpc.vpc",
            "data.aws_availability_zones.available"
          ]
        },
        {
          "index_key": 2,
          "schema_version": 1,
          "attributes": {
            "arn": "arn:aws:ec2:eu-west-2:367182624298:subnet/subnet-0d433ff488d6df2bd",
            "assign_ipv6_address_on_creation": false,
            "availability_zone": "eu-west-2c",
            "availability_zone_id": "euw2-az1",
            "cidr_block": "10.0.2.0/24",
            "customer_owned_ipv4_pool": "",
            "enable_dns64": false,
            "enable_resource_name_dns_a_record_on_launch": false,
            "enable_resource_name_dns_aaaa_record_on_launch": false,
            "id": "subnet-0d433ff488d6df2bd",
            "ipv6_cidr_block": "",
            "ipv6_cidr_block_association_id": "",
            "ipv6_native": false,
            "map_customer_owned_ip_on_launch": false,
            "map_public_ip_on_launch": true,
            "outpost_arn": "",
            "owner_id": "367182624298",
            "private_dns_hostname_type_on_launch": "ip-name",
            "tags": {
              "billing_code": "ACT8675309",
              "company": "Philmatrix",
              "project": "Philmatrix-web-app"
            },
            "tags_all": {
              "billing_code": "ACT8675309",
              "company": "Philmatrix",
              "project": "Philmatrix-web-app"
            },
            "timeouts": null,
            "vpc_id": "vpc-0ceb014ceef5b408c"
          },
          "sensitive_attributes": [],
          "private": "eyJlMmJmYjczMC1lY2FhLTExZTYtOGY4OC0zNDM2M2JjN2M0YzAiOnsiY3JlYXRlIjo2MDAwMDAwMDAwMDAsImRlbGV0ZSI6MTIwMDAwMDAwMDAwMH0sInNjaGVtYV92ZXJzaW9uIjoiMSJ9",
          "dependencies": [
            "aws_vpc.vpc",
            "data.aws_availability_zones.available"
          ]
        }
      ]
    },
    {
      "mode": "managed",
      "type": "aws_vpc",
      "name": "vpc",
      "provider": "provider[\"registry.terraform.io/hashicorp/aws\"]",
      "instances": [
        {
          "schema_version": 1,
          "attributes": {
            "arn": "arn:aws:ec2:eu-west-2:367182624298:vpc/vpc-0ceb014ceef5b408c",
            "assign_generated_ipv6_cidr_block": false,
            "cidr_block": "10.0.0.0/16",
            "default_network_acl_id": "acl-0ccb829eb5d6f5aec",
            "default_route_table_id": "rtb-06abcfad27670d4dd",
            "default_security_group_id": "sg-097873e1e6e41d9f8",
            "dhcp_options_id": "dopt-089b5ae90ba7cbbb4",
            "enable_classiclink": false,
            "enable_classiclink_dns_support": false,
            "enable_dns_hostnames": true,
            "enable_dns_support": true,
            "enable_network_address_usage_metrics": false,
            "id": "vpc-0ceb014ceef5b408c",
            "instance_tenancy": "default",
            "ipv4_ipam_pool_id": null,
            "ipv4_netmask_length": null,
            "ipv6_association_id": "",
            "ipv6_cidr_block": "",
            "ipv6_cidr_block_network_border_group": "",
            "ipv6_ipam_pool_id": "",
            "ipv6_netmask_length": 0,
            "main_route_table_id": "rtb-06abcfad27670d4dd",
            "owner_id": "367182624298",
            "tags": {
              "billing_code": "ACT8675309",
              "company": "Philmatrix",
              "project": "Philmatrix-web-app"
            },
            "tags_all": {
              "billing_code": "ACT8675309",
              "company": "Philmatrix",
              "project": "Philmatrix-web-app"
            }
          },
          "sensitive_attributes": [],
          "private": "eyJzY2hlbWFfdmVyc2lvbiI6IjEifQ=="
        }
      ]
    },
    {
      "mode": "managed",
      "type": "local_file",
      "name": "instance_ip",
      "provider": "provider[\"registry.terraform.io/hashicorp/local\"]",
      "instances": [
        {
          "schema_version": 0,
          "attributes": {
            "content": "      [webserver]\r\n            13.40.57.62 \r\n            3.8.161.193 \r\n            13.40.142.60 \r\n      ",
            "content_base64": null,
            "directory_permission": "0777",
            "file_permission": "0777",
            "filename": "/vagrant/altschool_cloud_projects/Terraform_project/host-inventory",
            "id": "60036156332ac5ff61d142ac5a533d5c8c0ce777",
            "sensitive_content": null,
            "source": null
          },
          "sensitive_attributes": [],
          "dependencies": [
            "aws_instance.web_server",
            "aws_key_pair.key_pair",
            "aws_security_group.apache-sg",
            "aws_subnet.subnet",
            "aws_vpc.vpc",
            "data.aws_ami.debian-11",
            "data.aws_availability_zones.available",
            "tls_private_key.key_pair"
          ]
        }
      ]
    },
    {
      "mode": "managed",
      "type": "local_file",
      "name": "ssh_key",
      "provider": "provider[\"registry.terraform.io/hashicorp/local\"]",
      "instances": [
        {
          "schema_version": 0,
          "attributes": {
            "content": "-----BEGIN RSA PRIVATE KEY-----\nMIIJKgIBAAKCAgEA0C5NU7NL4PjYfo+bLX1i6qbtkbtFjYDO+qyV4/k7VX+4feUT\nhHo7kR5P9yDrTkXyeP9TOeJ4t7sRKSar77BnsJC+UQa5Je9AB+J8Ustu9c0YUAxr\nB9uihxQOU2C4EYSaYWzo8GoVOPoWucuw0BYwQB8b/gEAAPswTEVzxCzj6Jf+/gDu\nwR7RJTqEe7orkD7Qvl6MfoAX6go1/E62nMw/DkbdTlvGybAKaS/wNP/o4N/UiUv7\nKTEEFdzbN/BSEe8DQgWj/NcWrP2mNNxZ0OdV9BlS8daLhgHkNscqmOfkEqIGSAkn\nwxfk1L1Pdge7yx8NI6G9xdrYtCRQnRP0QpGp9XvfoiN+ZD77Xk8CQQSh3uUh4HQG\nOHoPbjF3bQEMCGXW+xZGPndO5ug4PL5dsfIz4AOye+3I2VZa2qITZ7l60Tys3i3h\nNchsISAIdve1Yb1asstZfrfYHL5B8E3brt2iJg8/33dyN76T6kkt20/SSqwaETrg\nvBekqlV6LqBEaR3Xxuc1uKQQo5RAvqM4Dum+Mib4oaTT4S48Ixrue6BvcdS0DlaZ\nRtzb7r5xr9XZ7XQ/6jy7Q2jEb1waBS0dIYNDhVlVvu29bWrYayYzEBYmW2Wb8FIo\ndhEAk4WCTVyecf2RQVZQ/S5HNHkuERbNBpqjxPTe/OcomvbUVIsqKIJ0visCAwEA\nAQKCAgEArVtBTUfrEeZm8c1IHXNiYaCsCET4QENZGGmLUBIFFMeMrFmMDS90Vv30\n/QfOqpmYtqV3eqZafDUsryXi22/8iI2fzf1ZRHucyHQTryZ0uf8WFeKhZiPBjdZn\nr4rE/OF9ZU+6EilkjtPDBOjXzhAMEflV6AiRJkAGEh1rr5rqFpAr6PyB1ROCegvm\nstlu2WlVjpFRUS39vAjQt9AcRSnYAF2GgG/wc5dCtCEVWC0akdgSNlqtRbnpewM1\nEbnvvbtY7SuhSTUbTubR9wbfTBS4ANLtvTE5clg04GCt2jKQO+vsayQkllNZXMZg\nWxtJiHXNDTTswMvi1O/AqW0qZBzEd4RV6yhffaV1yjuRF890dusutdELp9c03zJm\nVIPkFqpHlKiSA85PCsW164fmQ5pVVmY0zl+TjizU2F/Sss2ok0dwuPGzR2TqV11n\nIgcAIC1taW+7VeXcu9ghDkug63VVwc+psSQAi6fu5qnx2sq2dw2VPcqNnioVzstW\n+n9ixxcDYYbHdQrRUzeQGnQDM4X1rfdr5XIFOBc3x/CSI8T9soAb8ulZKcCdmLIE\nJbCOnHYuE4x78VKi+NcSZA1NT57CS3aG5n7Y/5S5GJbU47T/4Lgzui6h6xOpv+u/\nU6AJUmjCDlBZORKh6djFYJpFI6OzxcO6rKuH3eoMSBTN3p4He6ECggEBAPchEwgs\nqy7EBSOWW9/10GrxlT6RIuZ1mX0CuZCDzdgTDWZG/XIHrKUGekHgdirX2YRkQ7NB\n5mag7R9tYjsLbj9TRX7mMFyhNgkAayTNKRSwe6bpAHN8duH1mLhmAdAGhprqsZ5X\nd8bVmH2oDANZ/YqEIdKGdu5SFpTXDwRnIRZ31KDCWYV5vFlO4t215xFj3+yD7EjO\n29nkgbtOrsR+dgQJEVMREPSuVDYg6ZZBqGfxLefDCSNnGe+UcJCXDC7xLpuXawG2\n/XQO+OmZuSsDSWf0/A5oOQEucw5NB7B3RbyuEYYvPlhgPhZhng+gz8LsKUPFJEdr\n32lBuLFRNFxTtaMCggEBANenUqFrRPNESYYb0yCxZJzkvOEbxAuIsEKcRz0eBk4X\nF+Uyp6VpVadXZLw4bhceZw50xD17lFae3+Ah+GUxE/n2kfbVmgInwkVpmbG0UOAQ\n7D4OsK3Qu8zobKbsPM8B0oWk95hExbnUossKsuqOVxNcjy4OoY3p9QH92IfsEvw+\n7fCoxfrTEXtE7xG6OSO/lC+yFtYXh88TNpHo+fFL9f/T8b1/NVOJYRSWbQsaOvy0\nA1SWXg9Emxe23fM21M+Kwno4pHJf0LqP7g63GvXQvL9wjCwgj/ho0Yx2F/oXmz+o\nAGobfZOkwzSKc5yA21twmaO4c8mzBm3hVJw1pe8HjdkCggEAdPqU9bOfPD3RaO0N\nhE/pXhYI3Vr6ODjGdORLTlr1nyg1mYpVAhsb3+nXCUPk65bNAdwsJ7g0BbR7SfsP\nGn/oqdUS+mSf09kDqPMnxH3QylhXz8RPUFtEMuV8axzuErhkEwSxGxCwQ9BrpF9d\ngGCioWS2Vd8MgPcedUnvc9gVU3tZjNcyZPog6+1peiVWwWaTYnN372brrpJ5zl4K\nYDy0RGi+aKGVcxzqA81EhLmDq+AAKMqrkrSFFGEhf2/gdn/33fKo1mD2TG+h54G6\not+laa4PegpfoW2JTOWtlByBSDTlWq0WR+MWwKVommE2tz/usIOrDpvDXyGa+WRE\n8sc1HQKCAQEA1oWK7CoSD9BJN0/siOQOCwh7X47ISRTzCX/+WazJZtsQGR53qFMN\nMob8HUQhN3w11iqPn/2TxUsLtyDzwG2+ynPeJWW8axJz7aqrihuuLAaJiv4AARfY\nCXDXzIDJyL6uVeWRqvYWntIIEuSUsEFiG0+C2rURPmOSJyYGRMew5x4OgczSDL3z\n8OTU0JSoDIih94Q3tUb5ASPCsAjKwZ7nmlKScgfd2ziYyusMk/PG4+SKP5XJAXUk\ntsVhKnTL45zL8trvsxrfPwa4MAkzl33KlMF3ntnRfbF/ajN7jHv5IqyTpPmtxLYs\nvNJRSUjhbKepHjT5cZZV+e4hxbaUVx/zmQKCAQEAthaTDYF1mgag52X1WGaI9B7b\n/eiBbkZd5utU8rFy3c1gHeJoUhQnz0QTuiKA/yx0/3nO6y1+cPxd1bzhAaQVbKSs\nlk4nwgxeJqxFgHGWFiAtOLhzrWTHEl3ZvC54Tsv/9nOivddbFl4IswD+Mki3zYbW\nzT62EmxKQx4SyjdQAPtPmx0wqAvbfQoZT7XWloH3KEnYH+iZy2eYIma4O4ZWZiBW\nxSXUqI1rTKEebxT/S1FWcNM87RvN/rVEtstdfeuh5yO0LdBtajI6DtYOBSKtDsg4\nsIzow/Or43l2ppuRf5uobjS9UDxDs5BrKLgGrd1A/EmliKH2WgEwLHoL7wgPng==\n-----END RSA PRIVATE KEY-----\n",
            "content_base64": null,
            "directory_permission": "700",
            "file_permission": "400",
            "filename": "/root/.ssh/aws-key-pair.pem",
            "id": "95416ceea64b740f2fa384ef2f728eb716c1861f",
            "sensitive_content": null,
            "source": null
          },
          "sensitive_attributes": [
            [
              {
                "type": "get_attr",
                "value": "content"
              }
            ]
          ],
          "dependencies": [
            "aws_key_pair.key_pair",
            "tls_private_key.key_pair"
          ]
        }
      ]
    },
    {
      "mode": "managed",
      "type": "null_resource",
      "name": "remote-exec",
      "provider": "provider[\"registry.terraform.io/hashicorp/null\"]",
      "instances": [
        {
          "schema_version": 0,
          "attributes": {
            "id": "7538746110394136545",
            "triggers": null
          },
          "sensitive_attributes": [],
          "dependencies": [
            "aws_instance.web_server",
            "aws_key_pair.key_pair",
            "aws_security_group.apache-sg",
            "aws_subnet.subnet",
            "aws_vpc.vpc",
            "data.aws_ami.debian-11",
            "data.aws_availability_zones.available",
            "local_file.instance_ip",
            "local_file.ssh_key",
            "tls_private_key.key_pair"
          ]
        }
      ]
    },
    {
      "mode": "managed",
      "type": "random_integer",
      "name": "rand",
      "provider": "provider[\"registry.terraform.io/hashicorp/random\"]",
      "instances": [
        {
          "schema_version": 0,
          "attributes": {
            "id": "56781",
            "keepers": null,
            "max": 99999,
            "min": 10000,
            "result": 56781,
            "seed": null
          },
          "sensitive_attributes": []
        }
      ]
    },
    {
      "mode": "managed",
      "type": "tls_private_key",
      "name": "key_pair",
      "provider": "provider[\"registry.terraform.io/hashicorp/tls\"]",
      "instances": [
        {
          "schema_version": 1,
          "attributes": {
            "algorithm": "RSA",
            "ecdsa_curve": "P224",
            "id": "43b58584b578f0f3cb744acb4127d6fcf2577ee9",
            "private_key_openssh": "-----BEGIN OPENSSH PRIVATE KEY-----\nb3BlbnNzaC1rZXktdjEAAAAABG5vbmUAAAAEbm9uZQAAAAAAAAABAAACFwAAAAdz\nc2gtcnNhAAAAAwEAAQAAAgEA0C5NU7NL4PjYfo+bLX1i6qbtkbtFjYDO+qyV4/k7\nVX+4feUThHo7kR5P9yDrTkXyeP9TOeJ4t7sRKSar77BnsJC+UQa5Je9AB+J8Ustu\n9c0YUAxrB9uihxQOU2C4EYSaYWzo8GoVOPoWucuw0BYwQB8b/gEAAPswTEVzxCzj\n6Jf+/gDuwR7RJTqEe7orkD7Qvl6MfoAX6go1/E62nMw/DkbdTlvGybAKaS/wNP/o\n4N/UiUv7KTEEFdzbN/BSEe8DQgWj/NcWrP2mNNxZ0OdV9BlS8daLhgHkNscqmOfk\nEqIGSAknwxfk1L1Pdge7yx8NI6G9xdrYtCRQnRP0QpGp9XvfoiN+ZD77Xk8CQQSh\n3uUh4HQGOHoPbjF3bQEMCGXW+xZGPndO5ug4PL5dsfIz4AOye+3I2VZa2qITZ7l6\n0Tys3i3hNchsISAIdve1Yb1asstZfrfYHL5B8E3brt2iJg8/33dyN76T6kkt20/S\nSqwaETrgvBekqlV6LqBEaR3Xxuc1uKQQo5RAvqM4Dum+Mib4oaTT4S48Ixrue6Bv\ncdS0DlaZRtzb7r5xr9XZ7XQ/6jy7Q2jEb1waBS0dIYNDhVlVvu29bWrYayYzEBYm\nW2Wb8FIodhEAk4WCTVyecf2RQVZQ/S5HNHkuERbNBpqjxPTe/OcomvbUVIsqKIJ0\nvisAAAc4KXHOsSlxzrEAAAAHc3NoLXJzYQAAAgEA0C5NU7NL4PjYfo+bLX1i6qbt\nkbtFjYDO+qyV4/k7VX+4feUThHo7kR5P9yDrTkXyeP9TOeJ4t7sRKSar77BnsJC+\nUQa5Je9AB+J8Ustu9c0YUAxrB9uihxQOU2C4EYSaYWzo8GoVOPoWucuw0BYwQB8b\n/gEAAPswTEVzxCzj6Jf+/gDuwR7RJTqEe7orkD7Qvl6MfoAX6go1/E62nMw/Dkbd\nTlvGybAKaS/wNP/o4N/UiUv7KTEEFdzbN/BSEe8DQgWj/NcWrP2mNNxZ0OdV9BlS\n8daLhgHkNscqmOfkEqIGSAknwxfk1L1Pdge7yx8NI6G9xdrYtCRQnRP0QpGp9Xvf\noiN+ZD77Xk8CQQSh3uUh4HQGOHoPbjF3bQEMCGXW+xZGPndO5ug4PL5dsfIz4AOy\ne+3I2VZa2qITZ7l60Tys3i3hNchsISAIdve1Yb1asstZfrfYHL5B8E3brt2iJg8/\n33dyN76T6kkt20/SSqwaETrgvBekqlV6LqBEaR3Xxuc1uKQQo5RAvqM4Dum+Mib4\noaTT4S48Ixrue6BvcdS0DlaZRtzb7r5xr9XZ7XQ/6jy7Q2jEb1waBS0dIYNDhVlV\nvu29bWrYayYzEBYmW2Wb8FIodhEAk4WCTVyecf2RQVZQ/S5HNHkuERbNBpqjxPTe\n/OcomvbUVIsqKIJ0visAAAADAQABAAACAQCtW0FNR+sR5mbxzUgdc2JhoKwIRPhA\nQ1kYaYtQEgUUx4ysWYwNL3RW/fT9B86qmZi2pXd6plp8NSyvJeLbb/yIjZ/N/VlE\ne5zIdBOvJnS5/xYV4qFmI8GN1mevisT84X1lT7oSKWSO08ME6NfOEAwR+VXoCJEm\nQAYSHWuvmuoWkCvo/IHVE4J6C+ay2W7ZaVWOkVFRLf28CNC30BxFKdgAXYaAb/Bz\nl0K0IRVYLRqR2BI2Wq1Fuel7AzURue+9u1jtK6FJNRtO5tH3Bt9MFLgA0u29MTly\nWDTgYK3aMpA76+xrJCSWU1lcxmBbG0mIdc0NNOzAy+LU78CpbSpkHMR3hFXrKF99\npXXKO5EXz3R26y610Qun1zTfMmZUg+QWqkeUqJIDzk8KxbXrh+ZDmlVWZjTOX5OO\nLNTYX9KyzaiTR3C48bNHZOpXXWciBwAgLW1pb7tV5dy72CEOS6DrdVXBz6mxJACL\np+7mqfHayrZ3DZU9yo2eKhXOy1b6f2LHFwNhhsd1CtFTN5AadAMzhfWt92vlcgU4\nFzfH8JIjxP2ygBvy6VkpwJ2YsgQlsI6cdi4TjHvxUqL41xJkDU1PnsJLdobmftj/\nlLkYltTjtP/guDO6LqHrE6m/679ToAlSaMIOUFk5EqHp2MVgmkUjo7PFw7qsq4fd\n6gxIFM3engd7oQAAAQEAthaTDYF1mgag52X1WGaI9B7b/eiBbkZd5utU8rFy3c1g\nHeJoUhQnz0QTuiKA/yx0/3nO6y1+cPxd1bzhAaQVbKSslk4nwgxeJqxFgHGWFiAt\nOLhzrWTHEl3ZvC54Tsv/9nOivddbFl4IswD+Mki3zYbWzT62EmxKQx4SyjdQAPtP\nmx0wqAvbfQoZT7XWloH3KEnYH+iZy2eYIma4O4ZWZiBWxSXUqI1rTKEebxT/S1FW\ncNM87RvN/rVEtstdfeuh5yO0LdBtajI6DtYOBSKtDsg4sIzow/Or43l2ppuRf5uo\nbjS9UDxDs5BrKLgGrd1A/EmliKH2WgEwLHoL7wgPngAAAQEA9yETCCyrLsQFI5Zb\n3/XQavGVPpEi5nWZfQK5kIPN2BMNZkb9cgespQZ6QeB2KtfZhGRDs0HmZqDtH21i\nOwtuP1NFfuYwXKE2CQBrJM0pFLB7pukAc3x24fWYuGYB0AaGmuqxnld3xtWYfagM\nA1n9ioQh0oZ27lIWlNcPBGchFnfUoMJZhXm8WU7i3bXnEWPf7IPsSM7b2eSBu06u\nxH52BAkRUxEQ9K5UNiDplkGoZ/Et58MJI2cZ75RwkJcMLvEum5drAbb9dA746Zm5\nKwNJZ/T8Dmg5AS5zDk0HsHdFvK4Rhi8+WGA+FmGeD6DPwuwpQ8UkR2vfaUG4sVE0\nXFO1owAAAQEA16dSoWtE80RJhhvTILFknOS84RvEC4iwQpxHPR4GThcX5TKnpWlV\np1dkvDhuFx5nDnTEPXuUVp7f4CH4ZTET+faR9tWaAifCRWmZsbRQ4BDsPg6wrdC7\nzOhspuw8zwHShaT3mETFudSiywqy6o5XE1yPLg6hjen1Af3Yh+wS/D7t8KjF+tMR\ne0TvEbo5I7+UL7IW1heHzxM2kej58Uv1/9PxvX81U4lhFJZtCxo6/LQDVJZeD0Sb\nF7bd8zbUz4rCejikcl/Quo/uDrca9dC8v3CMLCCP+GjRjHYX+hebP6gAaht9k6TD\nNIpznIDbW3CZo7hzybMGbeFUnDWl7weN2QAAAAAB\n-----END OPENSSH PRIVATE KEY-----\n",
            "private_key_pem": "-----BEGIN RSA PRIVATE KEY-----\nMIIJKgIBAAKCAgEA0C5NU7NL4PjYfo+bLX1i6qbtkbtFjYDO+qyV4/k7VX+4feUT\nhHo7kR5P9yDrTkXyeP9TOeJ4t7sRKSar77BnsJC+UQa5Je9AB+J8Ustu9c0YUAxr\nB9uihxQOU2C4EYSaYWzo8GoVOPoWucuw0BYwQB8b/gEAAPswTEVzxCzj6Jf+/gDu\nwR7RJTqEe7orkD7Qvl6MfoAX6go1/E62nMw/DkbdTlvGybAKaS/wNP/o4N/UiUv7\nKTEEFdzbN/BSEe8DQgWj/NcWrP2mNNxZ0OdV9BlS8daLhgHkNscqmOfkEqIGSAkn\nwxfk1L1Pdge7yx8NI6G9xdrYtCRQnRP0QpGp9XvfoiN+ZD77Xk8CQQSh3uUh4HQG\nOHoPbjF3bQEMCGXW+xZGPndO5ug4PL5dsfIz4AOye+3I2VZa2qITZ7l60Tys3i3h\nNchsISAIdve1Yb1asstZfrfYHL5B8E3brt2iJg8/33dyN76T6kkt20/SSqwaETrg\nvBekqlV6LqBEaR3Xxuc1uKQQo5RAvqM4Dum+Mib4oaTT4S48Ixrue6BvcdS0DlaZ\nRtzb7r5xr9XZ7XQ/6jy7Q2jEb1waBS0dIYNDhVlVvu29bWrYayYzEBYmW2Wb8FIo\ndhEAk4WCTVyecf2RQVZQ/S5HNHkuERbNBpqjxPTe/OcomvbUVIsqKIJ0visCAwEA\nAQKCAgEArVtBTUfrEeZm8c1IHXNiYaCsCET4QENZGGmLUBIFFMeMrFmMDS90Vv30\n/QfOqpmYtqV3eqZafDUsryXi22/8iI2fzf1ZRHucyHQTryZ0uf8WFeKhZiPBjdZn\nr4rE/OF9ZU+6EilkjtPDBOjXzhAMEflV6AiRJkAGEh1rr5rqFpAr6PyB1ROCegvm\nstlu2WlVjpFRUS39vAjQt9AcRSnYAF2GgG/wc5dCtCEVWC0akdgSNlqtRbnpewM1\nEbnvvbtY7SuhSTUbTubR9wbfTBS4ANLtvTE5clg04GCt2jKQO+vsayQkllNZXMZg\nWxtJiHXNDTTswMvi1O/AqW0qZBzEd4RV6yhffaV1yjuRF890dusutdELp9c03zJm\nVIPkFqpHlKiSA85PCsW164fmQ5pVVmY0zl+TjizU2F/Sss2ok0dwuPGzR2TqV11n\nIgcAIC1taW+7VeXcu9ghDkug63VVwc+psSQAi6fu5qnx2sq2dw2VPcqNnioVzstW\n+n9ixxcDYYbHdQrRUzeQGnQDM4X1rfdr5XIFOBc3x/CSI8T9soAb8ulZKcCdmLIE\nJbCOnHYuE4x78VKi+NcSZA1NT57CS3aG5n7Y/5S5GJbU47T/4Lgzui6h6xOpv+u/\nU6AJUmjCDlBZORKh6djFYJpFI6OzxcO6rKuH3eoMSBTN3p4He6ECggEBAPchEwgs\nqy7EBSOWW9/10GrxlT6RIuZ1mX0CuZCDzdgTDWZG/XIHrKUGekHgdirX2YRkQ7NB\n5mag7R9tYjsLbj9TRX7mMFyhNgkAayTNKRSwe6bpAHN8duH1mLhmAdAGhprqsZ5X\nd8bVmH2oDANZ/YqEIdKGdu5SFpTXDwRnIRZ31KDCWYV5vFlO4t215xFj3+yD7EjO\n29nkgbtOrsR+dgQJEVMREPSuVDYg6ZZBqGfxLefDCSNnGe+UcJCXDC7xLpuXawG2\n/XQO+OmZuSsDSWf0/A5oOQEucw5NB7B3RbyuEYYvPlhgPhZhng+gz8LsKUPFJEdr\n32lBuLFRNFxTtaMCggEBANenUqFrRPNESYYb0yCxZJzkvOEbxAuIsEKcRz0eBk4X\nF+Uyp6VpVadXZLw4bhceZw50xD17lFae3+Ah+GUxE/n2kfbVmgInwkVpmbG0UOAQ\n7D4OsK3Qu8zobKbsPM8B0oWk95hExbnUossKsuqOVxNcjy4OoY3p9QH92IfsEvw+\n7fCoxfrTEXtE7xG6OSO/lC+yFtYXh88TNpHo+fFL9f/T8b1/NVOJYRSWbQsaOvy0\nA1SWXg9Emxe23fM21M+Kwno4pHJf0LqP7g63GvXQvL9wjCwgj/ho0Yx2F/oXmz+o\nAGobfZOkwzSKc5yA21twmaO4c8mzBm3hVJw1pe8HjdkCggEAdPqU9bOfPD3RaO0N\nhE/pXhYI3Vr6ODjGdORLTlr1nyg1mYpVAhsb3+nXCUPk65bNAdwsJ7g0BbR7SfsP\nGn/oqdUS+mSf09kDqPMnxH3QylhXz8RPUFtEMuV8axzuErhkEwSxGxCwQ9BrpF9d\ngGCioWS2Vd8MgPcedUnvc9gVU3tZjNcyZPog6+1peiVWwWaTYnN372brrpJ5zl4K\nYDy0RGi+aKGVcxzqA81EhLmDq+AAKMqrkrSFFGEhf2/gdn/33fKo1mD2TG+h54G6\not+laa4PegpfoW2JTOWtlByBSDTlWq0WR+MWwKVommE2tz/usIOrDpvDXyGa+WRE\n8sc1HQKCAQEA1oWK7CoSD9BJN0/siOQOCwh7X47ISRTzCX/+WazJZtsQGR53qFMN\nMob8HUQhN3w11iqPn/2TxUsLtyDzwG2+ynPeJWW8axJz7aqrihuuLAaJiv4AARfY\nCXDXzIDJyL6uVeWRqvYWntIIEuSUsEFiG0+C2rURPmOSJyYGRMew5x4OgczSDL3z\n8OTU0JSoDIih94Q3tUb5ASPCsAjKwZ7nmlKScgfd2ziYyusMk/PG4+SKP5XJAXUk\ntsVhKnTL45zL8trvsxrfPwa4MAkzl33KlMF3ntnRfbF/ajN7jHv5IqyTpPmtxLYs\nvNJRSUjhbKepHjT5cZZV+e4hxbaUVx/zmQKCAQEAthaTDYF1mgag52X1WGaI9B7b\n/eiBbkZd5utU8rFy3c1gHeJoUhQnz0QTuiKA/yx0/3nO6y1+cPxd1bzhAaQVbKSs\nlk4nwgxeJqxFgHGWFiAtOLhzrWTHEl3ZvC54Tsv/9nOivddbFl4IswD+Mki3zYbW\nzT62EmxKQx4SyjdQAPtPmx0wqAvbfQoZT7XWloH3KEnYH+iZy2eYIma4O4ZWZiBW\nxSXUqI1rTKEebxT/S1FWcNM87RvN/rVEtstdfeuh5yO0LdBtajI6DtYOBSKtDsg4\nsIzow/Or43l2ppuRf5uobjS9UDxDs5BrKLgGrd1A/EmliKH2WgEwLHoL7wgPng==\n-----END RSA PRIVATE KEY-----\n",
            "private_key_pem_pkcs8": "-----BEGIN PRIVATE KEY-----\nMIIJRAIBADANBgkqhkiG9w0BAQEFAASCCS4wggkqAgEAAoICAQDQLk1Ts0vg+Nh+\nj5stfWLqpu2Ru0WNgM76rJXj+TtVf7h95ROEejuRHk/3IOtORfJ4/1M54ni3uxEp\nJqvvsGewkL5RBrkl70AH4nxSy271zRhQDGsH26KHFA5TYLgRhJphbOjwahU4+ha5\ny7DQFjBAHxv+AQAA+zBMRXPELOPol/7+AO7BHtElOoR7uiuQPtC+Xox+gBfqCjX8\nTraczD8ORt1OW8bJsAppL/A0/+jg39SJS/spMQQV3Ns38FIR7wNCBaP81xas/aY0\n3FnQ51X0GVLx1ouGAeQ2xyqY5+QSogZICSfDF+TUvU92B7vLHw0job3F2ti0JFCd\nE/RCkan1e9+iI35kPvteTwJBBKHe5SHgdAY4eg9uMXdtAQwIZdb7FkY+d07m6Dg8\nvl2x8jPgA7J77cjZVlraohNnuXrRPKzeLeE1yGwhIAh297VhvVqyy1l+t9gcvkHw\nTduu3aImDz/fd3I3vpPqSS3bT9JKrBoROuC8F6SqVXouoERpHdfG5zW4pBCjlEC+\nozgO6b4yJvihpNPhLjwjGu57oG9x1LQOVplG3NvuvnGv1dntdD/qPLtDaMRvXBoF\nLR0hg0OFWVW+7b1tathrJjMQFiZbZZvwUih2EQCThYJNXJ5x/ZFBVlD9Lkc0eS4R\nFs0GmqPE9N785yia9tRUiyoognS+KwIDAQABAoICAQCtW0FNR+sR5mbxzUgdc2Jh\noKwIRPhAQ1kYaYtQEgUUx4ysWYwNL3RW/fT9B86qmZi2pXd6plp8NSyvJeLbb/yI\njZ/N/VlEe5zIdBOvJnS5/xYV4qFmI8GN1mevisT84X1lT7oSKWSO08ME6NfOEAwR\n+VXoCJEmQAYSHWuvmuoWkCvo/IHVE4J6C+ay2W7ZaVWOkVFRLf28CNC30BxFKdgA\nXYaAb/Bzl0K0IRVYLRqR2BI2Wq1Fuel7AzURue+9u1jtK6FJNRtO5tH3Bt9MFLgA\n0u29MTlyWDTgYK3aMpA76+xrJCSWU1lcxmBbG0mIdc0NNOzAy+LU78CpbSpkHMR3\nhFXrKF99pXXKO5EXz3R26y610Qun1zTfMmZUg+QWqkeUqJIDzk8KxbXrh+ZDmlVW\nZjTOX5OOLNTYX9KyzaiTR3C48bNHZOpXXWciBwAgLW1pb7tV5dy72CEOS6DrdVXB\nz6mxJACLp+7mqfHayrZ3DZU9yo2eKhXOy1b6f2LHFwNhhsd1CtFTN5AadAMzhfWt\n92vlcgU4FzfH8JIjxP2ygBvy6VkpwJ2YsgQlsI6cdi4TjHvxUqL41xJkDU1PnsJL\ndobmftj/lLkYltTjtP/guDO6LqHrE6m/679ToAlSaMIOUFk5EqHp2MVgmkUjo7PF\nw7qsq4fd6gxIFM3engd7oQKCAQEA9yETCCyrLsQFI5Zb3/XQavGVPpEi5nWZfQK5\nkIPN2BMNZkb9cgespQZ6QeB2KtfZhGRDs0HmZqDtH21iOwtuP1NFfuYwXKE2CQBr\nJM0pFLB7pukAc3x24fWYuGYB0AaGmuqxnld3xtWYfagMA1n9ioQh0oZ27lIWlNcP\nBGchFnfUoMJZhXm8WU7i3bXnEWPf7IPsSM7b2eSBu06uxH52BAkRUxEQ9K5UNiDp\nlkGoZ/Et58MJI2cZ75RwkJcMLvEum5drAbb9dA746Zm5KwNJZ/T8Dmg5AS5zDk0H\nsHdFvK4Rhi8+WGA+FmGeD6DPwuwpQ8UkR2vfaUG4sVE0XFO1owKCAQEA16dSoWtE\n80RJhhvTILFknOS84RvEC4iwQpxHPR4GThcX5TKnpWlVp1dkvDhuFx5nDnTEPXuU\nVp7f4CH4ZTET+faR9tWaAifCRWmZsbRQ4BDsPg6wrdC7zOhspuw8zwHShaT3mETF\nudSiywqy6o5XE1yPLg6hjen1Af3Yh+wS/D7t8KjF+tMRe0TvEbo5I7+UL7IW1heH\nzxM2kej58Uv1/9PxvX81U4lhFJZtCxo6/LQDVJZeD0SbF7bd8zbUz4rCejikcl/Q\nuo/uDrca9dC8v3CMLCCP+GjRjHYX+hebP6gAaht9k6TDNIpznIDbW3CZo7hzybMG\nbeFUnDWl7weN2QKCAQB0+pT1s588PdFo7Q2ET+leFgjdWvo4OMZ05EtOWvWfKDWZ\nilUCGxvf6dcJQ+Trls0B3CwnuDQFtHtJ+w8af+ip1RL6ZJ/T2QOo8yfEfdDKWFfP\nxE9QW0Qy5XxrHO4SuGQTBLEbELBD0GukX12AYKKhZLZV3wyA9x51Se9z2BVTe1mM\n1zJk+iDr7Wl6JVbBZpNic3fvZuuuknnOXgpgPLREaL5ooZVzHOoDzUSEuYOr4AAo\nyquStIUUYSF/b+B2f/fd8qjWYPZMb6Hngbqi36Vprg96Cl+hbYlM5a2UHIFINOVa\nrRZH4xbApWiaYTa3P+6wg6sOm8NfIZr5ZETyxzUdAoIBAQDWhYrsKhIP0Ek3T+yI\n5A4LCHtfjshJFPMJf/5ZrMlm2xAZHneoUw0yhvwdRCE3fDXWKo+f/ZPFSwu3IPPA\nbb7Kc94lZbxrEnPtqquKG64sBomK/gABF9gJcNfMgMnIvq5V5ZGq9hae0ggS5JSw\nQWIbT4LatRE+Y5InJgZEx7DnHg6BzNIMvfPw5NTQlKgMiKH3hDe1RvkBI8KwCMrB\nnueaUpJyB93bOJjK6wyT88bj5Io/lckBdSS2xWEqdMvjnMvy2u+zGt8/BrgwCTOX\nfcqUwXee2dF9sX9qM3uMe/kirJOk+a3Etiy80lFJSOFsp6keNPlxllX57iHFtpRX\nH/OZAoIBAQC2FpMNgXWaBqDnZfVYZoj0Htv96IFuRl3m61TysXLdzWAd4mhSFCfP\nRBO6IoD/LHT/ec7rLX5w/F3VvOEBpBVspKyWTifCDF4mrEWAcZYWIC04uHOtZMcS\nXdm8LnhOy//2c6K911sWXgizAP4ySLfNhtbNPrYSbEpDHhLKN1AA+0+bHTCoC9t9\nChlPtdaWgfcoSdgf6JnLZ5giZrg7hlZmIFbFJdSojWtMoR5vFP9LUVZw0zztG83+\ntUS2y11966HnI7Qt0G1qMjoO1g4FIq0OyDiwjOjD86vjeXamm5F/m6huNL1QPEOz\nkGsouAat3UD8SaWIofZaATAsegvvCA+e\n-----END PRIVATE KEY-----\n",
            "public_key_fingerprint_md5": "d7:ea:d2:3e:4a:1c:5b:19:15:f9:8d:55:26:51:16:91",
            "public_key_fingerprint_sha256": "SHA256:DPVGwYutEljraMsb9OZX+43VI6eW5SyAuZz6QP0tBXA",
            "public_key_openssh": "ssh-rsa AAAAB3NzaC1yc2EAAAADAQABAAACAQDQLk1Ts0vg+Nh+j5stfWLqpu2Ru0WNgM76rJXj+TtVf7h95ROEejuRHk/3IOtORfJ4/1M54ni3uxEpJqvvsGewkL5RBrkl70AH4nxSy271zRhQDGsH26KHFA5TYLgRhJphbOjwahU4+ha5y7DQFjBAHxv+AQAA+zBMRXPELOPol/7+AO7BHtElOoR7uiuQPtC+Xox+gBfqCjX8TraczD8ORt1OW8bJsAppL/A0/+jg39SJS/spMQQV3Ns38FIR7wNCBaP81xas/aY03FnQ51X0GVLx1ouGAeQ2xyqY5+QSogZICSfDF+TUvU92B7vLHw0job3F2ti0JFCdE/RCkan1e9+iI35kPvteTwJBBKHe5SHgdAY4eg9uMXdtAQwIZdb7FkY+d07m6Dg8vl2x8jPgA7J77cjZVlraohNnuXrRPKzeLeE1yGwhIAh297VhvVqyy1l+t9gcvkHwTduu3aImDz/fd3I3vpPqSS3bT9JKrBoROuC8F6SqVXouoERpHdfG5zW4pBCjlEC+ozgO6b4yJvihpNPhLjwjGu57oG9x1LQOVplG3NvuvnGv1dntdD/qPLtDaMRvXBoFLR0hg0OFWVW+7b1tathrJjMQFiZbZZvwUih2EQCThYJNXJ5x/ZFBVlD9Lkc0eS4RFs0GmqPE9N785yia9tRUiyoognS+Kw==\n",
            "public_key_pem": "-----BEGIN PUBLIC KEY-----\nMIICIjANBgkqhkiG9w0BAQEFAAOCAg8AMIICCgKCAgEA0C5NU7NL4PjYfo+bLX1i\n6qbtkbtFjYDO+qyV4/k7VX+4feUThHo7kR5P9yDrTkXyeP9TOeJ4t7sRKSar77Bn\nsJC+UQa5Je9AB+J8Ustu9c0YUAxrB9uihxQOU2C4EYSaYWzo8GoVOPoWucuw0BYw\nQB8b/gEAAPswTEVzxCzj6Jf+/gDuwR7RJTqEe7orkD7Qvl6MfoAX6go1/E62nMw/\nDkbdTlvGybAKaS/wNP/o4N/UiUv7KTEEFdzbN/BSEe8DQgWj/NcWrP2mNNxZ0OdV\n9BlS8daLhgHkNscqmOfkEqIGSAknwxfk1L1Pdge7yx8NI6G9xdrYtCRQnRP0QpGp\n9XvfoiN+ZD77Xk8CQQSh3uUh4HQGOHoPbjF3bQEMCGXW+xZGPndO5ug4PL5dsfIz\n4AOye+3I2VZa2qITZ7l60Tys3i3hNchsISAIdve1Yb1asstZfrfYHL5B8E3brt2i\nJg8/33dyN76T6kkt20/SSqwaETrgvBekqlV6LqBEaR3Xxuc1uKQQo5RAvqM4Dum+\nMib4oaTT4S48Ixrue6BvcdS0DlaZRtzb7r5xr9XZ7XQ/6jy7Q2jEb1waBS0dIYND\nhVlVvu29bWrYayYzEBYmW2Wb8FIodhEAk4WCTVyecf2RQVZQ/S5HNHkuERbNBpqj\nxPTe/OcomvbUVIsqKIJ0visCAwEAAQ==\n-----END PUBLIC KEY-----\n",
            "rsa_bits": 4096
          },
          "sensitive_attributes": []
        }
      ]
    }
  ],
  "check_results": null
}
