{
  "version": 4,
  "terraform_version": "1.3.7",
  "serial": 1283,
  "lineage": "f05f5a65-c04a-f061-ba96-22f4faaa23b3",
  "outputs": {
    "aws_lb_public_dns": {
      "value": "web-app-lb-1234738456.eu-west-2.elb.amazonaws.com",
      "type": "string"
    },
    "instance_ips": {
      "value": [
        "18.170.230.50",
        "18.133.195.124",
        "18.134.98.220"
      ],
      "type": [
        "tuple",
        [
          "string",
          "string",
          "string"
        ]
      ]
    }
  },
  "resources": [
    {
      "mode": "data",
      "type": "aws_ami",
      "name": "debian-11",
      "provider": "provider[\"registry.terraform.io/hashicorp/aws\"]",
      "instances": [
        {
          "schema_version": 0,
          "attributes": {
            "architecture": "x86_64",
            "arn": "arn:aws:ec2:eu-west-2::image/ami-0d93d81bb4899d4cf",
            "block_device_mappings": [
              {
                "device_name": "/dev/xvda",
                "ebs": {
                  "delete_on_termination": "true",
                  "encrypted": "false",
                  "iops": "0",
                  "snapshot_id": "snap-0b30c4cf408b5c959",
                  "throughput": "0",
                  "volume_size": "8",
                  "volume_type": "gp2"
                },
                "no_device": "",
                "virtual_name": ""
              }
            ],
            "boot_mode": "",
            "creation_date": "2023-01-24T17:11:31.000Z",
            "deprecation_time": "2025-01-24T17:11:31.000Z",
            "description": "Debian 11 (20230124-1270)",
            "ena_support": true,
            "executable_users": null,
            "filter": [
              {
                "name": "name",
                "values": [
                  "debian-11-amd64-*"
                ]
              },
              {
                "name": "root-device-type",
                "values": [
                  "ebs"
                ]
              },
              {
                "name": "virtualization-type",
                "values": [
                  "hvm"
                ]
              }
            ],
            "hypervisor": "xen",
            "id": "ami-0d93d81bb4899d4cf",
            "image_id": "ami-0d93d81bb4899d4cf",
            "image_location": "amazon/debian-11-amd64-20230124-1270",
            "image_owner_alias": "amazon",
            "image_type": "machine",
            "imds_support": "",
            "include_deprecated": false,
            "kernel_id": "",
            "most_recent": true,
            "name": "debian-11-amd64-20230124-1270",
            "name_regex": null,
            "owner_id": "136693071363",
            "owners": [
              "136693071363"
            ],
            "platform": "",
            "platform_details": "Linux/UNIX",
            "product_codes": [],
            "public": true,
            "ramdisk_id": "",
            "root_device_name": "/dev/xvda",
            "root_device_type": "ebs",
            "root_snapshot_id": "snap-0b30c4cf408b5c959",
            "sriov_net_support": "simple",
            "state": "available",
            "state_reason": {
              "code": "UNSET",
              "message": "UNSET"
            },
            "tags": {},
            "timeouts": null,
            "tpm_support": "",
            "usage_operation": "RunInstances",
            "virtualization_type": "hvm"
          },
          "sensitive_attributes": []
        }
      ]
    },
    {
      "mode": "data",
      "type": "aws_availability_zones",
      "name": "available",
      "provider": "provider[\"registry.terraform.io/hashicorp/aws\"]",
      "instances": [
        {
          "schema_version": 0,
          "attributes": {
            "all_availability_zones": null,
            "exclude_names": null,
            "exclude_zone_ids": null,
            "filter": null,
            "group_names": [
              "eu-west-2"
            ],
            "id": "eu-west-2",
            "names": [
              "eu-west-2a",
              "eu-west-2b",
              "eu-west-2c"
            ],
            "state": "available",
            "timeouts": null,
            "zone_ids": [
              "euw2-az2",
              "euw2-az3",
              "euw2-az1"
            ]
          },
          "sensitive_attributes": []
        }
      ]
    },
    {
      "mode": "managed",
      "type": "aws_instance",
      "name": "web_server",
      "provider": "provider[\"registry.terraform.io/hashicorp/aws\"]",
      "instances": [
        {
          "index_key": 0,
          "schema_version": 1,
          "attributes": {
            "ami": "ami-0d93d81bb4899d4cf",
            "arn": "arn:aws:ec2:eu-west-2:367182624298:instance/i-018606b29dc376490",
            "associate_public_ip_address": true,
            "availability_zone": "eu-west-2a",
            "capacity_reservation_specification": [
              {
                "capacity_reservation_preference": "open",
                "capacity_reservation_target": []
              }
            ],
            "cpu_core_count": 1,
            "cpu_threads_per_core": 1,
            "credit_specification": [
              {
                "cpu_credits": "standard"
              }
            ],
            "disable_api_stop": false,
            "disable_api_termination": false,
            "ebs_block_device": [],
            "ebs_optimized": false,
            "enclave_options": [
              {
                "enabled": false
              }
            ],
            "ephemeral_block_device": [],
            "get_password_data": false,
            "hibernation": false,
            "host_id": "",
            "host_resource_group_arn": null,
            "iam_instance_profile": "",
            "id": "i-018606b29dc376490",
            "instance_initiated_shutdown_behavior": "stop",
            "instance_state": "running",
            "instance_type": "t2.micro",
            "ipv6_address_count": 0,
            "ipv6_addresses": [],
            "key_name": "aws-key-pair",
            "launch_template": [],
            "maintenance_options": [
              {
                "auto_recovery": "default"
              }
            ],
            "metadata_options": [
              {
                "http_endpoint": "enabled",
                "http_put_response_hop_limit": 1,
                "http_tokens": "optional",
                "instance_metadata_tags": "disabled"
              }
            ],
            "monitoring": false,
            "network_interface": [],
            "outpost_arn": "",
            "password_data": "",
            "placement_group": "",
            "placement_partition_number": 0,
            "primary_network_interface_id": "eni-0400960939abf4a24",
            "private_dns": "ip-10-0-0-137.eu-west-2.compute.internal",
            "private_dns_name_options": [
              {
                "enable_resource_name_dns_a_record": false,
                "enable_resource_name_dns_aaaa_record": false,
                "hostname_type": "ip-name"
              }
            ],
            "private_ip": "10.0.0.137",
            "public_dns": "ec2-18-170-230-50.eu-west-2.compute.amazonaws.com",
            "public_ip": "18.170.230.50",
            "root_block_device": [
              {
                "delete_on_termination": true,
                "device_name": "/dev/xvda",
                "encrypted": false,
                "iops": 100,
                "kms_key_id": "",
                "tags": {},
                "throughput": 0,
                "volume_id": "vol-0ec56a986513292de",
                "volume_size": 8,
                "volume_type": "gp2"
              }
            ],
            "secondary_private_ips": [],
            "security_groups": [],
            "source_dest_check": true,
            "subnet_id": "subnet-0861021d8f48da0bc",
            "tags": {
              "billing_code": "ACT8675309",
              "company": "Philmatrix",
              "project": "Philmatrix-web-app"
            },
            "tags_all": {
              "billing_code": "ACT8675309",
              "company": "Philmatrix",
              "project": "Philmatrix-web-app"
            },
            "tenancy": "default",
            "timeouts": null,
            "user_data": null,
            "user_data_base64": null,
            "user_data_replace_on_change": false,
            "volume_tags": null,
            "vpc_security_group_ids": [
              "sg-05003993c9b02e653"
            ]
          },
          "sensitive_attributes": [],
          "private": "eyJlMmJmYjczMC1lY2FhLTExZTYtOGY4OC0zNDM2M2JjN2M0YzAiOnsiY3JlYXRlIjo2MDAwMDAwMDAwMDAsImRlbGV0ZSI6MTIwMDAwMDAwMDAwMCwidXBkYXRlIjo2MDAwMDAwMDAwMDB9LCJzY2hlbWFfdmVyc2lvbiI6IjEifQ==",
          "dependencies": [
            "aws_key_pair.key_pair",
            "aws_security_group.apache-sg",
            "aws_subnet.subnet",
            "aws_vpc.vpc",
            "data.aws_ami.debian-11",
            "data.aws_availability_zones.available",
            "tls_private_key.key_pair"
          ]
        },
        {
          "index_key": 1,
          "schema_version": 1,
          "attributes": {
            "ami": "ami-0d93d81bb4899d4cf",
            "arn": "arn:aws:ec2:eu-west-2:367182624298:instance/i-0dd27ccd811a40961",
            "associate_public_ip_address": true,
            "availability_zone": "eu-west-2b",
            "capacity_reservation_specification": [
              {
                "capacity_reservation_preference": "open",
                "capacity_reservation_target": []
              }
            ],
            "cpu_core_count": 1,
            "cpu_threads_per_core": 1,
            "credit_specification": [
              {
                "cpu_credits": "standard"
              }
            ],
            "disable_api_stop": false,
            "disable_api_termination": false,
            "ebs_block_device": [],
            "ebs_optimized": false,
            "enclave_options": [
              {
                "enabled": false
              }
            ],
            "ephemeral_block_device": [],
            "get_password_data": false,
            "hibernation": false,
            "host_id": "",
            "host_resource_group_arn": null,
            "iam_instance_profile": "",
            "id": "i-0dd27ccd811a40961",
            "instance_initiated_shutdown_behavior": "stop",
            "instance_state": "running",
            "instance_type": "t2.micro",
            "ipv6_address_count": 0,
            "ipv6_addresses": [],
            "key_name": "aws-key-pair",
            "launch_template": [],
            "maintenance_options": [
              {
                "auto_recovery": "default"
              }
            ],
            "metadata_options": [
              {
                "http_endpoint": "enabled",
                "http_put_response_hop_limit": 1,
                "http_tokens": "optional",
                "instance_metadata_tags": "disabled"
              }
            ],
            "monitoring": false,
            "network_interface": [],
            "outpost_arn": "",
            "password_data": "",
            "placement_group": "",
            "placement_partition_number": 0,
            "primary_network_interface_id": "eni-048ba384306cbbd96",
            "private_dns": "ip-10-0-1-189.eu-west-2.compute.internal",
            "private_dns_name_options": [
              {
                "enable_resource_name_dns_a_record": false,
                "enable_resource_name_dns_aaaa_record": false,
                "hostname_type": "ip-name"
              }
            ],
            "private_ip": "10.0.1.189",
            "public_dns": "ec2-18-133-195-124.eu-west-2.compute.amazonaws.com",
            "public_ip": "18.133.195.124",
            "root_block_device": [
              {
                "delete_on_termination": true,
                "device_name": "/dev/xvda",
                "encrypted": false,
                "iops": 100,
                "kms_key_id": "",
                "tags": {},
                "throughput": 0,
                "volume_id": "vol-0560fe099fe224940",
                "volume_size": 8,
                "volume_type": "gp2"
              }
            ],
            "secondary_private_ips": [],
            "security_groups": [],
            "source_dest_check": true,
            "subnet_id": "subnet-08434456460519ef1",
            "tags": {
              "billing_code": "ACT8675309",
              "company": "Philmatrix",
              "project": "Philmatrix-web-app"
            },
            "tags_all": {
              "billing_code": "ACT8675309",
              "company": "Philmatrix",
              "project": "Philmatrix-web-app"
            },
            "tenancy": "default",
            "timeouts": null,
            "user_data": null,
            "user_data_base64": null,
            "user_data_replace_on_change": false,
            "volume_tags": null,
            "vpc_security_group_ids": [
              "sg-05003993c9b02e653"
            ]
          },
          "sensitive_attributes": [],
          "private": "eyJlMmJmYjczMC1lY2FhLTExZTYtOGY4OC0zNDM2M2JjN2M0YzAiOnsiY3JlYXRlIjo2MDAwMDAwMDAwMDAsImRlbGV0ZSI6MTIwMDAwMDAwMDAwMCwidXBkYXRlIjo2MDAwMDAwMDAwMDB9LCJzY2hlbWFfdmVyc2lvbiI6IjEifQ==",
          "dependencies": [
            "aws_key_pair.key_pair",
            "aws_security_group.apache-sg",
            "aws_subnet.subnet",
            "aws_vpc.vpc",
            "data.aws_ami.debian-11",
            "data.aws_availability_zones.available",
            "tls_private_key.key_pair"
          ]
        },
        {
          "index_key": 2,
          "schema_version": 1,
          "attributes": {
            "ami": "ami-0d93d81bb4899d4cf",
            "arn": "arn:aws:ec2:eu-west-2:367182624298:instance/i-01b2e82cf062e8a67",
            "associate_public_ip_address": true,
            "availability_zone": "eu-west-2c",
            "capacity_reservation_specification": [
              {
                "capacity_reservation_preference": "open",
                "capacity_reservation_target": []
              }
            ],
            "cpu_core_count": 1,
            "cpu_threads_per_core": 1,
            "credit_specification": [
              {
                "cpu_credits": "standard"
              }
            ],
            "disable_api_stop": false,
            "disable_api_termination": false,
            "ebs_block_device": [],
            "ebs_optimized": false,
            "enclave_options": [
              {
                "enabled": false
              }
            ],
            "ephemeral_block_device": [],
            "get_password_data": false,
            "hibernation": false,
            "host_id": "",
            "host_resource_group_arn": null,
            "iam_instance_profile": "",
            "id": "i-01b2e82cf062e8a67",
            "instance_initiated_shutdown_behavior": "stop",
            "instance_state": "running",
            "instance_type": "t2.micro",
            "ipv6_address_count": 0,
            "ipv6_addresses": [],
            "key_name": "aws-key-pair",
            "launch_template": [],
            "maintenance_options": [
              {
                "auto_recovery": "default"
              }
            ],
            "metadata_options": [
              {
                "http_endpoint": "enabled",
                "http_put_response_hop_limit": 1,
                "http_tokens": "optional",
                "instance_metadata_tags": "disabled"
              }
            ],
            "monitoring": false,
            "network_interface": [],
            "outpost_arn": "",
            "password_data": "",
            "placement_group": "",
            "placement_partition_number": 0,
            "primary_network_interface_id": "eni-0f1fad4089eb882f9",
            "private_dns": "ip-10-0-2-61.eu-west-2.compute.internal",
            "private_dns_name_options": [
              {
                "enable_resource_name_dns_a_record": false,
                "enable_resource_name_dns_aaaa_record": false,
                "hostname_type": "ip-name"
              }
            ],
            "private_ip": "10.0.2.61",
            "public_dns": "ec2-18-134-98-220.eu-west-2.compute.amazonaws.com",
            "public_ip": "18.134.98.220",
            "root_block_device": [
              {
                "delete_on_termination": true,
                "device_name": "/dev/xvda",
                "encrypted": false,
                "iops": 100,
                "kms_key_id": "",
                "tags": {},
                "throughput": 0,
                "volume_id": "vol-0469eaa6046c6fa37",
                "volume_size": 8,
                "volume_type": "gp2"
              }
            ],
            "secondary_private_ips": [],
            "security_groups": [],
            "source_dest_check": true,
            "subnet_id": "subnet-0ec0759a35a3f84a9",
            "tags": {
              "billing_code": "ACT8675309",
              "company": "Philmatrix",
              "project": "Philmatrix-web-app"
            },
            "tags_all": {
              "billing_code": "ACT8675309",
              "company": "Philmatrix",
              "project": "Philmatrix-web-app"
            },
            "tenancy": "default",
            "timeouts": null,
            "user_data": null,
            "user_data_base64": null,
            "user_data_replace_on_change": false,
            "volume_tags": null,
            "vpc_security_group_ids": [
              "sg-05003993c9b02e653"
            ]
          },
          "sensitive_attributes": [],
          "private": "eyJlMmJmYjczMC1lY2FhLTExZTYtOGY4OC0zNDM2M2JjN2M0YzAiOnsiY3JlYXRlIjo2MDAwMDAwMDAwMDAsImRlbGV0ZSI6MTIwMDAwMDAwMDAwMCwidXBkYXRlIjo2MDAwMDAwMDAwMDB9LCJzY2hlbWFfdmVyc2lvbiI6IjEifQ==",
          "dependencies": [
            "aws_key_pair.key_pair",
            "aws_security_group.apache-sg",
            "aws_subnet.subnet",
            "aws_vpc.vpc",
            "data.aws_ami.debian-11",
            "data.aws_availability_zones.available",
            "tls_private_key.key_pair"
          ]
        }
      ]
    },
    {
      "mode": "managed",
      "type": "aws_internet_gateway",
      "name": "igw",
      "provider": "provider[\"registry.terraform.io/hashicorp/aws\"]",
      "instances": [
        {
          "schema_version": 0,
          "attributes": {
            "arn": "arn:aws:ec2:eu-west-2:367182624298:internet-gateway/igw-061bb8be1513b1b57",
            "id": "igw-061bb8be1513b1b57",
            "owner_id": "367182624298",
            "tags": {
              "billing_code": "ACT8675309",
              "company": "Philmatrix",
              "project": "Philmatrix-web-app"
            },
            "tags_all": {
              "billing_code": "ACT8675309",
              "company": "Philmatrix",
              "project": "Philmatrix-web-app"
            },
            "timeouts": null,
            "vpc_id": "vpc-0f82184863b22330c"
          },
          "sensitive_attributes": [],
          "private": "eyJlMmJmYjczMC1lY2FhLTExZTYtOGY4OC0zNDM2M2JjN2M0YzAiOnsiY3JlYXRlIjoxMjAwMDAwMDAwMDAwLCJkZWxldGUiOjEyMDAwMDAwMDAwMDAsInVwZGF0ZSI6MTIwMDAwMDAwMDAwMH19",
          "dependencies": [
            "aws_vpc.vpc"
          ]
        }
      ]
    },
    {
      "mode": "managed",
      "type": "aws_key_pair",
      "name": "key_pair",
      "provider": "provider[\"registry.terraform.io/hashicorp/aws\"]",
      "instances": [
        {
          "schema_version": 1,
          "attributes": {
            "arn": "arn:aws:ec2:eu-west-2:367182624298:key-pair/aws-key-pair",
            "fingerprint": "e4:89:a5:77:e8:a7:dd:81:f3:a9:6b:bc:9f:c5:8e:7b",
            "id": "aws-key-pair",
            "key_name": "aws-key-pair",
            "key_name_prefix": "",
            "key_pair_id": "key-09e43ff46a98b5d4b",
            "key_type": "rsa",
            "public_key": "ssh-rsa AAAAB3NzaC1yc2EAAAADAQABAAACAQDMjGgqa1vfBjcahRZZkGjbZqJ1ZljmdfBjgbbaUe01zcucl1OD85ooyyVgbicE3Q/Ayykh6CcPaGas4N+HL1zJJ5p2IRevaiI08RfmQvhcIxaAKJ/cIZIq13P79YmZoomEl41trXz+jCoM9lZ5aELtTileBvtphBHLOOa2iKirm9Rc22fd6eF+s4P/OyI2cQI6Ytr5yYKPRLACP5HjjLPJwaK+yGEDXBc7F2522SEEbCUT2FI0oQs4xS/0mcTXUqsQxTYrHrX9yWO57yKXl6V/PVtkYsloPqA7a5YVP8bvPtoxFyolOsLdVH3Ctrg6LgPpg69RCyN89t9OS+pcZytehPdE5ERadEf0PlbFatJ8TT7QjNAqUadjcpQbtopUrCUoq+FSXDg6f8XVPDqGGkFiN6WLBCt+o/vTvrURKWW/KrRVckkBclV9MrN7VkCVdfJxK2bw+SNrUwd5O/W+4TIZTHtZ41VIwT1/G++Kx37bDwpr8BKXrKX4j9nSEXuXVg7YsMZn7xJY4TqYL/4oAYfY8TrMzNRqaGqAtHSjQ/5MoyZk41w6FozRwFZkA9Irwo8Vk5Ccd6iAlRZSInuZtHQpUvZowBZe7iJDoa9iELge2KziRCRhNaPifA0RVSIh8CylAomTSkql3npLC8gbShYqsyn7IwlvhSIZ3TTnJXeslQ==",
            "tags": {},
            "tags_all": {}
          },
          "sensitive_attributes": [],
          "private": "eyJzY2hlbWFfdmVyc2lvbiI6IjEifQ==",
          "dependencies": [
            "tls_private_key.key_pair"
          ]
        }
      ]
    },
    {
      "mode": "managed",
      "type": "aws_lb",
      "name": "apache",
      "provider": "provider[\"registry.terraform.io/hashicorp/aws\"]",
      "instances": [
        {
          "schema_version": 0,
          "attributes": {
            "access_logs": [
              {
                "bucket": "",
                "enabled": false,
                "prefix": ""
              }
            ],
            "arn": "arn:aws:elasticloadbalancing:eu-west-2:367182624298:loadbalancer/app/web-app-lb/1f3e834595c23d82",
            "arn_suffix": "app/web-app-lb/1f3e834595c23d82",
            "customer_owned_ipv4_pool": "",
            "desync_mitigation_mode": "defensive",
            "dns_name": "web-app-lb-1234738456.eu-west-2.elb.amazonaws.com",
            "drop_invalid_header_fields": false,
            "enable_cross_zone_load_balancing": true,
            "enable_deletion_protection": false,
            "enable_http2": true,
            "enable_waf_fail_open": false,
            "id": "arn:aws:elasticloadbalancing:eu-west-2:367182624298:loadbalancer/app/web-app-lb/1f3e834595c23d82",
            "idle_timeout": 60,
            "internal": false,
            "ip_address_type": "ipv4",
            "load_balancer_type": "application",
            "name": "web-app-lb",
            "name_prefix": null,
            "preserve_host_header": false,
            "security_groups": [
              "sg-059db1eab81064fdd"
            ],
            "subnet_mapping": [
              {
                "allocation_id": "",
                "ipv6_address": "",
                "outpost_id": "",
                "private_ipv4_address": "",
                "subnet_id": "subnet-08434456460519ef1"
              },
              {
                "allocation_id": "",
                "ipv6_address": "",
                "outpost_id": "",
                "private_ipv4_address": "",
                "subnet_id": "subnet-0861021d8f48da0bc"
              },
              {
                "allocation_id": "",
                "ipv6_address": "",
                "outpost_id": "",
                "private_ipv4_address": "",
                "subnet_id": "subnet-0ec0759a35a3f84a9"
              }
            ],
            "subnets": [
              "subnet-08434456460519ef1",
              "subnet-0861021d8f48da0bc",
              "subnet-0ec0759a35a3f84a9"
            ],
            "tags": {
              "billing_code": "ACT8675309",
              "company": "Philmatrix",
              "project": "Philmatrix-web-app"
            },
            "tags_all": {
              "billing_code": "ACT8675309",
              "company": "Philmatrix",
              "project": "Philmatrix-web-app"
            },
            "timeouts": null,
            "vpc_id": "vpc-0f82184863b22330c",
            "zone_id": "ZHURV8PSTC4K8"
          },
          "sensitive_attributes": [],
          "private": "eyJlMmJmYjczMC1lY2FhLTExZTYtOGY4OC0zNDM2M2JjN2M0YzAiOnsiY3JlYXRlIjo2MDAwMDAwMDAwMDAsImRlbGV0ZSI6NjAwMDAwMDAwMDAwLCJ1cGRhdGUiOjYwMDAwMDAwMDAwMH19",
          "dependencies": [
            "aws_security_group.lb-sg",
            "aws_subnet.subnet",
            "aws_vpc.vpc",
            "data.aws_availability_zones.available"
          ]
        }
      ]
    },
    {
      "mode": "managed",
      "type": "aws_lb_listener",
      "name": "apache_lb_listener",
      "provider": "provider[\"registry.terraform.io/hashicorp/aws\"]",
      "instances": [
        {
          "schema_version": 0,
          "attributes": {
            "alpn_policy": null,
            "arn": "arn:aws:elasticloadbalancing:eu-west-2:367182624298:listener/app/web-app-lb/1f3e834595c23d82/b94f406e37b14744",
            "certificate_arn": null,
            "default_action": [
              {
                "authenticate_cognito": [],
                "authenticate_oidc": [],
                "fixed_response": [],
                "forward": [],
                "order": 1,
                "redirect": [],
                "target_group_arn": "arn:aws:elasticloadbalancing:eu-west-2:367182624298:targetgroup/web-app-lb-tg/93281faa519dd6f2",
                "type": "forward"
              }
            ],
            "id": "arn:aws:elasticloadbalancing:eu-west-2:367182624298:listener/app/web-app-lb/1f3e834595c23d82/b94f406e37b14744",
            "load_balancer_arn": "arn:aws:elasticloadbalancing:eu-west-2:367182624298:loadbalancer/app/web-app-lb/1f3e834595c23d82",
            "port": 80,
            "protocol": "HTTP",
            "ssl_policy": "",
            "tags": {
              "billing_code": "ACT8675309",
              "company": "Philmatrix",
              "project": "Philmatrix-web-app"
            },
            "tags_all": {
              "billing_code": "ACT8675309",
              "company": "Philmatrix",
              "project": "Philmatrix-web-app"
            },
            "timeouts": null
          },
          "sensitive_attributes": [],
          "private": "eyJlMmJmYjczMC1lY2FhLTExZTYtOGY4OC0zNDM2M2JjN2M0YzAiOnsicmVhZCI6NjAwMDAwMDAwMDAwfX0=",
          "dependencies": [
            "aws_lb.apache",
            "aws_lb_target_group.apache_lb_tg",
            "aws_security_group.lb-sg",
            "aws_subnet.subnet",
            "aws_vpc.vpc",
            "data.aws_availability_zones.available"
          ]
        }
      ]
    },
    {
      "mode": "managed",
      "type": "aws_lb_target_group",
      "name": "apache_lb_tg",
      "provider": "provider[\"registry.terraform.io/hashicorp/aws\"]",
      "instances": [
        {
          "schema_version": 0,
          "attributes": {
            "arn": "arn:aws:elasticloadbalancing:eu-west-2:367182624298:targetgroup/web-app-lb-tg/93281faa519dd6f2",
            "arn_suffix": "targetgroup/web-app-lb-tg/93281faa519dd6f2",
            "connection_termination": false,
            "deregistration_delay": "300",
            "health_check": [
              {
                "enabled": true,
                "healthy_threshold": 5,
                "interval": 30,
                "matcher": "200",
                "path": "/",
                "port": "traffic-port",
                "protocol": "HTTP",
                "timeout": 5,
                "unhealthy_threshold": 2
              }
            ],
            "id": "arn:aws:elasticloadbalancing:eu-west-2:367182624298:targetgroup/web-app-lb-tg/93281faa519dd6f2",
            "ip_address_type": "ipv4",
            "lambda_multi_value_headers_enabled": false,
            "load_balancing_algorithm_type": "round_robin",
            "name": "web-app-lb-tg",
            "name_prefix": null,
            "port": 80,
            "preserve_client_ip": null,
            "protocol": "HTTP",
            "protocol_version": "HTTP1",
            "proxy_protocol_v2": false,
            "slow_start": 0,
            "stickiness": [
              {
                "cookie_duration": 86400,
                "cookie_name": "",
                "enabled": false,
                "type": "lb_cookie"
              }
            ],
            "tags": {
              "billing_code": "ACT8675309",
              "company": "Philmatrix",
              "project": "Philmatrix-web-app"
            },
            "tags_all": {
              "billing_code": "ACT8675309",
              "company": "Philmatrix",
              "project": "Philmatrix-web-app"
            },
            "target_failover": [
              {
                "on_deregistration": null,
                "on_unhealthy": null
              }
            ],
            "target_type": "instance",
            "vpc_id": "vpc-0f82184863b22330c"
          },
          "sensitive_attributes": [],
          "private": "bnVsbA==",
          "dependencies": [
            "aws_vpc.vpc"
          ]
        }
      ]
    },
    {
      "mode": "managed",
      "type": "aws_lb_target_group_attachment",
      "name": "web_server",
      "provider": "provider[\"registry.terraform.io/hashicorp/aws\"]",
      "instances": [
        {
          "index_key": 0,
          "schema_version": 0,
          "attributes": {
            "availability_zone": null,
            "id": "arn:aws:elasticloadbalancing:eu-west-2:367182624298:targetgroup/web-app-lb-tg/93281faa519dd6f2-20230207014945926800000005",
            "port": 80,
            "target_group_arn": "arn:aws:elasticloadbalancing:eu-west-2:367182624298:targetgroup/web-app-lb-tg/93281faa519dd6f2",
            "target_id": "i-018606b29dc376490"
          },
          "sensitive_attributes": [],
          "private": "bnVsbA==",
          "dependencies": [
            "aws_instance.web_server",
            "aws_key_pair.key_pair",
            "aws_lb_target_group.apache_lb_tg",
            "aws_security_group.apache-sg",
            "aws_subnet.subnet",
            "aws_vpc.vpc",
            "data.aws_ami.debian-11",
            "data.aws_availability_zones.available",
            "tls_private_key.key_pair"
          ]
        },
        {
          "index_key": 1,
          "schema_version": 0,
          "attributes": {
            "availability_zone": null,
            "id": "arn:aws:elasticloadbalancing:eu-west-2:367182624298:targetgroup/web-app-lb-tg/93281faa519dd6f2-20230207014946345400000007",
            "port": 80,
            "target_group_arn": "arn:aws:elasticloadbalancing:eu-west-2:367182624298:targetgroup/web-app-lb-tg/93281faa519dd6f2",
            "target_id": "i-0dd27ccd811a40961"
          },
          "sensitive_attributes": [],
          "private": "bnVsbA==",
          "dependencies": [
            "aws_instance.web_server",
            "aws_key_pair.key_pair",
            "aws_lb_target_group.apache_lb_tg",
            "aws_security_group.apache-sg",
            "aws_subnet.subnet",
            "aws_vpc.vpc",
            "data.aws_ami.debian-11",
            "data.aws_availability_zones.available",
            "tls_private_key.key_pair"
          ]
        },
        {
          "index_key": 2,
          "schema_version": 0,
          "attributes": {
            "availability_zone": null,
            "id": "arn:aws:elasticloadbalancing:eu-west-2:367182624298:targetgroup/web-app-lb-tg/93281faa519dd6f2-20230207014946134800000006",
            "port": 80,
            "target_group_arn": "arn:aws:elasticloadbalancing:eu-west-2:367182624298:targetgroup/web-app-lb-tg/93281faa519dd6f2",
            "target_id": "i-01b2e82cf062e8a67"
          },
          "sensitive_attributes": [],
          "private": "bnVsbA==",
          "dependencies": [
            "aws_instance.web_server",
            "aws_key_pair.key_pair",
            "aws_lb_target_group.apache_lb_tg",
            "aws_security_group.apache-sg",
            "aws_subnet.subnet",
            "aws_vpc.vpc",
            "data.aws_ami.debian-11",
            "data.aws_availability_zones.available",
            "tls_private_key.key_pair"
          ]
        }
      ]
    },
    {
      "mode": "managed",
      "type": "aws_route53_record",
      "name": "apache",
      "provider": "provider[\"registry.terraform.io/hashicorp/aws\"]",
      "instances": [
        {
          "schema_version": 2,
          "attributes": {
            "alias": [
              {
                "evaluate_target_health": true,
                "name": "web-app-lb-1234738456.eu-west-2.elb.amazonaws.com",
                "zone_id": "ZHURV8PSTC4K8"
              }
            ],
            "allow_overwrite": null,
            "failover_routing_policy": [],
            "fqdn": "philipnwachukwu.ml",
            "geolocation_routing_policy": [],
            "health_check_id": "",
            "id": "Z0098134YOTTLKK7W64R_philipnwachukwu.ml_A",
            "latency_routing_policy": [],
            "multivalue_answer_routing_policy": false,
            "name": "philipnwachukwu.ml",
            "records": [],
            "set_identifier": "",
            "ttl": 0,
            "type": "A",
            "weighted_routing_policy": [],
            "zone_id": "Z0098134YOTTLKK7W64R"
          },
          "sensitive_attributes": [],
          "private": "eyJzY2hlbWFfdmVyc2lvbiI6IjIifQ==",
          "dependencies": [
            "aws_lb.apache",
            "aws_route53_zone.apache",
            "aws_security_group.lb-sg",
            "aws_subnet.subnet",
            "aws_vpc.vpc",
            "data.aws_availability_zones.available"
          ]
        }
      ]
    },
    {
      "mode": "managed",
      "type": "aws_route53_record",
      "name": "ns",
      "provider": "provider[\"registry.terraform.io/hashicorp/aws\"]",
      "instances": [
        {
          "schema_version": 2,
          "attributes": {
            "alias": [],
            "allow_overwrite": true,
            "failover_routing_policy": [],
            "fqdn": "philipnwachukwu.ml",
            "geolocation_routing_policy": [],
            "health_check_id": "",
            "id": "Z0098134YOTTLKK7W64R_philipnwachukwu.ml_NS",
            "latency_routing_policy": [],
            "multivalue_answer_routing_policy": false,
            "name": "philipnwachukwu.ml",
            "records": [
              "ns-1436.awsdns-51.org",
              "ns-1606.awsdns-08.co.uk",
              "ns-163.awsdns-20.com",
              "ns-562.awsdns-06.net"
            ],
            "set_identifier": "",
            "ttl": 172800,
            "type": "NS",
            "weighted_routing_policy": [],
            "zone_id": "Z0098134YOTTLKK7W64R"
          },
          "sensitive_attributes": [],
          "private": "eyJzY2hlbWFfdmVyc2lvbiI6IjIifQ==",
          "dependencies": [
            "aws_route53_zone.apache"
          ]
        }
      ]
    },
    {
      "mode": "managed",
      "type": "aws_route53_record",
      "name": "terraform-test",
      "provider": "provider[\"registry.terraform.io/hashicorp/aws\"]",
      "instances": [
        {
          "schema_version": 2,
          "attributes": {
            "alias": [
              {
                "evaluate_target_health": true,
                "name": "web-app-lb-1234738456.eu-west-2.elb.amazonaws.com",
                "zone_id": "ZHURV8PSTC4K8"
              }
            ],
            "allow_overwrite": null,
            "failover_routing_policy": [],
            "fqdn": "terraform-test.philipnwachukwu.ml",
            "geolocation_routing_policy": [],
            "health_check_id": "",
            "id": "Z0098134YOTTLKK7W64R_terraform-test.philipnwachukwu.ml_A",
            "latency_routing_policy": [],
            "multivalue_answer_routing_policy": false,
            "name": "terraform-test.philipnwachukwu.ml",
            "records": [],
            "set_identifier": "",
            "ttl": 0,
            "type": "A",
            "weighted_routing_policy": [],
            "zone_id": "Z0098134YOTTLKK7W64R"
          },
          "sensitive_attributes": [],
          "private": "eyJzY2hlbWFfdmVyc2lvbiI6IjIifQ==",
          "dependencies": [
            "aws_lb.apache",
            "aws_route53_zone.apache",
            "aws_security_group.lb-sg",
            "aws_subnet.subnet",
            "aws_vpc.vpc",
            "data.aws_availability_zones.available"
          ]
        }
      ]
    },
    {
      "mode": "managed",
      "type": "aws_route53_record",
      "name": "www",
      "provider": "provider[\"registry.terraform.io/hashicorp/aws\"]",
      "instances": [
        {
          "schema_version": 2,
          "attributes": {
            "alias": [],
            "allow_overwrite": null,
            "failover_routing_policy": [],
            "fqdn": "www.philipnwachukwu.ml",
            "geolocation_routing_policy": [],
            "health_check_id": "",
            "id": "Z0098134YOTTLKK7W64R_www.philipnwachukwu.ml_CNAME",
            "latency_routing_policy": [],
            "multivalue_answer_routing_policy": false,
            "name": "www.philipnwachukwu.ml",
            "records": [
              "web-app-lb-1234738456.eu-west-2.elb.amazonaws.com"
            ],
            "set_identifier": "",
            "ttl": 3600,
            "type": "CNAME",
            "weighted_routing_policy": [],
            "zone_id": "Z0098134YOTTLKK7W64R"
          },
          "sensitive_attributes": [],
          "private": "eyJzY2hlbWFfdmVyc2lvbiI6IjIifQ==",
          "dependencies": [
            "aws_lb.apache",
            "aws_route53_zone.apache",
            "aws_security_group.lb-sg",
            "aws_subnet.subnet",
            "aws_vpc.vpc",
            "data.aws_availability_zones.available"
          ]
        }
      ]
    },
    {
      "mode": "managed",
      "type": "aws_route53_zone",
      "name": "apache",
      "provider": "provider[\"registry.terraform.io/hashicorp/aws\"]",
      "instances": [
        {
          "schema_version": 0,
          "attributes": {
            "arn": "arn:aws:route53:::hostedzone/Z0098134YOTTLKK7W64R",
            "comment": "Managed by Terraform",
            "delegation_set_id": "",
            "force_destroy": false,
            "id": "Z0098134YOTTLKK7W64R",
            "name": "philipnwachukwu.ml",
            "name_servers": [
              "ns-1436.awsdns-51.org",
              "ns-1606.awsdns-08.co.uk",
              "ns-163.awsdns-20.com",
              "ns-562.awsdns-06.net"
            ],
            "primary_name_server": "ns-562.awsdns-06.net",
            "tags": {},
            "tags_all": {},
            "vpc": [],
            "zone_id": "Z0098134YOTTLKK7W64R"
          },
          "sensitive_attributes": [],
          "private": "bnVsbA=="
        }
      ]
    },
    {
      "mode": "managed",
      "type": "aws_route_table",
      "name": "rtb",
      "provider": "provider[\"registry.terraform.io/hashicorp/aws\"]",
      "instances": [
        {
          "schema_version": 0,
          "attributes": {
            "arn": "arn:aws:ec2:eu-west-2:367182624298:route-table/rtb-02b087976bdd3f774",
            "id": "rtb-02b087976bdd3f774",
            "owner_id": "367182624298",
            "propagating_vgws": [],
            "route": [
              {
                "carrier_gateway_id": "",
                "cidr_block": "0.0.0.0/0",
                "core_network_arn": "",
                "destination_prefix_list_id": "",
                "egress_only_gateway_id": "",
                "gateway_id": "igw-061bb8be1513b1b57",
                "instance_id": "",
                "ipv6_cidr_block": "",
                "local_gateway_id": "",
                "nat_gateway_id": "",
                "network_interface_id": "",
                "transit_gateway_id": "",
                "vpc_endpoint_id": "",
                "vpc_peering_connection_id": ""
              }
            ],
            "tags": {
              "billing_code": "ACT8675309",
              "company": "Philmatrix",
              "project": "Philmatrix-web-app"
            },
            "tags_all": {
              "billing_code": "ACT8675309",
              "company": "Philmatrix",
              "project": "Philmatrix-web-app"
            },
            "timeouts": null,
            "vpc_id": "vpc-0f82184863b22330c"
          },
          "sensitive_attributes": [],
          "private": "eyJlMmJmYjczMC1lY2FhLTExZTYtOGY4OC0zNDM2M2JjN2M0YzAiOnsiY3JlYXRlIjozMDAwMDAwMDAwMDAsImRlbGV0ZSI6MzAwMDAwMDAwMDAwLCJ1cGRhdGUiOjEyMDAwMDAwMDAwMH19",
          "dependencies": [
            "aws_internet_gateway.igw",
            "aws_vpc.vpc"
          ]
        }
      ]
    },
    {
      "mode": "managed",
      "type": "aws_route_table_association",
      "name": "rta",
      "provider": "provider[\"registry.terraform.io/hashicorp/aws\"]",
      "instances": [
        {
          "index_key": 0,
          "schema_version": 0,
          "attributes": {
            "gateway_id": "",
            "id": "rtbassoc-0a7601284b884e043",
            "route_table_id": "rtb-02b087976bdd3f774",
            "subnet_id": "subnet-0861021d8f48da0bc"
          },
          "sensitive_attributes": [],
          "private": "bnVsbA==",
          "dependencies": [
            "aws_internet_gateway.igw",
            "aws_route_table.rtb",
            "aws_subnet.subnet",
            "aws_vpc.vpc",
            "data.aws_availability_zones.available"
          ]
        },
        {
          "index_key": 1,
          "schema_version": 0,
          "attributes": {
            "gateway_id": "",
            "id": "rtbassoc-05e460e04457b049d",
            "route_table_id": "rtb-02b087976bdd3f774",
            "subnet_id": "subnet-08434456460519ef1"
          },
          "sensitive_attributes": [],
          "private": "bnVsbA==",
          "dependencies": [
            "aws_internet_gateway.igw",
            "aws_route_table.rtb",
            "aws_subnet.subnet",
            "aws_vpc.vpc",
            "data.aws_availability_zones.available"
          ]
        },
        {
          "index_key": 2,
          "schema_version": 0,
          "attributes": {
            "gateway_id": "",
            "id": "rtbassoc-0b4102d59b59f836a",
            "route_table_id": "rtb-02b087976bdd3f774",
            "subnet_id": "subnet-0ec0759a35a3f84a9"
          },
          "sensitive_attributes": [],
          "private": "bnVsbA==",
          "dependencies": [
            "aws_internet_gateway.igw",
            "aws_route_table.rtb",
            "aws_subnet.subnet",
            "aws_vpc.vpc",
            "data.aws_availability_zones.available"
          ]
        }
      ]
    },
    {
      "mode": "managed",
      "type": "aws_security_group",
      "name": "apache-sg",
      "provider": "provider[\"registry.terraform.io/hashicorp/aws\"]",
      "instances": [
        {
          "schema_version": 1,
          "attributes": {
            "arn": "arn:aws:ec2:eu-west-2:367182624298:security-group/sg-05003993c9b02e653",
            "description": "Managed by Terraform",
            "egress": [
              {
                "cidr_blocks": [
                  "0.0.0.0/0"
                ],
                "description": "",
                "from_port": 0,
                "ipv6_cidr_blocks": [],
                "prefix_list_ids": [],
                "protocol": "-1",
                "security_groups": [],
                "self": false,
                "to_port": 0
              }
            ],
            "id": "sg-05003993c9b02e653",
            "ingress": [
              {
                "cidr_blocks": [
                  "0.0.0.0/0"
                ],
                "description": "",
                "from_port": 22,
                "ipv6_cidr_blocks": [],
                "prefix_list_ids": [],
                "protocol": "tcp",
                "security_groups": [],
                "self": false,
                "to_port": 22
              },
              {
                "cidr_blocks": [
                  "10.0.0.0/16"
                ],
                "description": "",
                "from_port": 80,
                "ipv6_cidr_blocks": [],
                "prefix_list_ids": [],
                "protocol": "tcp",
                "security_groups": [],
                "self": false,
                "to_port": 80
              }
            ],
            "name": "apache-sg",
            "name_prefix": "",
            "owner_id": "367182624298",
            "revoke_rules_on_delete": false,
            "tags": {
              "billing_code": "ACT8675309",
              "company": "Philmatrix",
              "project": "Philmatrix-web-app"
            },
            "tags_all": {
              "billing_code": "ACT8675309",
              "company": "Philmatrix",
              "project": "Philmatrix-web-app"
            },
            "timeouts": null,
            "vpc_id": "vpc-0f82184863b22330c"
          },
          "sensitive_attributes": [],
          "private": "eyJlMmJmYjczMC1lY2FhLTExZTYtOGY4OC0zNDM2M2JjN2M0YzAiOnsiY3JlYXRlIjo2MDAwMDAwMDAwMDAsImRlbGV0ZSI6OTAwMDAwMDAwMDAwfSwic2NoZW1hX3ZlcnNpb24iOiIxIn0=",
          "dependencies": [
            "aws_vpc.vpc"
          ]
        }
      ]
    },
    {
      "mode": "managed",
      "type": "aws_security_group",
      "name": "lb-sg",
      "provider": "provider[\"registry.terraform.io/hashicorp/aws\"]",
      "instances": [
        {
          "schema_version": 1,
          "attributes": {
            "arn": "arn:aws:ec2:eu-west-2:367182624298:security-group/sg-059db1eab81064fdd",
            "description": "Managed by Terraform",
            "egress": [
              {
                "cidr_blocks": [
                  "0.0.0.0/0"
                ],
                "description": "",
                "from_port": 0,
                "ipv6_cidr_blocks": [],
                "prefix_list_ids": [],
                "protocol": "-1",
                "security_groups": [],
                "self": false,
                "to_port": 0
              }
            ],
            "id": "sg-059db1eab81064fdd",
            "ingress": [
              {
                "cidr_blocks": [
                  "0.0.0.0/0"
                ],
                "description": "",
                "from_port": 80,
                "ipv6_cidr_blocks": [],
                "prefix_list_ids": [],
                "protocol": "tcp",
                "security_groups": [],
                "self": false,
                "to_port": 80
              }
            ],
            "name": "apache-lb-sh",
            "name_prefix": "",
            "owner_id": "367182624298",
            "revoke_rules_on_delete": false,
            "tags": {
              "billing_code": "ACT8675309",
              "company": "Philmatrix",
              "project": "Philmatrix-web-app"
            },
            "tags_all": {
              "billing_code": "ACT8675309",
              "company": "Philmatrix",
              "project": "Philmatrix-web-app"
            },
            "timeouts": null,
            "vpc_id": "vpc-0f82184863b22330c"
          },
          "sensitive_attributes": [],
          "private": "eyJlMmJmYjczMC1lY2FhLTExZTYtOGY4OC0zNDM2M2JjN2M0YzAiOnsiY3JlYXRlIjo2MDAwMDAwMDAwMDAsImRlbGV0ZSI6OTAwMDAwMDAwMDAwfSwic2NoZW1hX3ZlcnNpb24iOiIxIn0=",
          "dependencies": [
            "aws_vpc.vpc"
          ]
        }
      ]
    },
    {
      "mode": "managed",
      "type": "aws_subnet",
      "name": "subnet",
      "provider": "provider[\"registry.terraform.io/hashicorp/aws\"]",
      "instances": [
        {
          "index_key": 0,
          "schema_version": 1,
          "attributes": {
            "arn": "arn:aws:ec2:eu-west-2:367182624298:subnet/subnet-0861021d8f48da0bc",
            "assign_ipv6_address_on_creation": false,
            "availability_zone": "eu-west-2a",
            "availability_zone_id": "euw2-az2",
            "cidr_block": "10.0.0.0/24",
            "customer_owned_ipv4_pool": "",
            "enable_dns64": false,
            "enable_resource_name_dns_a_record_on_launch": false,
            "enable_resource_name_dns_aaaa_record_on_launch": false,
            "id": "subnet-0861021d8f48da0bc",
            "ipv6_cidr_block": "",
            "ipv6_cidr_block_association_id": "",
            "ipv6_native": false,
            "map_customer_owned_ip_on_launch": false,
            "map_public_ip_on_launch": true,
            "outpost_arn": "",
            "owner_id": "367182624298",
            "private_dns_hostname_type_on_launch": "ip-name",
            "tags": {
              "billing_code": "ACT8675309",
              "company": "Philmatrix",
              "project": "Philmatrix-web-app"
            },
            "tags_all": {
              "billing_code": "ACT8675309",
              "company": "Philmatrix",
              "project": "Philmatrix-web-app"
            },
            "timeouts": null,
            "vpc_id": "vpc-0f82184863b22330c"
          },
          "sensitive_attributes": [],
          "private": "eyJlMmJmYjczMC1lY2FhLTExZTYtOGY4OC0zNDM2M2JjN2M0YzAiOnsiY3JlYXRlIjo2MDAwMDAwMDAwMDAsImRlbGV0ZSI6MTIwMDAwMDAwMDAwMH0sInNjaGVtYV92ZXJzaW9uIjoiMSJ9",
          "dependencies": [
            "aws_vpc.vpc",
            "data.aws_availability_zones.available"
          ]
        },
        {
          "index_key": 1,
          "schema_version": 1,
          "attributes": {
            "arn": "arn:aws:ec2:eu-west-2:367182624298:subnet/subnet-08434456460519ef1",
            "assign_ipv6_address_on_creation": false,
            "availability_zone": "eu-west-2b",
            "availability_zone_id": "euw2-az3",
            "cidr_block": "10.0.1.0/24",
            "customer_owned_ipv4_pool": "",
            "enable_dns64": false,
            "enable_resource_name_dns_a_record_on_launch": false,
            "enable_resource_name_dns_aaaa_record_on_launch": false,
            "id": "subnet-08434456460519ef1",
            "ipv6_cidr_block": "",
            "ipv6_cidr_block_association_id": "",
            "ipv6_native": false,
            "map_customer_owned_ip_on_launch": false,
            "map_public_ip_on_launch": true,
            "outpost_arn": "",
            "owner_id": "367182624298",
            "private_dns_hostname_type_on_launch": "ip-name",
            "tags": {
              "billing_code": "ACT8675309",
              "company": "Philmatrix",
              "project": "Philmatrix-web-app"
            },
            "tags_all": {
              "billing_code": "ACT8675309",
              "company": "Philmatrix",
              "project": "Philmatrix-web-app"
            },
            "timeouts": null,
            "vpc_id": "vpc-0f82184863b22330c"
          },
          "sensitive_attributes": [],
          "private": "eyJlMmJmYjczMC1lY2FhLTExZTYtOGY4OC0zNDM2M2JjN2M0YzAiOnsiY3JlYXRlIjo2MDAwMDAwMDAwMDAsImRlbGV0ZSI6MTIwMDAwMDAwMDAwMH0sInNjaGVtYV92ZXJzaW9uIjoiMSJ9",
          "dependencies": [
            "aws_vpc.vpc",
            "data.aws_availability_zones.available"
          ]
        },
        {
          "index_key": 2,
          "schema_version": 1,
          "attributes": {
            "arn": "arn:aws:ec2:eu-west-2:367182624298:subnet/subnet-0ec0759a35a3f84a9",
            "assign_ipv6_address_on_creation": false,
            "availability_zone": "eu-west-2c",
            "availability_zone_id": "euw2-az1",
            "cidr_block": "10.0.2.0/24",
            "customer_owned_ipv4_pool": "",
            "enable_dns64": false,
            "enable_resource_name_dns_a_record_on_launch": false,
            "enable_resource_name_dns_aaaa_record_on_launch": false,
            "id": "subnet-0ec0759a35a3f84a9",
            "ipv6_cidr_block": "",
            "ipv6_cidr_block_association_id": "",
            "ipv6_native": false,
            "map_customer_owned_ip_on_launch": false,
            "map_public_ip_on_launch": true,
            "outpost_arn": "",
            "owner_id": "367182624298",
            "private_dns_hostname_type_on_launch": "ip-name",
            "tags": {
              "billing_code": "ACT8675309",
              "company": "Philmatrix",
              "project": "Philmatrix-web-app"
            },
            "tags_all": {
              "billing_code": "ACT8675309",
              "company": "Philmatrix",
              "project": "Philmatrix-web-app"
            },
            "timeouts": null,
            "vpc_id": "vpc-0f82184863b22330c"
          },
          "sensitive_attributes": [],
          "private": "eyJlMmJmYjczMC1lY2FhLTExZTYtOGY4OC0zNDM2M2JjN2M0YzAiOnsiY3JlYXRlIjo2MDAwMDAwMDAwMDAsImRlbGV0ZSI6MTIwMDAwMDAwMDAwMH0sInNjaGVtYV92ZXJzaW9uIjoiMSJ9",
          "dependencies": [
            "aws_vpc.vpc",
            "data.aws_availability_zones.available"
          ]
        }
      ]
    },
    {
      "mode": "managed",
      "type": "aws_vpc",
      "name": "vpc",
      "provider": "provider[\"registry.terraform.io/hashicorp/aws\"]",
      "instances": [
        {
          "schema_version": 1,
          "attributes": {
            "arn": "arn:aws:ec2:eu-west-2:367182624298:vpc/vpc-0f82184863b22330c",
            "assign_generated_ipv6_cidr_block": false,
            "cidr_block": "10.0.0.0/16",
            "default_network_acl_id": "acl-0a004d23333dbd34f",
            "default_route_table_id": "rtb-0be9a3f346df6586b",
            "default_security_group_id": "sg-07dd56b5888d4294f",
            "dhcp_options_id": "dopt-089b5ae90ba7cbbb4",
            "enable_classiclink": false,
            "enable_classiclink_dns_support": false,
            "enable_dns_hostnames": true,
            "enable_dns_support": true,
            "enable_network_address_usage_metrics": false,
            "id": "vpc-0f82184863b22330c",
            "instance_tenancy": "default",
            "ipv4_ipam_pool_id": null,
            "ipv4_netmask_length": null,
            "ipv6_association_id": "",
            "ipv6_cidr_block": "",
            "ipv6_cidr_block_network_border_group": "",
            "ipv6_ipam_pool_id": "",
            "ipv6_netmask_length": 0,
            "main_route_table_id": "rtb-0be9a3f346df6586b",
            "owner_id": "367182624298",
            "tags": {
              "billing_code": "ACT8675309",
              "company": "Philmatrix",
              "project": "Philmatrix-web-app"
            },
            "tags_all": {
              "billing_code": "ACT8675309",
              "company": "Philmatrix",
              "project": "Philmatrix-web-app"
            }
          },
          "sensitive_attributes": [],
          "private": "eyJzY2hlbWFfdmVyc2lvbiI6IjEifQ=="
        }
      ]
    },
    {
      "mode": "managed",
      "type": "local_file",
      "name": "instance_ip",
      "provider": "provider[\"registry.terraform.io/hashicorp/local\"]",
      "instances": [
        {
          "schema_version": 0,
          "attributes": {
            "content": "      [webserver]\r\n      18.170.230.50 \r\n      18.133.195.124 \r\n      18.134.98.220 \r\n",
            "content_base64": null,
            "directory_permission": "0777",
            "file_permission": "0777",
            "filename": "/vagrant/altschool_cloud_projects/Terraform_project/ansible/host-inventory",
            "id": "f70ceaf7e0d045a6928a54449df21156e6f44229",
            "sensitive_content": null,
            "source": null
          },
          "sensitive_attributes": [],
          "dependencies": [
            "aws_instance.web_server",
            "aws_key_pair.key_pair",
            "aws_security_group.apache-sg",
            "aws_subnet.subnet",
            "aws_vpc.vpc",
            "data.aws_ami.debian-11",
            "data.aws_availability_zones.available",
            "tls_private_key.key_pair"
          ]
        }
      ]
    },
    {
      "mode": "managed",
      "type": "local_file",
      "name": "ssh_key",
      "provider": "provider[\"registry.terraform.io/hashicorp/local\"]",
      "instances": [
        {
          "schema_version": 0,
          "attributes": {
            "content": "-----BEGIN RSA PRIVATE KEY-----\nMIIJKQIBAAKCAgEAzIxoKmtb3wY3GoUWWZBo22aidWZY5nXwY4G22lHtNc3LnJdT\ng/OaKMslYG4nBN0PwMspIegnD2hmrODfhy9cySeadiEXr2oiNPEX5kL4XCMWgCif\n3CGSKtdz+/WJmaKJhJeNba18/owqDPZWeWhC7U4pXgb7aYQRyzjmtoioq5vUXNtn\n3enhfrOD/zsiNnECOmLa+cmCj0SwAj+R44yzycGivshhA1wXOxdudtkhBGwlE9hS\nNKELOMUv9JnE11KrEMU2Kx61/cljue8il5elfz1bZGLJaD6gO2uWFT/G7z7aMRcq\nJTrC3VR9wra4Oi4D6YOvUQsjfPbfTkvqXGcrXoT3ROREWnRH9D5WxWrSfE0+0IzQ\nKlGnY3KUG7aKVKwlKKvhUlw4On/F1Tw6hhpBYjeliwQrfqP70761ESllvyq0VXJJ\nAXJVfTKze1ZAlXXycStm8Pkja1MHeTv1vuEyGUx7WeNVSME9fxvvisd+2w8Ka/AS\nl6yl+I/Z0hF7l1YO2LDGZ+8SWOE6mC/+KAGH2PE6zMzUamhqgLR0o0P+TKMmZONc\nOhaM0cBWZAPSK8KPFZOQnHeogJUWUiJ7mbR0KVL2aMAWXu4iQ6GvYhC4Htis4kQk\nYTWj4nwNEVUiIfAspQKJk0pKpd56SwvIG0oWKrMp+yMJb4UiGd005yV3rJUCAwEA\nAQKCAgEAtdoKbdQezIwBB3HU6fGqV4zK2GcSmGm4Oy9CepylsNTytZgP5tr3blcV\nNsMXq4pBjBzSx9NWjqs5xW7zK4OfETNFbsqC/S/1k23Y2p0lovyK74uufA3YnoAI\nHLQyDkXjzt7SHPVFkCTa6cVEIhHglouL2Y2JjUiebTd8XkHm+xLCXX+uuytIj9VX\nf9150D7uRSxIFBTkHy1o8cbElDIuUSv23XjWTx9bg+yUB9OIOB9RY3BJvYKDsIgW\n13ax+uEDNxitzO4zzJp0MAT7kxx+RT4ud3QgLa6n08wVlXSrD16oq0Y18P1p605H\ntImwBgGM9tldT0cA2QO+iiSSCm6qrXmUVPLZ95YJ3ksY6zk08LrCgkSco/KuVr/y\ni6cfn9jGxqjH84bUsZfUiAH5uvT4VktFIKJ+NY0PCiuq8/ptmy5Oz4bddjtnD6gG\no9ppWiTD6ea+Zd6gKdOwysM8H/+MnUK23KOpFB0OS0nu3Gg3XWiB9PY1I4ewCbvt\nPGkkENuUySssXO3AudD79bG7P8QPybn8dGMxIiPk8t4uW66CvVVYhUSmicPDrJEo\n5yI3JW6Tv6a/MKU8aG3XLctVhi5qQ28slcflP4iXZbh7WxLOmVhDjU31FaiRJMif\nrhua1jmglfyBBFsztiXzba/cfPyeJtGGbqxS2laalWEsycmrXEECggEBAOz0HY5U\nCGbHJIqPyXTpRFDd8Y/YjBVnNYDVin7M9bMIgAxTcfvJvTktfnOeazFulpL4UaA2\nL0mmA4UVGFsibO0p4dWVVsHtge1BIai50VlHHbgjwaJHGMmfWH4bn1fos2IyS7yj\nwwInBvZ57RnMzh+lCskPExUwp2CyyJC8Yirapy0vi/N7J3IvwUM4WLHD84KrcavB\nLFgF9l/KU9l1JyOvfT/VD79G2+mU7lOjoZTWIEIozjSnOVTeqAR+o1fT6E1ft5r2\noBXikLcPJJ+Uxgedi/6VmnOG544HhvCf4oWiBWYffI7+MvDF5EOvoKBkecWNaBi9\nHnFGiNcTOmXqs8UCggEBANz9eqKpiAnQmYzBd/xlOi8ckzEL4SVYURECQRYoRlF0\nJh073Ko6PwX0Qry9NkrdEjwGdOVxGlCru0XSQVKGRkJUe/qrmpYyRJ+/3WR63q0H\nbJaVDOWXJm3I/WTe9st1My3xloVlmrixcEszaO57XRKebOwlcWev8M7hwWec3KwK\n3gC3NbX14S8LX2LoJ0AgI40fNGVOrMAefgp58dx9RnxOV/6Dkus61X45f8wx5eqQ\nT5xyThK44U6ELaduWClv7ZrsGOaLTUSPBY74/r0MvrdjS0fhWoeBmoT5foPgMwhb\nHIvFX5C6Q5VTsEUJ/UUjjEt12ObDiG+4zbBnq9mUEpECggEACU51MrfeNJsxtjd7\nhBn9UufEqw+oQNby5QJ+FAjcxZFZ5iII4gjEY9CDnOrl7uUXCOKz4gT+yne4v6ta\nb4nkmVQByK+63pcDeVwLhGL38/e1FRxiaIs+T/zwLtPK6Fr9YKf1DY2pBRafUWLs\niwzeM6P5znfHGhf1Gvkqo3Sirmg0FLQ/XOrDW9rATnGSGjlGASXWqxZFNZfWW2DI\n9kuBpAcqdi1aFvsjfAMbcTGGESBv1+leX/cJa2nrU3Hd3H84KoHN5ko1c2aYpHf1\nyka/mGD5tKAPluX/hjaJeD3vWaxJZf9qlvso6Qf8tSPavTH1DmtFYWNcJLrOeRQK\nQSJ8uQKCAQEApV2ktC3qV3XaQSLQ93SESpa2akA6dSiWWQT30W3H2NHyZ3PRFyzI\n1lrGyddI1lKBf5tRRBQTngQz+fZw3SEPWDlCIPzii7wH8Aax06vCD3Z7wl68rN0j\na4m4XBAgW3VTG/EpMp8qXUSiBBPvVG3J4tHcLgWCzBUzPIxgnnkaBD+Jir2OGqBo\npjx7X1bbcDfcgpC0M47g5E6tAIfp/ZVc9k3luNWaTh3TfkXmpNU99/2PJUG/vHDO\nYGO2ihCfNjrEcWZ056eb5U6k2Szn6m2sFSzfO2WdycKo7xKHooVVis4rGUhTz8gi\nJI7gW3kzJdaI+DqyWVQ+N2PxvyyEwybzkQKCAQBob+pOmQETF/gl7JbBXZtMMLK4\nRCI10ym32uGaa0y/ywZQ381qdo/O1zFciZP4b9izWPU6O8nWvYbtdfIqqjn4/eIG\nFEP40y+qHcjAuAtXV17TJH9fMLedNtfld5zwbVa7tgh9k4ZCNkTxg1xH5hG8Ay4D\nDTdtg5skwu6SceurTwveQ6bhBbbUirp4HA1JxHZL2yxyxGuTi72a5Ib3rvz5/2nM\nygqM9WM2FNBYIZz9IfxNfu/o2wff0Co4JfUvSoVq/RbSJ3X7FkI9SAOAF4KNQ8gl\neltLtMRzYTvE/S/leBjezCsIfuE61Oy4rVOyn6A3E2TKXseMnp/NtH3Vk6lI\n-----END RSA PRIVATE KEY-----\n",
            "content_base64": null,
            "directory_permission": "700",
            "file_permission": "400",
            "filename": "/root/.ssh/aws-key-pair.pem",
            "id": "9e4ff9ed6673c4b17b929554d3b12b77846ad82c",
            "sensitive_content": null,
            "source": null
          },
          "sensitive_attributes": [
            [
              {
                "type": "get_attr",
                "value": "content"
              }
            ]
          ],
          "dependencies": [
            "aws_key_pair.key_pair",
            "tls_private_key.key_pair"
          ]
        }
      ]
    },
    {
      "mode": "managed",
      "type": "null_resource",
      "name": "remote-exec",
      "provider": "provider[\"registry.terraform.io/hashicorp/null\"]",
      "instances": [
        {
          "schema_version": 0,
          "attributes": {
            "id": "9048407465658678179",
            "triggers": null
          },
          "sensitive_attributes": [],
          "dependencies": [
            "aws_instance.web_server",
            "aws_key_pair.key_pair",
            "aws_security_group.apache-sg",
            "aws_subnet.subnet",
            "aws_vpc.vpc",
            "data.aws_ami.debian-11",
            "data.aws_availability_zones.available",
            "tls_private_key.key_pair"
          ]
        }
      ]
    },
    {
      "mode": "managed",
      "type": "tls_private_key",
      "name": "key_pair",
      "provider": "provider[\"registry.terraform.io/hashicorp/tls\"]",
      "instances": [
        {
          "schema_version": 1,
          "attributes": {
            "algorithm": "RSA",
            "ecdsa_curve": "P224",
            "id": "f829a2b61fc69521c8e66165ff67fe3e73860305",
            "private_key_openssh": "-----BEGIN OPENSSH PRIVATE KEY-----\nb3BlbnNzaC1rZXktdjEAAAAABG5vbmUAAAAEbm9uZQAAAAAAAAABAAACFwAAAAdz\nc2gtcnNhAAAAAwEAAQAAAgEAzIxoKmtb3wY3GoUWWZBo22aidWZY5nXwY4G22lHt\nNc3LnJdTg/OaKMslYG4nBN0PwMspIegnD2hmrODfhy9cySeadiEXr2oiNPEX5kL4\nXCMWgCif3CGSKtdz+/WJmaKJhJeNba18/owqDPZWeWhC7U4pXgb7aYQRyzjmtoio\nq5vUXNtn3enhfrOD/zsiNnECOmLa+cmCj0SwAj+R44yzycGivshhA1wXOxdudtkh\nBGwlE9hSNKELOMUv9JnE11KrEMU2Kx61/cljue8il5elfz1bZGLJaD6gO2uWFT/G\n7z7aMRcqJTrC3VR9wra4Oi4D6YOvUQsjfPbfTkvqXGcrXoT3ROREWnRH9D5WxWrS\nfE0+0IzQKlGnY3KUG7aKVKwlKKvhUlw4On/F1Tw6hhpBYjeliwQrfqP70761ESll\nvyq0VXJJAXJVfTKze1ZAlXXycStm8Pkja1MHeTv1vuEyGUx7WeNVSME9fxvvisd+\n2w8Ka/ASl6yl+I/Z0hF7l1YO2LDGZ+8SWOE6mC/+KAGH2PE6zMzUamhqgLR0o0P+\nTKMmZONcOhaM0cBWZAPSK8KPFZOQnHeogJUWUiJ7mbR0KVL2aMAWXu4iQ6GvYhC4\nHtis4kQkYTWj4nwNEVUiIfAspQKJk0pKpd56SwvIG0oWKrMp+yMJb4UiGd005yV3\nrJUAAAc4O14XaTteF2kAAAAHc3NoLXJzYQAAAgEAzIxoKmtb3wY3GoUWWZBo22ai\ndWZY5nXwY4G22lHtNc3LnJdTg/OaKMslYG4nBN0PwMspIegnD2hmrODfhy9cySea\ndiEXr2oiNPEX5kL4XCMWgCif3CGSKtdz+/WJmaKJhJeNba18/owqDPZWeWhC7U4p\nXgb7aYQRyzjmtoioq5vUXNtn3enhfrOD/zsiNnECOmLa+cmCj0SwAj+R44yzycGi\nvshhA1wXOxdudtkhBGwlE9hSNKELOMUv9JnE11KrEMU2Kx61/cljue8il5elfz1b\nZGLJaD6gO2uWFT/G7z7aMRcqJTrC3VR9wra4Oi4D6YOvUQsjfPbfTkvqXGcrXoT3\nROREWnRH9D5WxWrSfE0+0IzQKlGnY3KUG7aKVKwlKKvhUlw4On/F1Tw6hhpBYjel\niwQrfqP70761ESllvyq0VXJJAXJVfTKze1ZAlXXycStm8Pkja1MHeTv1vuEyGUx7\nWeNVSME9fxvvisd+2w8Ka/ASl6yl+I/Z0hF7l1YO2LDGZ+8SWOE6mC/+KAGH2PE6\nzMzUamhqgLR0o0P+TKMmZONcOhaM0cBWZAPSK8KPFZOQnHeogJUWUiJ7mbR0KVL2\naMAWXu4iQ6GvYhC4Htis4kQkYTWj4nwNEVUiIfAspQKJk0pKpd56SwvIG0oWKrMp\n+yMJb4UiGd005yV3rJUAAAADAQABAAACAQC12gpt1B7MjAEHcdTp8apXjMrYZxKY\nabg7L0J6nKWw1PK1mA/m2vduVxU2wxerikGMHNLH01aOqznFbvMrg58RM0VuyoL9\nL/WTbdjanSWi/Irvi658DdiegAgctDIORePO3tIc9UWQJNrpxUQiEeCWi4vZjYmN\nSJ5tN3xeQeb7EsJdf667K0iP1Vd/3XnQPu5FLEgUFOQfLWjxxsSUMi5RK/bdeNZP\nH1uD7JQH04g4H1FjcEm9goOwiBbXdrH64QM3GK3M7jPMmnQwBPuTHH5FPi53dCAt\nrqfTzBWVdKsPXqirRjXw/WnrTke0ibAGAYz22V1PRwDZA76KJJIKbqqteZRU8tn3\nlgneSxjrOTTwusKCRJyj8q5Wv/KLpx+f2MbGqMfzhtSxl9SIAfm69PhWS0Ugon41\njQ8KK6rz+m2bLk7Pht12O2cPqAaj2mlaJMPp5r5l3qAp07DKwzwf/4ydQrbco6kU\nHQ5LSe7caDddaIH09jUjh7AJu+08aSQQ25TJKyxc7cC50Pv1sbs/xA/Jufx0YzEi\nI+Ty3i5broK9VViFRKaJw8OskSjnIjclbpO/pr8wpTxobdcty1WGLmpDbyyVx+U/\niJdluHtbEs6ZWEONTfUVqJEkyJ+uG5rWOaCV/IEEWzO2JfNtr9x8/J4m0YZurFLa\nVpqVYSzJyatcQQAAAQBob+pOmQETF/gl7JbBXZtMMLK4RCI10ym32uGaa0y/ywZQ\n381qdo/O1zFciZP4b9izWPU6O8nWvYbtdfIqqjn4/eIGFEP40y+qHcjAuAtXV17T\nJH9fMLedNtfld5zwbVa7tgh9k4ZCNkTxg1xH5hG8Ay4DDTdtg5skwu6SceurTwve\nQ6bhBbbUirp4HA1JxHZL2yxyxGuTi72a5Ib3rvz5/2nMygqM9WM2FNBYIZz9IfxN\nfu/o2wff0Co4JfUvSoVq/RbSJ3X7FkI9SAOAF4KNQ8gleltLtMRzYTvE/S/leBje\nzCsIfuE61Oy4rVOyn6A3E2TKXseMnp/NtH3Vk6lIAAABAQDs9B2OVAhmxySKj8l0\n6URQ3fGP2IwVZzWA1Yp+zPWzCIAMU3H7yb05LX5znmsxbpaS+FGgNi9JpgOFFRhb\nImztKeHVlVbB7YHtQSGoudFZRx24I8GiRxjJn1h+G59X6LNiMku8o8MCJwb2ee0Z\nzM4fpQrJDxMVMKdgssiQvGIq2qctL4vzeydyL8FDOFixw/OCq3GrwSxYBfZfylPZ\ndScjr30/1Q+/RtvplO5To6GU1iBCKM40pzlU3qgEfqNX0+hNX7ea9qAV4pC3DySf\nlMYHnYv+lZpzhueOB4bwn+KFogVmH3yO/jLwxeRDr6CgZHnFjWgYvR5xRojXEzpl\n6rPFAAABAQDc/XqiqYgJ0JmMwXf8ZTovHJMxC+ElWFERAkEWKEZRdCYdO9yqOj8F\n9EK8vTZK3RI8BnTlcRpQq7tF0kFShkZCVHv6q5qWMkSfv91ket6tB2yWlQzllyZt\nyP1k3vbLdTMt8ZaFZZq4sXBLM2jue10SnmzsJXFnr/DO4cFnnNysCt4AtzW19eEv\nC19i6CdAICONHzRlTqzAHn4KefHcfUZ8Tlf+g5LrOtV+OX/MMeXqkE+cck4SuOFO\nhC2nblgpb+2a7Bjmi01EjwWO+P69DL63Y0tH4VqHgZqE+X6D4DMIWxyLxV+QukOV\nU7BFCf1FI4xLddjmw4hvuM2wZ6vZlBKRAAAAAAEC\n-----END OPENSSH PRIVATE KEY-----\n",
            "private_key_pem": "-----BEGIN RSA PRIVATE KEY-----\nMIIJKQIBAAKCAgEAzIxoKmtb3wY3GoUWWZBo22aidWZY5nXwY4G22lHtNc3LnJdT\ng/OaKMslYG4nBN0PwMspIegnD2hmrODfhy9cySeadiEXr2oiNPEX5kL4XCMWgCif\n3CGSKtdz+/WJmaKJhJeNba18/owqDPZWeWhC7U4pXgb7aYQRyzjmtoioq5vUXNtn\n3enhfrOD/zsiNnECOmLa+cmCj0SwAj+R44yzycGivshhA1wXOxdudtkhBGwlE9hS\nNKELOMUv9JnE11KrEMU2Kx61/cljue8il5elfz1bZGLJaD6gO2uWFT/G7z7aMRcq\nJTrC3VR9wra4Oi4D6YOvUQsjfPbfTkvqXGcrXoT3ROREWnRH9D5WxWrSfE0+0IzQ\nKlGnY3KUG7aKVKwlKKvhUlw4On/F1Tw6hhpBYjeliwQrfqP70761ESllvyq0VXJJ\nAXJVfTKze1ZAlXXycStm8Pkja1MHeTv1vuEyGUx7WeNVSME9fxvvisd+2w8Ka/AS\nl6yl+I/Z0hF7l1YO2LDGZ+8SWOE6mC/+KAGH2PE6zMzUamhqgLR0o0P+TKMmZONc\nOhaM0cBWZAPSK8KPFZOQnHeogJUWUiJ7mbR0KVL2aMAWXu4iQ6GvYhC4Htis4kQk\nYTWj4nwNEVUiIfAspQKJk0pKpd56SwvIG0oWKrMp+yMJb4UiGd005yV3rJUCAwEA\nAQKCAgEAtdoKbdQezIwBB3HU6fGqV4zK2GcSmGm4Oy9CepylsNTytZgP5tr3blcV\nNsMXq4pBjBzSx9NWjqs5xW7zK4OfETNFbsqC/S/1k23Y2p0lovyK74uufA3YnoAI\nHLQyDkXjzt7SHPVFkCTa6cVEIhHglouL2Y2JjUiebTd8XkHm+xLCXX+uuytIj9VX\nf9150D7uRSxIFBTkHy1o8cbElDIuUSv23XjWTx9bg+yUB9OIOB9RY3BJvYKDsIgW\n13ax+uEDNxitzO4zzJp0MAT7kxx+RT4ud3QgLa6n08wVlXSrD16oq0Y18P1p605H\ntImwBgGM9tldT0cA2QO+iiSSCm6qrXmUVPLZ95YJ3ksY6zk08LrCgkSco/KuVr/y\ni6cfn9jGxqjH84bUsZfUiAH5uvT4VktFIKJ+NY0PCiuq8/ptmy5Oz4bddjtnD6gG\no9ppWiTD6ea+Zd6gKdOwysM8H/+MnUK23KOpFB0OS0nu3Gg3XWiB9PY1I4ewCbvt\nPGkkENuUySssXO3AudD79bG7P8QPybn8dGMxIiPk8t4uW66CvVVYhUSmicPDrJEo\n5yI3JW6Tv6a/MKU8aG3XLctVhi5qQ28slcflP4iXZbh7WxLOmVhDjU31FaiRJMif\nrhua1jmglfyBBFsztiXzba/cfPyeJtGGbqxS2laalWEsycmrXEECggEBAOz0HY5U\nCGbHJIqPyXTpRFDd8Y/YjBVnNYDVin7M9bMIgAxTcfvJvTktfnOeazFulpL4UaA2\nL0mmA4UVGFsibO0p4dWVVsHtge1BIai50VlHHbgjwaJHGMmfWH4bn1fos2IyS7yj\nwwInBvZ57RnMzh+lCskPExUwp2CyyJC8Yirapy0vi/N7J3IvwUM4WLHD84KrcavB\nLFgF9l/KU9l1JyOvfT/VD79G2+mU7lOjoZTWIEIozjSnOVTeqAR+o1fT6E1ft5r2\noBXikLcPJJ+Uxgedi/6VmnOG544HhvCf4oWiBWYffI7+MvDF5EOvoKBkecWNaBi9\nHnFGiNcTOmXqs8UCggEBANz9eqKpiAnQmYzBd/xlOi8ckzEL4SVYURECQRYoRlF0\nJh073Ko6PwX0Qry9NkrdEjwGdOVxGlCru0XSQVKGRkJUe/qrmpYyRJ+/3WR63q0H\nbJaVDOWXJm3I/WTe9st1My3xloVlmrixcEszaO57XRKebOwlcWev8M7hwWec3KwK\n3gC3NbX14S8LX2LoJ0AgI40fNGVOrMAefgp58dx9RnxOV/6Dkus61X45f8wx5eqQ\nT5xyThK44U6ELaduWClv7ZrsGOaLTUSPBY74/r0MvrdjS0fhWoeBmoT5foPgMwhb\nHIvFX5C6Q5VTsEUJ/UUjjEt12ObDiG+4zbBnq9mUEpECggEACU51MrfeNJsxtjd7\nhBn9UufEqw+oQNby5QJ+FAjcxZFZ5iII4gjEY9CDnOrl7uUXCOKz4gT+yne4v6ta\nb4nkmVQByK+63pcDeVwLhGL38/e1FRxiaIs+T/zwLtPK6Fr9YKf1DY2pBRafUWLs\niwzeM6P5znfHGhf1Gvkqo3Sirmg0FLQ/XOrDW9rATnGSGjlGASXWqxZFNZfWW2DI\n9kuBpAcqdi1aFvsjfAMbcTGGESBv1+leX/cJa2nrU3Hd3H84KoHN5ko1c2aYpHf1\nyka/mGD5tKAPluX/hjaJeD3vWaxJZf9qlvso6Qf8tSPavTH1DmtFYWNcJLrOeRQK\nQSJ8uQKCAQEApV2ktC3qV3XaQSLQ93SESpa2akA6dSiWWQT30W3H2NHyZ3PRFyzI\n1lrGyddI1lKBf5tRRBQTngQz+fZw3SEPWDlCIPzii7wH8Aax06vCD3Z7wl68rN0j\na4m4XBAgW3VTG/EpMp8qXUSiBBPvVG3J4tHcLgWCzBUzPIxgnnkaBD+Jir2OGqBo\npjx7X1bbcDfcgpC0M47g5E6tAIfp/ZVc9k3luNWaTh3TfkXmpNU99/2PJUG/vHDO\nYGO2ihCfNjrEcWZ056eb5U6k2Szn6m2sFSzfO2WdycKo7xKHooVVis4rGUhTz8gi\nJI7gW3kzJdaI+DqyWVQ+N2PxvyyEwybzkQKCAQBob+pOmQETF/gl7JbBXZtMMLK4\nRCI10ym32uGaa0y/ywZQ381qdo/O1zFciZP4b9izWPU6O8nWvYbtdfIqqjn4/eIG\nFEP40y+qHcjAuAtXV17TJH9fMLedNtfld5zwbVa7tgh9k4ZCNkTxg1xH5hG8Ay4D\nDTdtg5skwu6SceurTwveQ6bhBbbUirp4HA1JxHZL2yxyxGuTi72a5Ib3rvz5/2nM\nygqM9WM2FNBYIZz9IfxNfu/o2wff0Co4JfUvSoVq/RbSJ3X7FkI9SAOAF4KNQ8gl\neltLtMRzYTvE/S/leBjezCsIfuE61Oy4rVOyn6A3E2TKXseMnp/NtH3Vk6lI\n-----END RSA PRIVATE KEY-----\n",
            "private_key_pem_pkcs8": "-----BEGIN PRIVATE KEY-----\nMIIJQwIBADANBgkqhkiG9w0BAQEFAASCCS0wggkpAgEAAoICAQDMjGgqa1vfBjca\nhRZZkGjbZqJ1ZljmdfBjgbbaUe01zcucl1OD85ooyyVgbicE3Q/Ayykh6CcPaGas\n4N+HL1zJJ5p2IRevaiI08RfmQvhcIxaAKJ/cIZIq13P79YmZoomEl41trXz+jCoM\n9lZ5aELtTileBvtphBHLOOa2iKirm9Rc22fd6eF+s4P/OyI2cQI6Ytr5yYKPRLAC\nP5HjjLPJwaK+yGEDXBc7F2522SEEbCUT2FI0oQs4xS/0mcTXUqsQxTYrHrX9yWO5\n7yKXl6V/PVtkYsloPqA7a5YVP8bvPtoxFyolOsLdVH3Ctrg6LgPpg69RCyN89t9O\nS+pcZytehPdE5ERadEf0PlbFatJ8TT7QjNAqUadjcpQbtopUrCUoq+FSXDg6f8XV\nPDqGGkFiN6WLBCt+o/vTvrURKWW/KrRVckkBclV9MrN7VkCVdfJxK2bw+SNrUwd5\nO/W+4TIZTHtZ41VIwT1/G++Kx37bDwpr8BKXrKX4j9nSEXuXVg7YsMZn7xJY4TqY\nL/4oAYfY8TrMzNRqaGqAtHSjQ/5MoyZk41w6FozRwFZkA9Irwo8Vk5Ccd6iAlRZS\nInuZtHQpUvZowBZe7iJDoa9iELge2KziRCRhNaPifA0RVSIh8CylAomTSkql3npL\nC8gbShYqsyn7IwlvhSIZ3TTnJXeslQIDAQABAoICAQC12gpt1B7MjAEHcdTp8apX\njMrYZxKYabg7L0J6nKWw1PK1mA/m2vduVxU2wxerikGMHNLH01aOqznFbvMrg58R\nM0VuyoL9L/WTbdjanSWi/Irvi658DdiegAgctDIORePO3tIc9UWQJNrpxUQiEeCW\ni4vZjYmNSJ5tN3xeQeb7EsJdf667K0iP1Vd/3XnQPu5FLEgUFOQfLWjxxsSUMi5R\nK/bdeNZPH1uD7JQH04g4H1FjcEm9goOwiBbXdrH64QM3GK3M7jPMmnQwBPuTHH5F\nPi53dCAtrqfTzBWVdKsPXqirRjXw/WnrTke0ibAGAYz22V1PRwDZA76KJJIKbqqt\neZRU8tn3lgneSxjrOTTwusKCRJyj8q5Wv/KLpx+f2MbGqMfzhtSxl9SIAfm69PhW\nS0Ugon41jQ8KK6rz+m2bLk7Pht12O2cPqAaj2mlaJMPp5r5l3qAp07DKwzwf/4yd\nQrbco6kUHQ5LSe7caDddaIH09jUjh7AJu+08aSQQ25TJKyxc7cC50Pv1sbs/xA/J\nufx0YzEiI+Ty3i5broK9VViFRKaJw8OskSjnIjclbpO/pr8wpTxobdcty1WGLmpD\nbyyVx+U/iJdluHtbEs6ZWEONTfUVqJEkyJ+uG5rWOaCV/IEEWzO2JfNtr9x8/J4m\n0YZurFLaVpqVYSzJyatcQQKCAQEA7PQdjlQIZsckio/JdOlEUN3xj9iMFWc1gNWK\nfsz1swiADFNx+8m9OS1+c55rMW6WkvhRoDYvSaYDhRUYWyJs7Snh1ZVWwe2B7UEh\nqLnRWUcduCPBokcYyZ9YfhufV+izYjJLvKPDAicG9nntGczOH6UKyQ8TFTCnYLLI\nkLxiKtqnLS+L83snci/BQzhYscPzgqtxq8EsWAX2X8pT2XUnI699P9UPv0bb6ZTu\nU6OhlNYgQijONKc5VN6oBH6jV9PoTV+3mvagFeKQtw8kn5TGB52L/pWac4bnjgeG\n8J/ihaIFZh98jv4y8MXkQ6+goGR5xY1oGL0ecUaI1xM6ZeqzxQKCAQEA3P16oqmI\nCdCZjMF3/GU6LxyTMQvhJVhREQJBFihGUXQmHTvcqjo/BfRCvL02St0SPAZ05XEa\nUKu7RdJBUoZGQlR7+qualjJEn7/dZHrerQdslpUM5Zcmbcj9ZN72y3UzLfGWhWWa\nuLFwSzNo7ntdEp5s7CVxZ6/wzuHBZ5zcrAreALc1tfXhLwtfYugnQCAjjR80ZU6s\nwB5+Cnnx3H1GfE5X/oOS6zrVfjl/zDHl6pBPnHJOErjhToQtp25YKW/tmuwY5otN\nRI8Fjvj+vQy+t2NLR+Fah4GahPl+g+AzCFsci8VfkLpDlVOwRQn9RSOMS3XY5sOI\nb7jNsGer2ZQSkQKCAQAJTnUyt940mzG2N3uEGf1S58SrD6hA1vLlAn4UCNzFkVnm\nIgjiCMRj0IOc6uXu5RcI4rPiBP7Kd7i/q1pvieSZVAHIr7relwN5XAuEYvfz97UV\nHGJoiz5P/PAu08roWv1gp/UNjakFFp9RYuyLDN4zo/nOd8caF/Ua+SqjdKKuaDQU\ntD9c6sNb2sBOcZIaOUYBJdarFkU1l9ZbYMj2S4GkByp2LVoW+yN8AxtxMYYRIG/X\n6V5f9wlraetTcd3cfzgqgc3mSjVzZpikd/XKRr+YYPm0oA+W5f+GNol4Pe9ZrEll\n/2qW+yjpB/y1I9q9MfUOa0VhY1wkus55FApBIny5AoIBAQClXaS0LepXddpBItD3\ndIRKlrZqQDp1KJZZBPfRbcfY0fJnc9EXLMjWWsbJ10jWUoF/m1FEFBOeBDP59nDd\nIQ9YOUIg/OKLvAfwBrHTq8IPdnvCXrys3SNribhcECBbdVMb8SkynypdRKIEE+9U\nbcni0dwuBYLMFTM8jGCeeRoEP4mKvY4aoGimPHtfVttwN9yCkLQzjuDkTq0Ah+n9\nlVz2TeW41ZpOHdN+Reak1T33/Y8lQb+8cM5gY7aKEJ82OsRxZnTnp5vlTqTZLOfq\nbawVLN87ZZ3JwqjvEoeihVWKzisZSFPPyCIkjuBbeTMl1oj4OrJZVD43Y/G/LITD\nJvORAoIBAGhv6k6ZARMX+CXslsFdm0wwsrhEIjXTKbfa4ZprTL/LBlDfzWp2j87X\nMVyJk/hv2LNY9To7yda9hu118iqqOfj94gYUQ/jTL6odyMC4C1dXXtMkf18wt502\n1+V3nPBtVru2CH2ThkI2RPGDXEfmEbwDLgMNN22DmyTC7pJx66tPC95DpuEFttSK\nungcDUnEdkvbLHLEa5OLvZrkhveu/Pn/aczKCoz1YzYU0FghnP0h/E1+7+jbB9/Q\nKjgl9S9KhWr9FtIndfsWQj1IA4AXgo1DyCV6W0u0xHNhO8T9L+V4GN7MKwh+4TrU\n7LitU7KfoDcTZMpex4yen820fdWTqUg=\n-----END PRIVATE KEY-----\n",
            "public_key_fingerprint_md5": "1a:7c:49:9a:9a:df:2b:e8:c1:9a:d0:c6:e0:47:d9:b2",
            "public_key_fingerprint_sha256": "SHA256:/sTcAIAeYepFd3vIyrNf0CClRD8XNFfZc3iTD7BLqIk",
            "public_key_openssh": "ssh-rsa AAAAB3NzaC1yc2EAAAADAQABAAACAQDMjGgqa1vfBjcahRZZkGjbZqJ1ZljmdfBjgbbaUe01zcucl1OD85ooyyVgbicE3Q/Ayykh6CcPaGas4N+HL1zJJ5p2IRevaiI08RfmQvhcIxaAKJ/cIZIq13P79YmZoomEl41trXz+jCoM9lZ5aELtTileBvtphBHLOOa2iKirm9Rc22fd6eF+s4P/OyI2cQI6Ytr5yYKPRLACP5HjjLPJwaK+yGEDXBc7F2522SEEbCUT2FI0oQs4xS/0mcTXUqsQxTYrHrX9yWO57yKXl6V/PVtkYsloPqA7a5YVP8bvPtoxFyolOsLdVH3Ctrg6LgPpg69RCyN89t9OS+pcZytehPdE5ERadEf0PlbFatJ8TT7QjNAqUadjcpQbtopUrCUoq+FSXDg6f8XVPDqGGkFiN6WLBCt+o/vTvrURKWW/KrRVckkBclV9MrN7VkCVdfJxK2bw+SNrUwd5O/W+4TIZTHtZ41VIwT1/G++Kx37bDwpr8BKXrKX4j9nSEXuXVg7YsMZn7xJY4TqYL/4oAYfY8TrMzNRqaGqAtHSjQ/5MoyZk41w6FozRwFZkA9Irwo8Vk5Ccd6iAlRZSInuZtHQpUvZowBZe7iJDoa9iELge2KziRCRhNaPifA0RVSIh8CylAomTSkql3npLC8gbShYqsyn7IwlvhSIZ3TTnJXeslQ==\n",
            "public_key_pem": "-----BEGIN PUBLIC KEY-----\nMIICIjANBgkqhkiG9w0BAQEFAAOCAg8AMIICCgKCAgEAzIxoKmtb3wY3GoUWWZBo\n22aidWZY5nXwY4G22lHtNc3LnJdTg/OaKMslYG4nBN0PwMspIegnD2hmrODfhy9c\nySeadiEXr2oiNPEX5kL4XCMWgCif3CGSKtdz+/WJmaKJhJeNba18/owqDPZWeWhC\n7U4pXgb7aYQRyzjmtoioq5vUXNtn3enhfrOD/zsiNnECOmLa+cmCj0SwAj+R44yz\nycGivshhA1wXOxdudtkhBGwlE9hSNKELOMUv9JnE11KrEMU2Kx61/cljue8il5el\nfz1bZGLJaD6gO2uWFT/G7z7aMRcqJTrC3VR9wra4Oi4D6YOvUQsjfPbfTkvqXGcr\nXoT3ROREWnRH9D5WxWrSfE0+0IzQKlGnY3KUG7aKVKwlKKvhUlw4On/F1Tw6hhpB\nYjeliwQrfqP70761ESllvyq0VXJJAXJVfTKze1ZAlXXycStm8Pkja1MHeTv1vuEy\nGUx7WeNVSME9fxvvisd+2w8Ka/ASl6yl+I/Z0hF7l1YO2LDGZ+8SWOE6mC/+KAGH\n2PE6zMzUamhqgLR0o0P+TKMmZONcOhaM0cBWZAPSK8KPFZOQnHeogJUWUiJ7mbR0\nKVL2aMAWXu4iQ6GvYhC4Htis4kQkYTWj4nwNEVUiIfAspQKJk0pKpd56SwvIG0oW\nKrMp+yMJb4UiGd005yV3rJUCAwEAAQ==\n-----END PUBLIC KEY-----\n",
            "rsa_bits": 4096
          },
          "sensitive_attributes": []
        }
      ]
    }
  ],
  "check_results": null
}
