{
  "version": 4,
  "terraform_version": "1.3.7",
  "serial": 609,
  "lineage": "f05f5a65-c04a-f061-ba96-22f4faaa23b3",
  "outputs": {
    "aws_lb_public_dns": {
      "value": "web-app-lb-2083452511.eu-west-2.elb.amazonaws.com",
      "type": "string"
    },
    "instance_ips": {
      "value": [
        "3.8.216.111",
        "13.42.48.232",
        "18.134.99.26"
      ],
      "type": [
        "tuple",
        [
          "string",
          "string",
          "string"
        ]
      ]
    }
  },
  "resources": [
    {
      "mode": "data",
      "type": "aws_ami",
      "name": "debian-11",
      "provider": "provider[\"registry.terraform.io/hashicorp/aws\"]",
      "instances": [
        {
          "schema_version": 0,
          "attributes": {
            "architecture": "x86_64",
            "arn": "arn:aws:ec2:eu-west-2::image/ami-0d93d81bb4899d4cf",
            "block_device_mappings": [
              {
                "device_name": "/dev/xvda",
                "ebs": {
                  "delete_on_termination": "true",
                  "encrypted": "false",
                  "iops": "0",
                  "snapshot_id": "snap-0b30c4cf408b5c959",
                  "throughput": "0",
                  "volume_size": "8",
                  "volume_type": "gp2"
                },
                "no_device": "",
                "virtual_name": ""
              }
            ],
            "boot_mode": "",
            "creation_date": "2023-01-24T17:11:31.000Z",
            "deprecation_time": "2025-01-24T17:11:31.000Z",
            "description": "Debian 11 (20230124-1270)",
            "ena_support": true,
            "executable_users": null,
            "filter": [
              {
                "name": "name",
                "values": [
                  "debian-11-amd64-*"
                ]
              },
              {
                "name": "root-device-type",
                "values": [
                  "ebs"
                ]
              },
              {
                "name": "virtualization-type",
                "values": [
                  "hvm"
                ]
              }
            ],
            "hypervisor": "xen",
            "id": "ami-0d93d81bb4899d4cf",
            "image_id": "ami-0d93d81bb4899d4cf",
            "image_location": "amazon/debian-11-amd64-20230124-1270",
            "image_owner_alias": "amazon",
            "image_type": "machine",
            "imds_support": "",
            "include_deprecated": false,
            "kernel_id": "",
            "most_recent": true,
            "name": "debian-11-amd64-20230124-1270",
            "name_regex": null,
            "owner_id": "136693071363",
            "owners": [
              "136693071363"
            ],
            "platform": "",
            "platform_details": "Linux/UNIX",
            "product_codes": [],
            "public": true,
            "ramdisk_id": "",
            "root_device_name": "/dev/xvda",
            "root_device_type": "ebs",
            "root_snapshot_id": "snap-0b30c4cf408b5c959",
            "sriov_net_support": "simple",
            "state": "available",
            "state_reason": {
              "code": "UNSET",
              "message": "UNSET"
            },
            "tags": {},
            "timeouts": null,
            "tpm_support": "",
            "usage_operation": "RunInstances",
            "virtualization_type": "hvm"
          },
          "sensitive_attributes": []
        }
      ]
    },
    {
      "mode": "data",
      "type": "aws_availability_zones",
      "name": "available",
      "provider": "provider[\"registry.terraform.io/hashicorp/aws\"]",
      "instances": [
        {
          "schema_version": 0,
          "attributes": {
            "all_availability_zones": null,
            "exclude_names": null,
            "exclude_zone_ids": null,
            "filter": null,
            "group_names": [
              "eu-west-2"
            ],
            "id": "eu-west-2",
            "names": [
              "eu-west-2a",
              "eu-west-2b",
              "eu-west-2c"
            ],
            "state": "available",
            "timeouts": null,
            "zone_ids": [
              "euw2-az2",
              "euw2-az3",
              "euw2-az1"
            ]
          },
          "sensitive_attributes": []
        }
      ]
    },
    {
      "mode": "managed",
      "type": "aws_instance",
      "name": "web_server",
      "provider": "provider[\"registry.terraform.io/hashicorp/aws\"]",
      "instances": []
    },
    {
      "mode": "managed",
      "type": "aws_internet_gateway",
      "name": "igw",
      "provider": "provider[\"registry.terraform.io/hashicorp/aws\"]",
      "instances": [
        {
          "schema_version": 0,
          "attributes": {
            "arn": "arn:aws:ec2:eu-west-2:367182624298:internet-gateway/igw-06967d59b4cab9206",
            "id": "igw-06967d59b4cab9206",
            "owner_id": "367182624298",
            "tags": {
              "billing_code": "ACT8675309",
              "company": "Philmatrix",
              "project": "Philmatrix-web-app"
            },
            "tags_all": {
              "billing_code": "ACT8675309",
              "company": "Philmatrix",
              "project": "Philmatrix-web-app"
            },
            "timeouts": null,
            "vpc_id": "vpc-048e571f2bd7792ab"
          },
          "sensitive_attributes": [],
          "private": "eyJlMmJmYjczMC1lY2FhLTExZTYtOGY4OC0zNDM2M2JjN2M0YzAiOnsiY3JlYXRlIjoxMjAwMDAwMDAwMDAwLCJkZWxldGUiOjEyMDAwMDAwMDAwMDAsInVwZGF0ZSI6MTIwMDAwMDAwMDAwMH19",
          "dependencies": [
            "aws_vpc.vpc"
          ]
        }
      ]
    },
    {
      "mode": "managed",
      "type": "aws_key_pair",
      "name": "key_pair",
      "provider": "provider[\"registry.terraform.io/hashicorp/aws\"]",
      "instances": [
        {
          "schema_version": 1,
          "attributes": {
            "arn": "arn:aws:ec2:eu-west-2:367182624298:key-pair/aws-key-pair",
            "fingerprint": "e4:ec:48:41:d6:80:1c:2c:1b:b6:d1:81:6e:5b:b9:bf",
            "id": "aws-key-pair",
            "key_name": "aws-key-pair",
            "key_name_prefix": "",
            "key_pair_id": "key-038f8c01031f19887",
            "key_type": "rsa",
            "public_key": "ssh-rsa AAAAB3NzaC1yc2EAAAADAQABAAACAQDHI1B+BcMeDaNYgH++E2hnJk3ANwcI6VhMiXEWoCeRw+iKvD50quFcK3eJ4VT8Sdk4Q8GR7BoicK9nbLvANQeRSTfV7MD7DKCjQ06RIWI5IFt0vUgFLWTxgLktv7JeUUsqz+VjYEwy0uZ9V2L/j/9ejITwbAkY4iB1g1qOyXES8bH/MxZCzgDY8oyOwYSKAOGb/rrG5uuOEZfS8Yw4FfCuVbB9FMBmxk11FuV2RCvsSQ26/qlr/KUDIy+c7TpJG9LXZPWa9PbWFlX/mcVV4stYHIp4RP8j2y4DikIwcfJQEjYTJVzh6p/tD4Eoes1YEgbJT1OwUiGWwhphjgiBEmX5ed1WkBSrJ90/f57Orh1dw6lftJ1gCS9iRUMIIBS96gSH1H77g0lvfGP4wcKwrsWQ8e6+GBBIoI5RR0uJfCwDZGX1eTSYl2feTExpOa2Rf9R6kwHOkGbEnV3W6GJGhbpFixG4oKtpr/N5sswmRxDLc+5vTloPbAAayInnKVqxdWUjttma/LVOH5v60xFTLJgH++oQyNa5h/ceWN0/IQq2juZNomkkZXYFnVR9fIAeCFsiieKhuqP+67MBzak9Wjffkj8ITFQyy98ZpirqInREJelQ/Zs6f/KD6LYfPbhJmYFKetTObkS4bYJJ4p47BNYVQzgz9dKHCNz05PlaSV0Yyw==",
            "tags": {},
            "tags_all": {}
          },
          "sensitive_attributes": [],
          "private": "eyJzY2hlbWFfdmVyc2lvbiI6IjEifQ==",
          "dependencies": [
            "tls_private_key.key_pair"
          ]
        }
      ]
    },
    {
      "mode": "managed",
      "type": "aws_lb",
      "name": "apache",
      "provider": "provider[\"registry.terraform.io/hashicorp/aws\"]",
      "instances": [
        {
          "schema_version": 0,
          "attributes": {
            "access_logs": [
              {
                "bucket": "",
                "enabled": false,
                "prefix": ""
              }
            ],
            "arn": "arn:aws:elasticloadbalancing:eu-west-2:367182624298:loadbalancer/app/web-app-lb/670d63ce23ec1d7e",
            "arn_suffix": "app/web-app-lb/670d63ce23ec1d7e",
            "customer_owned_ipv4_pool": "",
            "desync_mitigation_mode": "defensive",
            "dns_name": "web-app-lb-2083452511.eu-west-2.elb.amazonaws.com",
            "drop_invalid_header_fields": false,
            "enable_cross_zone_load_balancing": true,
            "enable_deletion_protection": false,
            "enable_http2": true,
            "enable_waf_fail_open": false,
            "id": "arn:aws:elasticloadbalancing:eu-west-2:367182624298:loadbalancer/app/web-app-lb/670d63ce23ec1d7e",
            "idle_timeout": 60,
            "internal": false,
            "ip_address_type": "ipv4",
            "load_balancer_type": "application",
            "name": "web-app-lb",
            "name_prefix": null,
            "preserve_host_header": false,
            "security_groups": [
              "sg-08ecb140d70657e8c"
            ],
            "subnet_mapping": [
              {
                "allocation_id": "",
                "ipv6_address": "",
                "outpost_id": "",
                "private_ipv4_address": "",
                "subnet_id": "subnet-03db046375f413fb6"
              },
              {
                "allocation_id": "",
                "ipv6_address": "",
                "outpost_id": "",
                "private_ipv4_address": "",
                "subnet_id": "subnet-09ea3996fdf394cf9"
              },
              {
                "allocation_id": "",
                "ipv6_address": "",
                "outpost_id": "",
                "private_ipv4_address": "",
                "subnet_id": "subnet-0f95eebdd866dfa03"
              }
            ],
            "subnets": [
              "subnet-03db046375f413fb6",
              "subnet-09ea3996fdf394cf9",
              "subnet-0f95eebdd866dfa03"
            ],
            "tags": {
              "billing_code": "ACT8675309",
              "company": "Philmatrix",
              "project": "Philmatrix-web-app"
            },
            "tags_all": {
              "billing_code": "ACT8675309",
              "company": "Philmatrix",
              "project": "Philmatrix-web-app"
            },
            "timeouts": null,
            "vpc_id": "vpc-048e571f2bd7792ab",
            "zone_id": "ZHURV8PSTC4K8"
          },
          "sensitive_attributes": [],
          "private": "eyJlMmJmYjczMC1lY2FhLTExZTYtOGY4OC0zNDM2M2JjN2M0YzAiOnsiY3JlYXRlIjo2MDAwMDAwMDAwMDAsImRlbGV0ZSI6NjAwMDAwMDAwMDAwLCJ1cGRhdGUiOjYwMDAwMDAwMDAwMH19",
          "dependencies": [
            "aws_security_group.lb-sg",
            "aws_subnet.subnet",
            "aws_subnet.subnet1",
            "aws_subnet.subnet2",
            "aws_subnet.subnet3",
            "aws_vpc.vpc",
            "data.aws_availability_zones.available"
          ]
        }
      ]
    },
    {
      "mode": "managed",
      "type": "aws_lb_listener",
      "name": "apache_lb_listener",
      "provider": "provider[\"registry.terraform.io/hashicorp/aws\"]",
      "instances": [
        {
          "schema_version": 0,
          "attributes": {
            "alpn_policy": null,
            "arn": "arn:aws:elasticloadbalancing:eu-west-2:367182624298:listener/app/web-app-lb/670d63ce23ec1d7e/3a087b0d216b6251",
            "certificate_arn": null,
            "default_action": [
              {
                "authenticate_cognito": [],
                "authenticate_oidc": [],
                "fixed_response": [],
                "forward": [],
                "order": 1,
                "redirect": [],
                "target_group_arn": "arn:aws:elasticloadbalancing:eu-west-2:367182624298:targetgroup/web-app-lb-tg/60b84b0ae5071579",
                "type": "forward"
              }
            ],
            "id": "arn:aws:elasticloadbalancing:eu-west-2:367182624298:listener/app/web-app-lb/670d63ce23ec1d7e/3a087b0d216b6251",
            "load_balancer_arn": "arn:aws:elasticloadbalancing:eu-west-2:367182624298:loadbalancer/app/web-app-lb/670d63ce23ec1d7e",
            "port": 80,
            "protocol": "HTTP",
            "ssl_policy": "",
            "tags": {
              "billing_code": "ACT8675309",
              "company": "Philmatrix",
              "project": "Philmatrix-web-app"
            },
            "tags_all": {
              "billing_code": "ACT8675309",
              "company": "Philmatrix",
              "project": "Philmatrix-web-app"
            },
            "timeouts": null
          },
          "sensitive_attributes": [],
          "private": "eyJlMmJmYjczMC1lY2FhLTExZTYtOGY4OC0zNDM2M2JjN2M0YzAiOnsicmVhZCI6NjAwMDAwMDAwMDAwfX0=",
          "dependencies": [
            "aws_lb.apache",
            "aws_lb_target_group.apache_lb_tg",
            "aws_security_group.lb-sg",
            "aws_subnet.subnet",
            "aws_vpc.vpc",
            "data.aws_availability_zones.available"
          ]
        }
      ]
    },
    {
      "mode": "managed",
      "type": "aws_lb_target_group",
      "name": "apache_lb_tg",
      "provider": "provider[\"registry.terraform.io/hashicorp/aws\"]",
      "instances": [
        {
          "schema_version": 0,
          "attributes": {
            "arn": "arn:aws:elasticloadbalancing:eu-west-2:367182624298:targetgroup/web-app-lb-tg/60b84b0ae5071579",
            "arn_suffix": "targetgroup/web-app-lb-tg/60b84b0ae5071579",
            "connection_termination": false,
            "deregistration_delay": "300",
            "health_check": [
              {
                "enabled": true,
                "healthy_threshold": 5,
                "interval": 30,
                "matcher": "200",
                "path": "/",
                "port": "traffic-port",
                "protocol": "HTTP",
                "timeout": 5,
                "unhealthy_threshold": 2
              }
            ],
            "id": "arn:aws:elasticloadbalancing:eu-west-2:367182624298:targetgroup/web-app-lb-tg/60b84b0ae5071579",
            "ip_address_type": "ipv4",
            "lambda_multi_value_headers_enabled": false,
            "load_balancing_algorithm_type": "round_robin",
            "name": "web-app-lb-tg",
            "name_prefix": null,
            "port": 80,
            "preserve_client_ip": null,
            "protocol": "HTTP",
            "protocol_version": "HTTP1",
            "proxy_protocol_v2": false,
            "slow_start": 0,
            "stickiness": [
              {
                "cookie_duration": 86400,
                "cookie_name": "",
                "enabled": false,
                "type": "lb_cookie"
              }
            ],
            "tags": {
              "billing_code": "ACT8675309",
              "company": "Philmatrix",
              "project": "Philmatrix-web-app"
            },
            "tags_all": {
              "billing_code": "ACT8675309",
              "company": "Philmatrix",
              "project": "Philmatrix-web-app"
            },
            "target_failover": [
              {
                "on_deregistration": null,
                "on_unhealthy": null
              }
            ],
            "target_type": "instance",
            "vpc_id": "vpc-048e571f2bd7792ab"
          },
          "sensitive_attributes": [],
          "private": "bnVsbA==",
          "dependencies": [
            "aws_vpc.vpc"
          ]
        }
      ]
    },
    {
      "mode": "managed",
      "type": "aws_lb_target_group_attachment",
      "name": "web_server1",
      "provider": "provider[\"registry.terraform.io/hashicorp/aws\"]",
      "instances": []
    },
    {
      "mode": "managed",
      "type": "aws_lb_target_group_attachment",
      "name": "web_server2",
      "provider": "provider[\"registry.terraform.io/hashicorp/aws\"]",
      "instances": []
    },
    {
      "mode": "managed",
      "type": "aws_lb_target_group_attachment",
      "name": "web_server3",
      "provider": "provider[\"registry.terraform.io/hashicorp/aws\"]",
      "instances": []
    },
    {
      "mode": "managed",
      "type": "aws_route53_record",
      "name": "apache",
      "provider": "provider[\"registry.terraform.io/hashicorp/aws\"]",
      "instances": [
        {
          "schema_version": 2,
          "attributes": {
            "alias": [
              {
                "evaluate_target_health": true,
                "name": "web-app-lb-2083452511.eu-west-2.elb.amazonaws.com",
                "zone_id": "ZHURV8PSTC4K8"
              }
            ],
            "allow_overwrite": null,
            "failover_routing_policy": [],
            "fqdn": "philipnwachukwu.ml",
            "geolocation_routing_policy": [],
            "health_check_id": "",
            "id": "Z0838636MXQW5QLQDB88_philipnwachukwu.ml_A",
            "latency_routing_policy": [],
            "multivalue_answer_routing_policy": false,
            "name": "philipnwachukwu.ml",
            "records": [],
            "set_identifier": "",
            "ttl": 0,
            "type": "A",
            "weighted_routing_policy": [],
            "zone_id": "Z0838636MXQW5QLQDB88"
          },
          "sensitive_attributes": [],
          "private": "eyJzY2hlbWFfdmVyc2lvbiI6IjIifQ==",
          "dependencies": [
            "aws_lb.apache",
            "aws_route53_zone.apache",
            "aws_security_group.lb-sg",
            "aws_subnet.subnet",
            "aws_vpc.vpc",
            "data.aws_availability_zones.available"
          ]
        }
      ]
    },
    {
      "mode": "managed",
      "type": "aws_route53_record",
      "name": "ns",
      "provider": "provider[\"registry.terraform.io/hashicorp/aws\"]",
      "instances": [
        {
          "schema_version": 2,
          "attributes": {
            "alias": [],
            "allow_overwrite": true,
            "failover_routing_policy": [],
            "fqdn": "philipnwachukwu.ml",
            "geolocation_routing_policy": [],
            "health_check_id": "",
            "id": "Z0838636MXQW5QLQDB88_philipnwachukwu.ml_NS",
            "latency_routing_policy": [],
            "multivalue_answer_routing_policy": false,
            "name": "philipnwachukwu.ml",
            "records": [
              "ns-1321.awsdns-37.org",
              "ns-1820.awsdns-35.co.uk",
              "ns-505.awsdns-63.com",
              "ns-547.awsdns-04.net"
            ],
            "set_identifier": "",
            "ttl": 172800,
            "type": "NS",
            "weighted_routing_policy": [],
            "zone_id": "Z0838636MXQW5QLQDB88"
          },
          "sensitive_attributes": [],
          "private": "eyJzY2hlbWFfdmVyc2lvbiI6IjIifQ==",
          "dependencies": [
            "aws_route53_zone.apache"
          ]
        }
      ]
    },
    {
      "mode": "managed",
      "type": "aws_route53_record",
      "name": "terraform-test",
      "provider": "provider[\"registry.terraform.io/hashicorp/aws\"]",
      "instances": [
        {
          "schema_version": 2,
          "attributes": {
            "alias": [
              {
                "evaluate_target_health": true,
                "name": "web-app-lb-2083452511.eu-west-2.elb.amazonaws.com",
                "zone_id": "ZHURV8PSTC4K8"
              }
            ],
            "allow_overwrite": null,
            "failover_routing_policy": [],
            "fqdn": "terraform-test.philipnwachukwu.ml",
            "geolocation_routing_policy": [],
            "health_check_id": "",
            "id": "Z0838636MXQW5QLQDB88_terraform-test.philipnwachukwu.ml_A",
            "latency_routing_policy": [],
            "multivalue_answer_routing_policy": false,
            "name": "terraform-test.philipnwachukwu.ml",
            "records": [],
            "set_identifier": "",
            "ttl": 0,
            "type": "A",
            "weighted_routing_policy": [],
            "zone_id": "Z0838636MXQW5QLQDB88"
          },
          "sensitive_attributes": [],
          "private": "eyJzY2hlbWFfdmVyc2lvbiI6IjIifQ==",
          "dependencies": [
            "aws_lb.apache",
            "aws_route53_zone.apache",
            "aws_security_group.lb-sg",
            "aws_subnet.subnet",
            "aws_vpc.vpc",
            "data.aws_availability_zones.available"
          ]
        }
      ]
    },
    {
      "mode": "managed",
      "type": "aws_route53_record",
      "name": "www",
      "provider": "provider[\"registry.terraform.io/hashicorp/aws\"]",
      "instances": [
        {
          "schema_version": 2,
          "attributes": {
            "alias": [],
            "allow_overwrite": null,
            "failover_routing_policy": [],
            "fqdn": "www.philipnwachukwu.ml",
            "geolocation_routing_policy": [],
            "health_check_id": "",
            "id": "Z0838636MXQW5QLQDB88_www.philipnwachukwu.ml_CNAME",
            "latency_routing_policy": [],
            "multivalue_answer_routing_policy": false,
            "name": "www.philipnwachukwu.ml",
            "records": [
              "web-app-lb-2083452511.eu-west-2.elb.amazonaws.com"
            ],
            "set_identifier": "",
            "ttl": 3600,
            "type": "CNAME",
            "weighted_routing_policy": [],
            "zone_id": "Z0838636MXQW5QLQDB88"
          },
          "sensitive_attributes": [],
          "private": "eyJzY2hlbWFfdmVyc2lvbiI6IjIifQ==",
          "dependencies": [
            "aws_lb.apache",
            "aws_route53_zone.apache",
            "aws_security_group.lb-sg",
            "aws_subnet.subnet",
            "aws_vpc.vpc",
            "data.aws_availability_zones.available"
          ]
        }
      ]
    },
    {
      "mode": "managed",
      "type": "aws_route53_zone",
      "name": "apache",
      "provider": "provider[\"registry.terraform.io/hashicorp/aws\"]",
      "instances": [
        {
          "schema_version": 0,
          "attributes": {
            "arn": "arn:aws:route53:::hostedzone/Z0838636MXQW5QLQDB88",
            "comment": "Managed by Terraform",
            "delegation_set_id": "",
            "force_destroy": false,
            "id": "Z0838636MXQW5QLQDB88",
            "name": "philipnwachukwu.ml",
            "name_servers": [
              "ns-1321.awsdns-37.org",
              "ns-1820.awsdns-35.co.uk",
              "ns-505.awsdns-63.com",
              "ns-547.awsdns-04.net"
            ],
            "primary_name_server": "ns-1820.awsdns-35.co.uk",
            "tags": {},
            "tags_all": {},
            "vpc": [],
            "zone_id": "Z0838636MXQW5QLQDB88"
          },
          "sensitive_attributes": [],
          "private": "bnVsbA=="
        }
      ]
    },
    {
      "mode": "managed",
      "type": "aws_route_table",
      "name": "rtb",
      "provider": "provider[\"registry.terraform.io/hashicorp/aws\"]",
      "instances": [
        {
          "schema_version": 0,
          "attributes": {
            "arn": "arn:aws:ec2:eu-west-2:367182624298:route-table/rtb-07f0ff3a72dc649c8",
            "id": "rtb-07f0ff3a72dc649c8",
            "owner_id": "367182624298",
            "propagating_vgws": [],
            "route": [
              {
                "carrier_gateway_id": "",
                "cidr_block": "0.0.0.0/0",
                "core_network_arn": "",
                "destination_prefix_list_id": "",
                "egress_only_gateway_id": "",
                "gateway_id": "igw-06967d59b4cab9206",
                "instance_id": "",
                "ipv6_cidr_block": "",
                "local_gateway_id": "",
                "nat_gateway_id": "",
                "network_interface_id": "",
                "transit_gateway_id": "",
                "vpc_endpoint_id": "",
                "vpc_peering_connection_id": ""
              }
            ],
            "tags": {
              "billing_code": "ACT8675309",
              "company": "Philmatrix",
              "project": "Philmatrix-web-app"
            },
            "tags_all": {
              "billing_code": "ACT8675309",
              "company": "Philmatrix",
              "project": "Philmatrix-web-app"
            },
            "timeouts": null,
            "vpc_id": "vpc-048e571f2bd7792ab"
          },
          "sensitive_attributes": [],
          "private": "eyJlMmJmYjczMC1lY2FhLTExZTYtOGY4OC0zNDM2M2JjN2M0YzAiOnsiY3JlYXRlIjozMDAwMDAwMDAwMDAsImRlbGV0ZSI6MzAwMDAwMDAwMDAwLCJ1cGRhdGUiOjEyMDAwMDAwMDAwMH19",
          "dependencies": [
            "aws_internet_gateway.igw",
            "aws_vpc.vpc"
          ]
        }
      ]
    },
    {
      "mode": "managed",
      "type": "aws_route_table_association",
      "name": "rta",
      "provider": "provider[\"registry.terraform.io/hashicorp/aws\"]",
      "instances": []
    },
    {
      "mode": "managed",
      "type": "aws_security_group",
      "name": "apache-sg",
      "provider": "provider[\"registry.terraform.io/hashicorp/aws\"]",
      "instances": [
        {
          "schema_version": 1,
          "attributes": {
            "arn": "arn:aws:ec2:eu-west-2:367182624298:security-group/sg-0755b1a49634fecc9",
            "description": "Managed by Terraform",
            "egress": [
              {
                "cidr_blocks": [
                  "0.0.0.0/0"
                ],
                "description": "",
                "from_port": 0,
                "ipv6_cidr_blocks": [],
                "prefix_list_ids": [],
                "protocol": "-1",
                "security_groups": [],
                "self": false,
                "to_port": 0
              }
            ],
            "id": "sg-0755b1a49634fecc9",
            "ingress": [
              {
                "cidr_blocks": [
                  "10.0.0.0/16"
                ],
                "description": "",
                "from_port": 80,
                "ipv6_cidr_blocks": [],
                "prefix_list_ids": [],
                "protocol": "tcp",
                "security_groups": [],
                "self": false,
                "to_port": 80
              }
            ],
            "name": "apache-sg",
            "name_prefix": "",
            "owner_id": "367182624298",
            "revoke_rules_on_delete": false,
            "tags": {
              "billing_code": "ACT8675309",
              "company": "Philmatrix",
              "project": "Philmatrix-web-app"
            },
            "tags_all": {
              "billing_code": "ACT8675309",
              "company": "Philmatrix",
              "project": "Philmatrix-web-app"
            },
            "timeouts": null,
            "vpc_id": "vpc-048e571f2bd7792ab"
          },
          "sensitive_attributes": [],
          "private": "eyJlMmJmYjczMC1lY2FhLTExZTYtOGY4OC0zNDM2M2JjN2M0YzAiOnsiY3JlYXRlIjo2MDAwMDAwMDAwMDAsImRlbGV0ZSI6OTAwMDAwMDAwMDAwfSwic2NoZW1hX3ZlcnNpb24iOiIxIn0=",
          "dependencies": [
            "aws_vpc.vpc"
          ]
        }
      ]
    },
    {
      "mode": "managed",
      "type": "aws_security_group",
      "name": "lb-sg",
      "provider": "provider[\"registry.terraform.io/hashicorp/aws\"]",
      "instances": [
        {
          "schema_version": 1,
          "attributes": {
            "arn": "arn:aws:ec2:eu-west-2:367182624298:security-group/sg-08ecb140d70657e8c",
            "description": "Managed by Terraform",
            "egress": [
              {
                "cidr_blocks": [
                  "0.0.0.0/0"
                ],
                "description": "",
                "from_port": 0,
                "ipv6_cidr_blocks": [],
                "prefix_list_ids": [],
                "protocol": "-1",
                "security_groups": [],
                "self": false,
                "to_port": 0
              }
            ],
            "id": "sg-08ecb140d70657e8c",
            "ingress": [
              {
                "cidr_blocks": [
                  "0.0.0.0/0"
                ],
                "description": "",
                "from_port": 80,
                "ipv6_cidr_blocks": [],
                "prefix_list_ids": [],
                "protocol": "tcp",
                "security_groups": [],
                "self": false,
                "to_port": 80
              }
            ],
            "name": "apache-lb-sh",
            "name_prefix": "",
            "owner_id": "367182624298",
            "revoke_rules_on_delete": false,
            "tags": {
              "billing_code": "ACT8675309",
              "company": "Philmatrix",
              "project": "Philmatrix-web-app"
            },
            "tags_all": {
              "billing_code": "ACT8675309",
              "company": "Philmatrix",
              "project": "Philmatrix-web-app"
            },
            "timeouts": null,
            "vpc_id": "vpc-048e571f2bd7792ab"
          },
          "sensitive_attributes": [],
          "private": "eyJlMmJmYjczMC1lY2FhLTExZTYtOGY4OC0zNDM2M2JjN2M0YzAiOnsiY3JlYXRlIjo2MDAwMDAwMDAwMDAsImRlbGV0ZSI6OTAwMDAwMDAwMDAwfSwic2NoZW1hX3ZlcnNpb24iOiIxIn0=",
          "dependencies": [
            "aws_vpc.vpc"
          ]
        }
      ]
    },
    {
      "mode": "managed",
      "type": "aws_subnet",
      "name": "subnet",
      "provider": "provider[\"registry.terraform.io/hashicorp/aws\"]",
      "instances": [
        {
          "index_key": 1,
          "schema_version": 1,
          "attributes": {
            "arn": "arn:aws:ec2:eu-west-2:367182624298:subnet/subnet-078e62443141073c4",
            "assign_ipv6_address_on_creation": false,
            "availability_zone": "eu-west-2b",
            "availability_zone_id": "euw2-az3",
            "cidr_block": "10.0.1.0/24",
            "customer_owned_ipv4_pool": "",
            "enable_dns64": false,
            "enable_resource_name_dns_a_record_on_launch": false,
            "enable_resource_name_dns_aaaa_record_on_launch": false,
            "id": "subnet-078e62443141073c4",
            "ipv6_cidr_block": "",
            "ipv6_cidr_block_association_id": "",
            "ipv6_native": false,
            "map_customer_owned_ip_on_launch": false,
            "map_public_ip_on_launch": true,
            "outpost_arn": "",
            "owner_id": "367182624298",
            "private_dns_hostname_type_on_launch": "ip-name",
            "tags": {
              "billing_code": "ACT8675309",
              "company": "Philmatrix",
              "project": "Philmatrix-web-app"
            },
            "tags_all": {
              "billing_code": "ACT8675309",
              "company": "Philmatrix",
              "project": "Philmatrix-web-app"
            },
            "timeouts": null,
            "vpc_id": "vpc-048e571f2bd7792ab"
          },
          "sensitive_attributes": [],
          "private": "eyJlMmJmYjczMC1lY2FhLTExZTYtOGY4OC0zNDM2M2JjN2M0YzAiOnsiY3JlYXRlIjo2MDAwMDAwMDAwMDAsImRlbGV0ZSI6MTIwMDAwMDAwMDAwMH0sInNjaGVtYV92ZXJzaW9uIjoiMSJ9",
          "dependencies": [
            "aws_vpc.vpc",
            "data.aws_availability_zones.available"
          ]
        },
        {
          "index_key": 2,
          "schema_version": 1,
          "attributes": {
            "arn": "arn:aws:ec2:eu-west-2:367182624298:subnet/subnet-0370b50d4be551e42",
            "assign_ipv6_address_on_creation": false,
            "availability_zone": "eu-west-2c",
            "availability_zone_id": "euw2-az1",
            "cidr_block": "10.0.2.0/24",
            "customer_owned_ipv4_pool": "",
            "enable_dns64": false,
            "enable_resource_name_dns_a_record_on_launch": false,
            "enable_resource_name_dns_aaaa_record_on_launch": false,
            "id": "subnet-0370b50d4be551e42",
            "ipv6_cidr_block": "",
            "ipv6_cidr_block_association_id": "",
            "ipv6_native": false,
            "map_customer_owned_ip_on_launch": false,
            "map_public_ip_on_launch": true,
            "outpost_arn": "",
            "owner_id": "367182624298",
            "private_dns_hostname_type_on_launch": "ip-name",
            "tags": {
              "billing_code": "ACT8675309",
              "company": "Philmatrix",
              "project": "Philmatrix-web-app"
            },
            "tags_all": {
              "billing_code": "ACT8675309",
              "company": "Philmatrix",
              "project": "Philmatrix-web-app"
            },
            "timeouts": null,
            "vpc_id": "vpc-048e571f2bd7792ab"
          },
          "sensitive_attributes": [],
          "private": "eyJlMmJmYjczMC1lY2FhLTExZTYtOGY4OC0zNDM2M2JjN2M0YzAiOnsiY3JlYXRlIjo2MDAwMDAwMDAwMDAsImRlbGV0ZSI6MTIwMDAwMDAwMDAwMH0sInNjaGVtYV92ZXJzaW9uIjoiMSJ9",
          "dependencies": [
            "aws_vpc.vpc",
            "data.aws_availability_zones.available"
          ]
        }
      ]
    },
    {
      "mode": "managed",
      "type": "aws_subnet",
      "name": "subnet1",
      "provider": "provider[\"registry.terraform.io/hashicorp/aws\"]",
      "instances": [
        {
          "schema_version": 1,
          "attributes": {
            "arn": "arn:aws:ec2:eu-west-2:367182624298:subnet/subnet-03db046375f413fb6",
            "assign_ipv6_address_on_creation": false,
            "availability_zone": "eu-west-2a",
            "availability_zone_id": "euw2-az2",
            "cidr_block": "10.0.0.0/24",
            "customer_owned_ipv4_pool": "",
            "enable_dns64": false,
            "enable_resource_name_dns_a_record_on_launch": false,
            "enable_resource_name_dns_aaaa_record_on_launch": false,
            "id": "subnet-03db046375f413fb6",
            "ipv6_cidr_block": "",
            "ipv6_cidr_block_association_id": "",
            "ipv6_native": false,
            "map_customer_owned_ip_on_launch": false,
            "map_public_ip_on_launch": true,
            "outpost_arn": "",
            "owner_id": "367182624298",
            "private_dns_hostname_type_on_launch": "ip-name",
            "tags": {
              "billing_code": "ACT8675309",
              "company": "Philmatrix",
              "project": "Philmatrix-web-app"
            },
            "tags_all": {
              "billing_code": "ACT8675309",
              "company": "Philmatrix",
              "project": "Philmatrix-web-app"
            },
            "timeouts": null,
            "vpc_id": "vpc-048e571f2bd7792ab"
          },
          "sensitive_attributes": [],
          "private": "eyJlMmJmYjczMC1lY2FhLTExZTYtOGY4OC0zNDM2M2JjN2M0YzAiOnsiY3JlYXRlIjo2MDAwMDAwMDAwMDAsImRlbGV0ZSI6MTIwMDAwMDAwMDAwMH0sInNjaGVtYV92ZXJzaW9uIjoiMSJ9",
          "dependencies": [
            "aws_vpc.vpc",
            "data.aws_availability_zones.available"
          ]
        }
      ]
    },
    {
      "mode": "managed",
      "type": "aws_vpc",
      "name": "vpc",
      "provider": "provider[\"registry.terraform.io/hashicorp/aws\"]",
      "instances": [
        {
          "schema_version": 1,
          "attributes": {
            "arn": "arn:aws:ec2:eu-west-2:367182624298:vpc/vpc-048e571f2bd7792ab",
            "assign_generated_ipv6_cidr_block": false,
            "cidr_block": "10.0.0.0/16",
            "default_network_acl_id": "acl-033f98214e56f7f35",
            "default_route_table_id": "rtb-0490fcdd90865c622",
            "default_security_group_id": "sg-069fc23a0de039376",
            "dhcp_options_id": "dopt-089b5ae90ba7cbbb4",
            "enable_classiclink": false,
            "enable_classiclink_dns_support": false,
            "enable_dns_hostnames": true,
            "enable_dns_support": true,
            "enable_network_address_usage_metrics": false,
            "id": "vpc-048e571f2bd7792ab",
            "instance_tenancy": "default",
            "ipv4_ipam_pool_id": null,
            "ipv4_netmask_length": null,
            "ipv6_association_id": "",
            "ipv6_cidr_block": "",
            "ipv6_cidr_block_network_border_group": "",
            "ipv6_ipam_pool_id": "",
            "ipv6_netmask_length": 0,
            "main_route_table_id": "rtb-0490fcdd90865c622",
            "owner_id": "367182624298",
            "tags": {
              "billing_code": "ACT8675309",
              "company": "Philmatrix",
              "project": "Philmatrix-web-app"
            },
            "tags_all": {
              "billing_code": "ACT8675309",
              "company": "Philmatrix",
              "project": "Philmatrix-web-app"
            }
          },
          "sensitive_attributes": [],
          "private": "eyJzY2hlbWFfdmVyc2lvbiI6IjEifQ=="
        }
      ]
    },
    {
      "mode": "managed",
      "type": "local_file",
      "name": "instance_ips_1",
      "provider": "provider[\"registry.terraform.io/hashicorp/local\"]",
      "instances": []
    },
    {
      "mode": "managed",
      "type": "local_file",
      "name": "ssh_key",
      "provider": "provider[\"registry.terraform.io/hashicorp/local\"]",
      "instances": [
        {
          "schema_version": 0,
          "attributes": {
            "content": "-----BEGIN RSA PRIVATE KEY-----\nMIIJJwIBAAKCAgEAxyNQfgXDHg2jWIB/vhNoZyZNwDcHCOlYTIlxFqAnkcPoirw+\ndKrhXCt3ieFU/EnZOEPBkewaInCvZ2y7wDUHkUk31ezA+wygo0NOkSFiOSBbdL1I\nBS1k8YC5Lb+yXlFLKs/lY2BMMtLmfVdi/4//XoyE8GwJGOIgdYNajslxEvGx/zMW\nQs4A2PKMjsGEigDhm/66xubrjhGX0vGMOBXwrlWwfRTAZsZNdRbldkQr7EkNuv6p\na/ylAyMvnO06SRvS12T1mvT21hZV/5nFVeLLWByKeET/I9suA4pCMHHyUBI2EyVc\n4eqf7Q+BKHrNWBIGyU9TsFIhlsIaYY4IgRJl+XndVpAUqyfdP3+ezq4dXcOpX7Sd\nYAkvYkVDCCAUveoEh9R++4NJb3xj+MHCsK7FkPHuvhgQSKCOUUdLiXwsA2Rl9Xk0\nmJdn3kxMaTmtkX/UepMBzpBmxJ1d1uhiRoW6RYsRuKCraa/zebLMJkcQy3Pub05a\nD2wAGsiJ5ylasXVlI7bZmvy1Th+b+tMRUyyYB/vqEMjWuYf3HljdPyEKto7mTaJp\nJGV2BZ1UfXyAHghbIoniobqj/uuzAc2pPVo335I/CExUMsvfGaYq6iJ0RCXpUP2b\nOn/yg+i2Hz24SZmBSnrUzm5EuG2CSeKeOwTWFUM4M/XShwjc9OT5WkldGMsCAwEA\nAQKCAgA51f3YvB+xKNDaMWfocoaN/sfyHYlDg1IL2JcptRYI9dciBA43oDGXrWAo\ngXNHWsNl3ffoQ6RLgGLRLPlSl5Q9FADNdteNkltNT40QBZwbb1RgkWDLcCWzJmmh\n6d0KG54zLvI2bI9061/Z43lzNAU9Fp69nQL/YR2AQ8gXVFYs5FmH/vRmLqJ8X+WG\nyJmP4zWjMtZYUlTzjBSGRXUuDOE8INMDYPWIY+u3KBE4yg/frk/4kWHvZQ8f3CZF\n83hMJ3KS8FWMzbyq7Q3JEIYJrbbVPmTRDWj0pwG0MYGLxGxV6RQfd2iEjLoqBajD\ncvcUrxedfBaYTSJIQNOcpb2+jvNif/ZNMqmBqd/60E/Wsg+D6kkivPsI7r6A5eT3\ndZFLGTfxl/vwEzVkBaTv3DEADu57Q6pd3oeV1yqwioT9KtOXlUNff9NL9gDUAWkz\nf6jnkEwezBDGvd1ui/xRThWQn0Aa59inPC9hGtFFbMFxulqOgMCVtpY0tLAWHMh/\nf75H4zjX1UidM7gAJsi+HZfbQnWitN27ci5Ae9pRV4zK9qiizlk6t58LScMA4/fH\nUEZUEeHcGe/HHlUe2qT/EccdEe1xEVtqPuvpsCYMAEr+xteGMt5ITtJpGCOo11T4\nPAsU3Ldogs1SCa01tjXIRrCRQ8MDdJsKlotvWiNMEbWrBV3egQKCAQEA9Obgj2H5\n7AzqKSHhygZ4RFFXirwVAoMggPvRETG4hUqk6GUMSl5MHKSNdk1uZaVDPFNycu5T\nvMZIODrKFVOpnB5GHWZZJGUK/pd0bj3BZmza0Qa5m9aUJt2aWppFAxX3ZeiGKVf8\nesLVTDcOVk0M+XqaMjvqoOrZQ1nIMc9JWH6yKhSSshTpiKX0OM1MtCWJnAm3i6uO\nntppvOu+q8g4pR2S1cPqNpUgIppeTIxg9kR4yQgqeAIZBYXiNOQzAQluaVpZoEAJ\nRdlILyUxjPDfyNT5K++GSlZfYpk/lTDgIjtfWEXZf6AqN/rYrwZfTwpMBEPlB/op\nw/lkCOqmyptW6wKCAQEA0CmG6M1RdCwod0vY/KVGQbQe/93TATFptOuopXxIsD7B\n+MAQNlfm8cVRFGkfv3m9qXrjXx8L58hBJ4XsyIGKl8t0PrCieYl0uP3eKSzYID3O\n1DKCpEspC+ofGAE2CJcYe1ocv0Xn5Hy8ovWg3DyXPdxbS1qYh1cRTh31ztJz2P8m\nVoIFFgW5XZKswTB1Q6HLMSWAl/wH/nWXZftQJ4a+Df1wFrqnWzRbH6Mh9QwvcYBF\nC5ukV4enw9rXr0gprAYv+N8le0gK6U+1WcT8sfESuBmZdxdh+JejJvIi+TV927YS\nYM42ZDq9/WyQNcK8ece1PO4h4OEihuQS/AtNUWSNoQKCAQBQuTFX0bGxbuhYOoTU\nNKG70xwJ7Mj4FQTHvzlAc6UgumP0/im48bAg2NSQJCG5e2nYHqFg5NHRLYJslmQ5\n92O2w/vUgQHtDyk6le2Y0N5IxqSxtYfEqEwZK35PUv5gcAMmIijmw8vDIylvf85I\nAAnAyfq9iCZkeES5AIUOdgb1Fn3fhPx9mosHsbv4ZSNdVeov9rv7W8cc8V1dGk+1\nC8AwHLljoLo415rKDRv8G2Fyi0tM6FYnTHm26lSPnpB5TQSJ0XAtdC4aSe6TK61T\niaoZ5qljJAadxi6Wr3DX2k5mui9JR2zTtpVz8kkuF+meggRge4iownq10CR7E+16\nZw2VAoIBAALPnL/GDgSImB9MSejXfoRin0yLPU810Jyd1hAuBnlCz7HBPjbNpxO6\nu2aQKNqYFUSVoT5ml+2QWbjj6ReoECwOlkpGbls/zPC2lOpvbZe53fIloHgBf9Nm\nXPchBQ7Go5D+3YaDtibyvEVjFcIDm3M9Z4oz9f1V4qjwZKJfWysh/u2KIfFzMFag\nJW8SbXL1W14ViJAE2kLIabv50dJG0ogz1PCpoprrsRNTS6EYggeBWO1YM7bu4QgX\nC3SVf+KPztQIh2QLzAHsjqFgtJzeiYcs6VKfYTZPLefXuzssSr/NzJ+8CSX/WRN0\nBNqE/7CRTtQ8zv5Pa/zwVYVLzcZ8miECggEAKCsJcEXNejoCDunulQYJXDZoPpkq\neUVJNBYIBzu2A291XnlU/nd7pNudw4Jib9lv2SxPq7Xm90gqpgKwiJMGZOv3Mwrp\nf/CXNqISZlvHsoGkenQHjwvjuB+irshDo/MX8b3lfV7xz4h613m4hY/HBh820sPZ\nT/ri1AR6KHzWgl0itLGOZrXoPSOaEmSHKmBwPYBm9dbR2nHX0Q0cH7QhUrnKASXl\n4YWVCzeku9EQt77ip8d6yzUiM2eTBFrI3aEbGjERZPhxYMHvZpvgZqnq7n23I8xs\nQVCXWwoae0ofy7EqYq6Y3UoKUkeXJ8RukwFOE1s08jDiq+Uqy6H9rnE2mg==\n-----END RSA PRIVATE KEY-----\n",
            "content_base64": null,
            "directory_permission": "0777",
            "file_permission": "0777",
            "filename": "aws-key-pair.pem",
            "id": "98a7aa549753cd4c99fe3a2f2f2dd4b11c836135",
            "sensitive_content": null,
            "source": null
          },
          "sensitive_attributes": [
            [
              {
                "type": "get_attr",
                "value": "content"
              }
            ]
          ],
          "dependencies": [
            "aws_key_pair.key_pair",
            "tls_private_key.key_pair"
          ]
        }
      ]
    },
    {
      "mode": "managed",
      "type": "tls_private_key",
      "name": "key_pair",
      "provider": "provider[\"registry.terraform.io/hashicorp/tls\"]",
      "instances": [
        {
          "schema_version": 1,
          "attributes": {
            "algorithm": "RSA",
            "ecdsa_curve": "P224",
            "id": "bac222b5c8825545df75f5f8214fe21e2cedf94a",
            "private_key_openssh": "-----BEGIN OPENSSH PRIVATE KEY-----\nb3BlbnNzaC1rZXktdjEAAAAABG5vbmUAAAAEbm9uZQAAAAAAAAABAAACFwAAAAdz\nc2gtcnNhAAAAAwEAAQAAAgEAxyNQfgXDHg2jWIB/vhNoZyZNwDcHCOlYTIlxFqAn\nkcPoirw+dKrhXCt3ieFU/EnZOEPBkewaInCvZ2y7wDUHkUk31ezA+wygo0NOkSFi\nOSBbdL1IBS1k8YC5Lb+yXlFLKs/lY2BMMtLmfVdi/4//XoyE8GwJGOIgdYNajslx\nEvGx/zMWQs4A2PKMjsGEigDhm/66xubrjhGX0vGMOBXwrlWwfRTAZsZNdRbldkQr\n7EkNuv6pa/ylAyMvnO06SRvS12T1mvT21hZV/5nFVeLLWByKeET/I9suA4pCMHHy\nUBI2EyVc4eqf7Q+BKHrNWBIGyU9TsFIhlsIaYY4IgRJl+XndVpAUqyfdP3+ezq4d\nXcOpX7SdYAkvYkVDCCAUveoEh9R++4NJb3xj+MHCsK7FkPHuvhgQSKCOUUdLiXws\nA2Rl9Xk0mJdn3kxMaTmtkX/UepMBzpBmxJ1d1uhiRoW6RYsRuKCraa/zebLMJkcQ\ny3Pub05aD2wAGsiJ5ylasXVlI7bZmvy1Th+b+tMRUyyYB/vqEMjWuYf3HljdPyEK\nto7mTaJpJGV2BZ1UfXyAHghbIoniobqj/uuzAc2pPVo335I/CExUMsvfGaYq6iJ0\nRCXpUP2bOn/yg+i2Hz24SZmBSnrUzm5EuG2CSeKeOwTWFUM4M/XShwjc9OT5Wkld\nGMsAAAc4qlHlQKpR5UAAAAAHc3NoLXJzYQAAAgEAxyNQfgXDHg2jWIB/vhNoZyZN\nwDcHCOlYTIlxFqAnkcPoirw+dKrhXCt3ieFU/EnZOEPBkewaInCvZ2y7wDUHkUk3\n1ezA+wygo0NOkSFiOSBbdL1IBS1k8YC5Lb+yXlFLKs/lY2BMMtLmfVdi/4//XoyE\n8GwJGOIgdYNajslxEvGx/zMWQs4A2PKMjsGEigDhm/66xubrjhGX0vGMOBXwrlWw\nfRTAZsZNdRbldkQr7EkNuv6pa/ylAyMvnO06SRvS12T1mvT21hZV/5nFVeLLWByK\neET/I9suA4pCMHHyUBI2EyVc4eqf7Q+BKHrNWBIGyU9TsFIhlsIaYY4IgRJl+Xnd\nVpAUqyfdP3+ezq4dXcOpX7SdYAkvYkVDCCAUveoEh9R++4NJb3xj+MHCsK7FkPHu\nvhgQSKCOUUdLiXwsA2Rl9Xk0mJdn3kxMaTmtkX/UepMBzpBmxJ1d1uhiRoW6RYsR\nuKCraa/zebLMJkcQy3Pub05aD2wAGsiJ5ylasXVlI7bZmvy1Th+b+tMRUyyYB/vq\nEMjWuYf3HljdPyEKto7mTaJpJGV2BZ1UfXyAHghbIoniobqj/uuzAc2pPVo335I/\nCExUMsvfGaYq6iJ0RCXpUP2bOn/yg+i2Hz24SZmBSnrUzm5EuG2CSeKeOwTWFUM4\nM/XShwjc9OT5WkldGMsAAAADAQABAAACADnV/di8H7Eo0NoxZ+hyho3+x/IdiUOD\nUgvYlym1Fgj11yIEDjegMZetYCiBc0daw2Xd9+hDpEuAYtEs+VKXlD0UAM12142S\nW01PjRAFnBtvVGCRYMtwJbMmaaHp3QobnjMu8jZsj3TrX9njeXM0BT0Wnr2dAv9h\nHYBDyBdUVizkWYf+9GYuonxf5YbImY/jNaMy1lhSVPOMFIZFdS4M4Twg0wNg9Yhj\n67coETjKD9+uT/iRYe9lDx/cJkXzeEwncpLwVYzNvKrtDckQhgmtttU+ZNENaPSn\nAbQxgYvEbFXpFB93aISMuioFqMNy9xSvF518FphNIkhA05ylvb6O82J/9k0yqYGp\n3/rQT9ayD4PqSSK8+wjuvoDl5Pd1kUsZN/GX+/ATNWQFpO/cMQAO7ntDql3eh5XX\nKrCKhP0q05eVQ19/00v2ANQBaTN/qOeQTB7MEMa93W6L/FFOFZCfQBrn2Kc8L2Ea\n0UVswXG6Wo6AwJW2ljS0sBYcyH9/vkfjONfVSJ0zuAAmyL4dl9tCdaK03btyLkB7\n2lFXjMr2qKLOWTq3nwtJwwDj98dQRlQR4dwZ78ceVR7apP8Rxx0R7XERW2o+6+mw\nJgwASv7G14Yy3khO0mkYI6jXVPg8CxTct2iCzVIJrTW2NchGsJFDwwN0mwqWi29a\nI0wRtasFXd6BAAABACgrCXBFzXo6Ag7p7pUGCVw2aD6ZKnlFSTQWCAc7tgNvdV55\nVP53e6TbncOCYm/Zb9ksT6u15vdIKqYCsIiTBmTr9zMK6X/wlzaiEmZbx7KBpHp0\nB48L47gfoq7IQ6PzF/G95X1e8c+Ietd5uIWPxwYfNtLD2U/64tQEeih81oJdIrSx\njma16D0jmhJkhypgcD2AZvXW0dpx19ENHB+0IVK5ygEl5eGFlQs3pLvRELe+4qfH\ness1IjNnkwRayN2hGxoxEWT4cWDB72ab4Gap6u59tyPMbEFQl1sKGntKH8uxKmKu\nmN1KClJHlyfEbpMBThNbNPIw4qvlKsuh/a5xNpoAAAEBAPTm4I9h+ewM6ikh4coG\neERRV4q8FQKDIID70RExuIVKpOhlDEpeTBykjXZNbmWlQzxTcnLuU7zGSDg6yhVT\nqZweRh1mWSRlCv6XdG49wWZs2tEGuZvWlCbdmlqaRQMV92XohilX/HrC1Uw3DlZN\nDPl6mjI76qDq2UNZyDHPSVh+sioUkrIU6Yil9DjNTLQliZwJt4urjp7aabzrvqvI\nOKUdktXD6jaVICKaXkyMYPZEeMkIKngCGQWF4jTkMwEJbmlaWaBACUXZSC8lMYzw\n38jU+SvvhkpWX2KZP5Uw4CI7X1hF2X+gKjf62K8GX08KTARD5Qf6KcP5ZAjqpsqb\nVusAAAEBANAphujNUXQsKHdL2PylRkG0Hv/d0wExabTrqKV8SLA+wfjAEDZX5vHF\nURRpH795val6418fC+fIQSeF7MiBipfLdD6wonmJdLj93iks2CA9ztQygqRLKQvq\nHxgBNgiXGHtaHL9F5+R8vKL1oNw8lz3cW0tamIdXEU4d9c7Sc9j/JlaCBRYFuV2S\nrMEwdUOhyzElgJf8B/51l2X7UCeGvg39cBa6p1s0Wx+jIfUML3GARQubpFeHp8Pa\n169IKawGL/jfJXtICulPtVnE/LHxErgZmXcXYfiXoybyIvk1fdu2EmDONmQ6vf1s\nkDXCvHnHtTzuIeDhIobkEvwLTVFkjaEAAAAAAQID\n-----END OPENSSH PRIVATE KEY-----\n",
            "private_key_pem": "-----BEGIN RSA PRIVATE KEY-----\nMIIJJwIBAAKCAgEAxyNQfgXDHg2jWIB/vhNoZyZNwDcHCOlYTIlxFqAnkcPoirw+\ndKrhXCt3ieFU/EnZOEPBkewaInCvZ2y7wDUHkUk31ezA+wygo0NOkSFiOSBbdL1I\nBS1k8YC5Lb+yXlFLKs/lY2BMMtLmfVdi/4//XoyE8GwJGOIgdYNajslxEvGx/zMW\nQs4A2PKMjsGEigDhm/66xubrjhGX0vGMOBXwrlWwfRTAZsZNdRbldkQr7EkNuv6p\na/ylAyMvnO06SRvS12T1mvT21hZV/5nFVeLLWByKeET/I9suA4pCMHHyUBI2EyVc\n4eqf7Q+BKHrNWBIGyU9TsFIhlsIaYY4IgRJl+XndVpAUqyfdP3+ezq4dXcOpX7Sd\nYAkvYkVDCCAUveoEh9R++4NJb3xj+MHCsK7FkPHuvhgQSKCOUUdLiXwsA2Rl9Xk0\nmJdn3kxMaTmtkX/UepMBzpBmxJ1d1uhiRoW6RYsRuKCraa/zebLMJkcQy3Pub05a\nD2wAGsiJ5ylasXVlI7bZmvy1Th+b+tMRUyyYB/vqEMjWuYf3HljdPyEKto7mTaJp\nJGV2BZ1UfXyAHghbIoniobqj/uuzAc2pPVo335I/CExUMsvfGaYq6iJ0RCXpUP2b\nOn/yg+i2Hz24SZmBSnrUzm5EuG2CSeKeOwTWFUM4M/XShwjc9OT5WkldGMsCAwEA\nAQKCAgA51f3YvB+xKNDaMWfocoaN/sfyHYlDg1IL2JcptRYI9dciBA43oDGXrWAo\ngXNHWsNl3ffoQ6RLgGLRLPlSl5Q9FADNdteNkltNT40QBZwbb1RgkWDLcCWzJmmh\n6d0KG54zLvI2bI9061/Z43lzNAU9Fp69nQL/YR2AQ8gXVFYs5FmH/vRmLqJ8X+WG\nyJmP4zWjMtZYUlTzjBSGRXUuDOE8INMDYPWIY+u3KBE4yg/frk/4kWHvZQ8f3CZF\n83hMJ3KS8FWMzbyq7Q3JEIYJrbbVPmTRDWj0pwG0MYGLxGxV6RQfd2iEjLoqBajD\ncvcUrxedfBaYTSJIQNOcpb2+jvNif/ZNMqmBqd/60E/Wsg+D6kkivPsI7r6A5eT3\ndZFLGTfxl/vwEzVkBaTv3DEADu57Q6pd3oeV1yqwioT9KtOXlUNff9NL9gDUAWkz\nf6jnkEwezBDGvd1ui/xRThWQn0Aa59inPC9hGtFFbMFxulqOgMCVtpY0tLAWHMh/\nf75H4zjX1UidM7gAJsi+HZfbQnWitN27ci5Ae9pRV4zK9qiizlk6t58LScMA4/fH\nUEZUEeHcGe/HHlUe2qT/EccdEe1xEVtqPuvpsCYMAEr+xteGMt5ITtJpGCOo11T4\nPAsU3Ldogs1SCa01tjXIRrCRQ8MDdJsKlotvWiNMEbWrBV3egQKCAQEA9Obgj2H5\n7AzqKSHhygZ4RFFXirwVAoMggPvRETG4hUqk6GUMSl5MHKSNdk1uZaVDPFNycu5T\nvMZIODrKFVOpnB5GHWZZJGUK/pd0bj3BZmza0Qa5m9aUJt2aWppFAxX3ZeiGKVf8\nesLVTDcOVk0M+XqaMjvqoOrZQ1nIMc9JWH6yKhSSshTpiKX0OM1MtCWJnAm3i6uO\nntppvOu+q8g4pR2S1cPqNpUgIppeTIxg9kR4yQgqeAIZBYXiNOQzAQluaVpZoEAJ\nRdlILyUxjPDfyNT5K++GSlZfYpk/lTDgIjtfWEXZf6AqN/rYrwZfTwpMBEPlB/op\nw/lkCOqmyptW6wKCAQEA0CmG6M1RdCwod0vY/KVGQbQe/93TATFptOuopXxIsD7B\n+MAQNlfm8cVRFGkfv3m9qXrjXx8L58hBJ4XsyIGKl8t0PrCieYl0uP3eKSzYID3O\n1DKCpEspC+ofGAE2CJcYe1ocv0Xn5Hy8ovWg3DyXPdxbS1qYh1cRTh31ztJz2P8m\nVoIFFgW5XZKswTB1Q6HLMSWAl/wH/nWXZftQJ4a+Df1wFrqnWzRbH6Mh9QwvcYBF\nC5ukV4enw9rXr0gprAYv+N8le0gK6U+1WcT8sfESuBmZdxdh+JejJvIi+TV927YS\nYM42ZDq9/WyQNcK8ece1PO4h4OEihuQS/AtNUWSNoQKCAQBQuTFX0bGxbuhYOoTU\nNKG70xwJ7Mj4FQTHvzlAc6UgumP0/im48bAg2NSQJCG5e2nYHqFg5NHRLYJslmQ5\n92O2w/vUgQHtDyk6le2Y0N5IxqSxtYfEqEwZK35PUv5gcAMmIijmw8vDIylvf85I\nAAnAyfq9iCZkeES5AIUOdgb1Fn3fhPx9mosHsbv4ZSNdVeov9rv7W8cc8V1dGk+1\nC8AwHLljoLo415rKDRv8G2Fyi0tM6FYnTHm26lSPnpB5TQSJ0XAtdC4aSe6TK61T\niaoZ5qljJAadxi6Wr3DX2k5mui9JR2zTtpVz8kkuF+meggRge4iownq10CR7E+16\nZw2VAoIBAALPnL/GDgSImB9MSejXfoRin0yLPU810Jyd1hAuBnlCz7HBPjbNpxO6\nu2aQKNqYFUSVoT5ml+2QWbjj6ReoECwOlkpGbls/zPC2lOpvbZe53fIloHgBf9Nm\nXPchBQ7Go5D+3YaDtibyvEVjFcIDm3M9Z4oz9f1V4qjwZKJfWysh/u2KIfFzMFag\nJW8SbXL1W14ViJAE2kLIabv50dJG0ogz1PCpoprrsRNTS6EYggeBWO1YM7bu4QgX\nC3SVf+KPztQIh2QLzAHsjqFgtJzeiYcs6VKfYTZPLefXuzssSr/NzJ+8CSX/WRN0\nBNqE/7CRTtQ8zv5Pa/zwVYVLzcZ8miECggEAKCsJcEXNejoCDunulQYJXDZoPpkq\neUVJNBYIBzu2A291XnlU/nd7pNudw4Jib9lv2SxPq7Xm90gqpgKwiJMGZOv3Mwrp\nf/CXNqISZlvHsoGkenQHjwvjuB+irshDo/MX8b3lfV7xz4h613m4hY/HBh820sPZ\nT/ri1AR6KHzWgl0itLGOZrXoPSOaEmSHKmBwPYBm9dbR2nHX0Q0cH7QhUrnKASXl\n4YWVCzeku9EQt77ip8d6yzUiM2eTBFrI3aEbGjERZPhxYMHvZpvgZqnq7n23I8xs\nQVCXWwoae0ofy7EqYq6Y3UoKUkeXJ8RukwFOE1s08jDiq+Uqy6H9rnE2mg==\n-----END RSA PRIVATE KEY-----\n",
            "private_key_pem_pkcs8": "-----BEGIN PRIVATE KEY-----\nMIIJQQIBADANBgkqhkiG9w0BAQEFAASCCSswggknAgEAAoICAQDHI1B+BcMeDaNY\ngH++E2hnJk3ANwcI6VhMiXEWoCeRw+iKvD50quFcK3eJ4VT8Sdk4Q8GR7BoicK9n\nbLvANQeRSTfV7MD7DKCjQ06RIWI5IFt0vUgFLWTxgLktv7JeUUsqz+VjYEwy0uZ9\nV2L/j/9ejITwbAkY4iB1g1qOyXES8bH/MxZCzgDY8oyOwYSKAOGb/rrG5uuOEZfS\n8Yw4FfCuVbB9FMBmxk11FuV2RCvsSQ26/qlr/KUDIy+c7TpJG9LXZPWa9PbWFlX/\nmcVV4stYHIp4RP8j2y4DikIwcfJQEjYTJVzh6p/tD4Eoes1YEgbJT1OwUiGWwhph\njgiBEmX5ed1WkBSrJ90/f57Orh1dw6lftJ1gCS9iRUMIIBS96gSH1H77g0lvfGP4\nwcKwrsWQ8e6+GBBIoI5RR0uJfCwDZGX1eTSYl2feTExpOa2Rf9R6kwHOkGbEnV3W\n6GJGhbpFixG4oKtpr/N5sswmRxDLc+5vTloPbAAayInnKVqxdWUjttma/LVOH5v6\n0xFTLJgH++oQyNa5h/ceWN0/IQq2juZNomkkZXYFnVR9fIAeCFsiieKhuqP+67MB\nzak9Wjffkj8ITFQyy98ZpirqInREJelQ/Zs6f/KD6LYfPbhJmYFKetTObkS4bYJJ\n4p47BNYVQzgz9dKHCNz05PlaSV0YywIDAQABAoICADnV/di8H7Eo0NoxZ+hyho3+\nx/IdiUODUgvYlym1Fgj11yIEDjegMZetYCiBc0daw2Xd9+hDpEuAYtEs+VKXlD0U\nAM12142SW01PjRAFnBtvVGCRYMtwJbMmaaHp3QobnjMu8jZsj3TrX9njeXM0BT0W\nnr2dAv9hHYBDyBdUVizkWYf+9GYuonxf5YbImY/jNaMy1lhSVPOMFIZFdS4M4Twg\n0wNg9Yhj67coETjKD9+uT/iRYe9lDx/cJkXzeEwncpLwVYzNvKrtDckQhgmtttU+\nZNENaPSnAbQxgYvEbFXpFB93aISMuioFqMNy9xSvF518FphNIkhA05ylvb6O82J/\n9k0yqYGp3/rQT9ayD4PqSSK8+wjuvoDl5Pd1kUsZN/GX+/ATNWQFpO/cMQAO7ntD\nql3eh5XXKrCKhP0q05eVQ19/00v2ANQBaTN/qOeQTB7MEMa93W6L/FFOFZCfQBrn\n2Kc8L2Ea0UVswXG6Wo6AwJW2ljS0sBYcyH9/vkfjONfVSJ0zuAAmyL4dl9tCdaK0\n3btyLkB72lFXjMr2qKLOWTq3nwtJwwDj98dQRlQR4dwZ78ceVR7apP8Rxx0R7XER\nW2o+6+mwJgwASv7G14Yy3khO0mkYI6jXVPg8CxTct2iCzVIJrTW2NchGsJFDwwN0\nmwqWi29aI0wRtasFXd6BAoIBAQD05uCPYfnsDOopIeHKBnhEUVeKvBUCgyCA+9ER\nMbiFSqToZQxKXkwcpI12TW5lpUM8U3Jy7lO8xkg4OsoVU6mcHkYdZlkkZQr+l3Ru\nPcFmbNrRBrmb1pQm3ZpamkUDFfdl6IYpV/x6wtVMNw5WTQz5epoyO+qg6tlDWcgx\nz0lYfrIqFJKyFOmIpfQ4zUy0JYmcCbeLq46e2mm8676ryDilHZLVw+o2lSAiml5M\njGD2RHjJCCp4AhkFheI05DMBCW5pWlmgQAlF2UgvJTGM8N/I1Pkr74ZKVl9imT+V\nMOAiO19YRdl/oCo3+tivBl9PCkwEQ+UH+inD+WQI6qbKm1brAoIBAQDQKYbozVF0\nLCh3S9j8pUZBtB7/3dMBMWm066ilfEiwPsH4wBA2V+bxxVEUaR+/eb2peuNfHwvn\nyEEnhezIgYqXy3Q+sKJ5iXS4/d4pLNggPc7UMoKkSykL6h8YATYIlxh7Why/Refk\nfLyi9aDcPJc93FtLWpiHVxFOHfXO0nPY/yZWggUWBbldkqzBMHVDocsxJYCX/Af+\ndZdl+1Anhr4N/XAWuqdbNFsfoyH1DC9xgEULm6RXh6fD2tevSCmsBi/43yV7SArp\nT7VZxPyx8RK4GZl3F2H4l6Mm8iL5NX3bthJgzjZkOr39bJA1wrx5x7U87iHg4SKG\n5BL8C01RZI2hAoIBAFC5MVfRsbFu6Fg6hNQ0obvTHAnsyPgVBMe/OUBzpSC6Y/T+\nKbjxsCDY1JAkIbl7adgeoWDk0dEtgmyWZDn3Y7bD+9SBAe0PKTqV7ZjQ3kjGpLG1\nh8SoTBkrfk9S/mBwAyYiKObDy8MjKW9/zkgACcDJ+r2IJmR4RLkAhQ52BvUWfd+E\n/H2aiwexu/hlI11V6i/2u/tbxxzxXV0aT7ULwDAcuWOgujjXmsoNG/wbYXKLS0zo\nVidMebbqVI+ekHlNBInRcC10LhpJ7pMrrVOJqhnmqWMkBp3GLpavcNfaTma6L0lH\nbNO2lXPySS4X6Z6CBGB7iKjCerXQJHsT7XpnDZUCggEAAs+cv8YOBIiYH0xJ6Nd+\nhGKfTIs9TzXQnJ3WEC4GeULPscE+Ns2nE7q7ZpAo2pgVRJWhPmaX7ZBZuOPpF6gQ\nLA6WSkZuWz/M8LaU6m9tl7nd8iWgeAF/02Zc9yEFDsajkP7dhoO2JvK8RWMVwgOb\ncz1nijP1/VXiqPBkol9bKyH+7Yoh8XMwVqAlbxJtcvVbXhWIkATaQshpu/nR0kbS\niDPU8KmimuuxE1NLoRiCB4FY7Vgztu7hCBcLdJV/4o/O1AiHZAvMAeyOoWC0nN6J\nhyzpUp9hNk8t59e7OyxKv83Mn7wJJf9ZE3QE2oT/sJFO1DzO/k9r/PBVhUvNxnya\nIQKCAQAoKwlwRc16OgIO6e6VBglcNmg+mSp5RUk0FggHO7YDb3VeeVT+d3uk253D\ngmJv2W/ZLE+rteb3SCqmArCIkwZk6/czCul/8Jc2ohJmW8eygaR6dAePC+O4H6Ku\nyEOj8xfxveV9XvHPiHrXebiFj8cGHzbSw9lP+uLUBHoofNaCXSK0sY5mteg9I5oS\nZIcqYHA9gGb11tHacdfRDRwftCFSucoBJeXhhZULN6S70RC3vuKnx3rLNSIzZ5ME\nWsjdoRsaMRFk+HFgwe9mm+BmqerufbcjzGxBUJdbChp7Sh/LsSpirpjdSgpSR5cn\nxG6TAU4TWzTyMOKr5SrLof2ucTaa\n-----END PRIVATE KEY-----\n",
            "public_key_fingerprint_md5": "f7:26:56:7c:f4:44:77:34:c6:43:d3:4e:a9:aa:ae:ae",
            "public_key_fingerprint_sha256": "SHA256:krugstPwJJttFjSugc9yFFFjKTZg/qIxLUbwKQxl2Wk",
            "public_key_openssh": "ssh-rsa AAAAB3NzaC1yc2EAAAADAQABAAACAQDHI1B+BcMeDaNYgH++E2hnJk3ANwcI6VhMiXEWoCeRw+iKvD50quFcK3eJ4VT8Sdk4Q8GR7BoicK9nbLvANQeRSTfV7MD7DKCjQ06RIWI5IFt0vUgFLWTxgLktv7JeUUsqz+VjYEwy0uZ9V2L/j/9ejITwbAkY4iB1g1qOyXES8bH/MxZCzgDY8oyOwYSKAOGb/rrG5uuOEZfS8Yw4FfCuVbB9FMBmxk11FuV2RCvsSQ26/qlr/KUDIy+c7TpJG9LXZPWa9PbWFlX/mcVV4stYHIp4RP8j2y4DikIwcfJQEjYTJVzh6p/tD4Eoes1YEgbJT1OwUiGWwhphjgiBEmX5ed1WkBSrJ90/f57Orh1dw6lftJ1gCS9iRUMIIBS96gSH1H77g0lvfGP4wcKwrsWQ8e6+GBBIoI5RR0uJfCwDZGX1eTSYl2feTExpOa2Rf9R6kwHOkGbEnV3W6GJGhbpFixG4oKtpr/N5sswmRxDLc+5vTloPbAAayInnKVqxdWUjttma/LVOH5v60xFTLJgH++oQyNa5h/ceWN0/IQq2juZNomkkZXYFnVR9fIAeCFsiieKhuqP+67MBzak9Wjffkj8ITFQyy98ZpirqInREJelQ/Zs6f/KD6LYfPbhJmYFKetTObkS4bYJJ4p47BNYVQzgz9dKHCNz05PlaSV0Yyw==\n",
            "public_key_pem": "-----BEGIN PUBLIC KEY-----\nMIICIjANBgkqhkiG9w0BAQEFAAOCAg8AMIICCgKCAgEAxyNQfgXDHg2jWIB/vhNo\nZyZNwDcHCOlYTIlxFqAnkcPoirw+dKrhXCt3ieFU/EnZOEPBkewaInCvZ2y7wDUH\nkUk31ezA+wygo0NOkSFiOSBbdL1IBS1k8YC5Lb+yXlFLKs/lY2BMMtLmfVdi/4//\nXoyE8GwJGOIgdYNajslxEvGx/zMWQs4A2PKMjsGEigDhm/66xubrjhGX0vGMOBXw\nrlWwfRTAZsZNdRbldkQr7EkNuv6pa/ylAyMvnO06SRvS12T1mvT21hZV/5nFVeLL\nWByKeET/I9suA4pCMHHyUBI2EyVc4eqf7Q+BKHrNWBIGyU9TsFIhlsIaYY4IgRJl\n+XndVpAUqyfdP3+ezq4dXcOpX7SdYAkvYkVDCCAUveoEh9R++4NJb3xj+MHCsK7F\nkPHuvhgQSKCOUUdLiXwsA2Rl9Xk0mJdn3kxMaTmtkX/UepMBzpBmxJ1d1uhiRoW6\nRYsRuKCraa/zebLMJkcQy3Pub05aD2wAGsiJ5ylasXVlI7bZmvy1Th+b+tMRUyyY\nB/vqEMjWuYf3HljdPyEKto7mTaJpJGV2BZ1UfXyAHghbIoniobqj/uuzAc2pPVo3\n35I/CExUMsvfGaYq6iJ0RCXpUP2bOn/yg+i2Hz24SZmBSnrUzm5EuG2CSeKeOwTW\nFUM4M/XShwjc9OT5WkldGMsCAwEAAQ==\n-----END PUBLIC KEY-----\n",
            "rsa_bits": 4096
          },
          "sensitive_attributes": []
        }
      ]
    }
  ],
  "check_results": null
}
